Microsoft Visual Studio Solution File, Format Version 10.00
# Visual Studio 2008

Project("{B76E9CF8-EF62-BEDB-C97B-02C1B70B1059}") = "SocketTest", "SocketTest.csproj", "{6C7662B9-9AFB-D6FE-9F56-3734918FA3D2}"
EndProject
Global
	GlobalSection(SolutionConfigurationPlatforms) = preSolution
		Debug|Any CPU = Debug|Any CPU
		Release|Any CPU = Release|Any CPU
	EndGlobalSection
	GlobalSection(ProjectConfigurationPlatforms) = postSolution
		{6C7662B9-9AFB-D6FE-9F56-3734918FA3D2}.Debug|Any CPU.ActiveCfg = Debug|Any CPU
		{6C7662B9-9AFB-D6FE-9F56-3734918FA3D2}.Debug|Any CPU.Build.0 = Debug|Any CPU
		{6C7662B9-9AFB-D6FE-9F56-3734918FA3D2}.Release|Any CPU.ActiveCfg = Release|Any CPU
		{6C7662B9-9AFB-D6FE-9F56-3734918FA3D2}.Release|Any CPU.Build.0 = Release|Any CPU
	EndGlobalSection
	GlobalSection(SolutionProperties) = preSolution
		HideSolutionNode = FALSE
	EndGlobalSection
	
EndGlobal
