
Microsoft Visual Studio Solution File, Format Version 10.00
# Visual Studio 2008
Project("{8BC9CEB8-8B4A-11D0-8D11-00A0C91BC942}") = "CxxTest", "CxxTest\CxxTest.vcproj", "{8212F513-A58A-437C-9A47-A51AEDF7409A}"
EndProject
Project("{8BC9CEB8-8B4A-11D0-8D11-00A0C91BC942}") = "CxxRunner", "CxxRunner\CxxRunner.vcproj", "{0DE13022-534F-472C-8933-EF56A79252F0}"
	ProjectSection(ProjectDependencies) = postProject
		{8212F513-A58A-437C-9A47-A51AEDF7409A} = {8212F513-A58A-437C-9A47-A51AEDF7409A}
	EndProjectSection
EndProject
Project("{8BC9CEB8-8B4A-11D0-8D11-00A0C91BC942}") = "Test", "Test\Test.vcproj", "{2E48B94C-D5D1-4CBA-944D-22CE7F49DB92}"
	ProjectSection(ProjectDependencies) = postProject
		{8212F513-A58A-437C-9A47-A51AEDF7409A} = {8212F513-A58A-437C-9A47-A51AEDF7409A}
	EndProjectSection
EndProject
Global
	GlobalSection(SolutionConfigurationPlatforms) = preSolution
		Debug|Win32 = Debug|Win32
		Release|Win32 = Release|Win32
		Release-Debug|Win32 = Release-Debug|Win32
	EndGlobalSection
	GlobalSection(ProjectConfigurationPlatforms) = postSolution
		{0DE13022-534F-472C-8933-EF56A79252F0}.Debug|Win32.ActiveCfg = Debug|Win32
		{0DE13022-534F-472C-8933-EF56A79252F0}.Debug|Win32.Build.0 = Debug|Win32
		{0DE13022-534F-472C-8933-EF56A79252F0}.Release|Win32.ActiveCfg = Release|Win32
		{0DE13022-534F-472C-8933-EF56A79252F0}.Release|Win32.Build.0 = Release|Win32
		{0DE13022-534F-472C-8933-EF56A79252F0}.Release-Debug|Win32.ActiveCfg = Release|Win32
		{8212F513-A58A-437C-9A47-A51AEDF7409A}.Debug|Win32.ActiveCfg = Debug|Win32
		{8212F513-A58A-437C-9A47-A51AEDF7409A}.Debug|Win32.Build.0 = Debug|Win32
		{8212F513-A58A-437C-9A47-A51AEDF7409A}.Release|Win32.ActiveCfg = Release|Win32
		{8212F513-A58A-437C-9A47-A51AEDF7409A}.Release|Win32.Build.0 = Release|Win32
		{8212F513-A58A-437C-9A47-A51AEDF7409A}.Release-Debug|Win32.ActiveCfg = Release-Debug|Win32
		{8212F513-A58A-437C-9A47-A51AEDF7409A}.Release-Debug|Win32.Build.0 = Release-Debug|Win32
		{2E48B94C-D5D1-4CBA-944D-22CE7F49DB92}.Debug|Win32.ActiveCfg = Debug|Win32
		{2E48B94C-D5D1-4CBA-944D-22CE7F49DB92}.Debug|Win32.Build.0 = Debug|Win32
		{2E48B94C-D5D1-4CBA-944D-22CE7F49DB92}.Release|Win32.ActiveCfg = Release|Win32
		{2E48B94C-D5D1-4CBA-944D-22CE7F49DB92}.Release|Win32.Build.0 = Release|Win32
		{2E48B94C-D5D1-4CBA-944D-22CE7F49DB92}.Release-Debug|Win32.ActiveCfg = Release|Win32
	EndGlobalSection
	GlobalSection(SolutionProperties) = preSolution
		HideSolutionNode = FALSE
	EndGlobalSection
EndGlobal
