
Microsoft Visual Studio Solution File, Format Version 10.00
# Visual Studio 2008
Project("{FAE04EC0-301F-11D3-BF4B-00C04F79EFBC}") = "Simple", "Simple\Simple.csproj", "{F8C4DEB0-9F28-4618-9796-BCA2F6B43E07}"
EndProject
Global
	GlobalSection(SolutionConfigurationPlatforms) = preSolution
		Debug|Win32 = Debug|Win32
		Release|Win32 = Release|Win32
	EndGlobalSection
	GlobalSection(ProjectConfigurationPlatforms) = postSolution
		{F8C4DEB0-9F28-4618-9796-BCA2F6B43E07}.Debug|Win32.ActiveCfg = Debug|Win32
		{F8C4DEB0-9F28-4618-9796-BCA2F6B43E07}.Debug|Win32.Build.0 = Debug|Win32
		{F8C4DEB0-9F28-4618-9796-BCA2F6B43E07}.Release|Win32.ActiveCfg = Release|Win32
		{F8C4DEB0-9F28-4618-9796-BCA2F6B43E07}.Release|Win32.Build.0 = Release|Win32
	EndGlobalSection
	GlobalSection(SolutionProperties) = preSolution
		HideSolutionNode = FALSE
	EndGlobalSection
EndGlobal
