
Microsoft Visual Studio Solution File, Format Version 10.00
# Visual Studio 2008
Project("{8BC9CEB8-8B4A-11D0-8D11-00A0C91BC942}") = "UnityPWLauncher", "UnityPWLauncher.vcproj", "{05036C7A-18C6-4A79-BC31-3ABD5C3B0593}"
EndProject
Global
	GlobalSection(SolutionConfigurationPlatforms) = preSolution
		Debug|Win32 = Debug|Win32
		Release|Win32 = Release|Win32
	EndGlobalSection
	GlobalSection(ProjectConfigurationPlatforms) = postSolution
		{05036C7A-18C6-4A79-BC31-3ABD5C3B0593}.Debug|Win32.ActiveCfg = Debug|Win32
		{05036C7A-18C6-4A79-BC31-3ABD5C3B0593}.Debug|Win32.Build.0 = Debug|Win32
		{05036C7A-18C6-4A79-BC31-3ABD5C3B0593}.Release|Win32.ActiveCfg = Release|Win32
		{05036C7A-18C6-4A79-BC31-3ABD5C3B0593}.Release|Win32.Build.0 = Release|Win32
	EndGlobalSection
	GlobalSection(SolutionProperties) = preSolution
		HideSolutionNode = FALSE
	EndGlobalSection
EndGlobal
