
Microsoft Visual Studio Solution File, Format Version 11.00
# Visual Studio 2010
Project("{FAE04EC0-301F-11D3-BF4B-00C04F79EFBC}") = "StatisticService", "StatisticService\StatisticService.csproj", "{AFEC4B6E-C169-412A-89CA-D80B7B5B9FF2}"
EndProject
Project("{FAE04EC0-301F-11D3-BF4B-00C04F79EFBC}") = "DAL", "DAL\DAL.csproj", "{7951773E-1351-440A-81EE-E1A6A5769D26}"
EndProject
Project("{FAE04EC0-301F-11D3-BF4B-00C04F79EFBC}") = "BusinessLogic", "BusinessLogic\BusinessLogic.csproj", "{404C6432-668E-43E4-A42A-01C3BBBF1793}"
EndProject
Project("{FAE04EC0-301F-11D3-BF4B-00C04F79EFBC}") = "GameDataImporter", "GameDataImporter\GameDataImporter.csproj", "{FEE07F0C-DD3E-4B48-B23B-2E420BA06870}"
EndProject
Project("{FAE04EC0-301F-11D3-BF4B-00C04F79EFBC}") = "EditorLib", "..\..\Src\EditorLib\EditorLib.csproj", "{AEB9B15A-6C51-4B9B-8838-7254064A4E98}"
EndProject
Project("{FAE04EC0-301F-11D3-BF4B-00C04F79EFBC}") = "libdb.NET", "..\..\Src\libdb.NET\libdb.NET.csproj", "{2369C873-8C70-4197-8CAB-67D34C9D5412}"
EndProject
Project("{FAE04EC0-301F-11D3-BF4B-00C04F79EFBC}") = "Types.DBTypes", "..\..\Src\Types.DBTypes\Types.DBTypes.csproj", "{CB33BF48-712E-4EAB-8436-E64DC30CBCD7}"
EndProject
Project("{FAE04EC0-301F-11D3-BF4B-00C04F79EFBC}") = "PF_Types.DBTypes", "..\..\Src\PF_Types.DBTypes\PF_Types.DBTypes.csproj", "{66E75FE1-7475-4096-B532-F8F8C033FE9A}"
EndProject
Project("{FAE04EC0-301F-11D3-BF4B-00C04F79EFBC}") = "Win32", "..\..\Src\Win32\Win32.csproj", "{7398874F-AEA0-4A0E-8239-E3A6668A3712}"
EndProject
Project("{FAE04EC0-301F-11D3-BF4B-00C04F79EFBC}") = "DataLogging", "DataLogging\DataLogging.csproj", "{2FAA8FEF-186A-4018-BCD2-4812CDAFAB6F}"
EndProject
Project("{FAE04EC0-301F-11D3-BF4B-00C04F79EFBC}") = "StatisticCore", "StatisticCore\StatisticCore.csproj", "{AF4F2F71-C9DE-4226-A235-1865F766198B}"
EndProject
Project("{FAE04EC0-301F-11D3-BF4B-00C04F79EFBC}") = "ThriftClient", "ThriftClient\ThriftClient.csproj", "{C8766B39-D76F-450E-8FE5-BF3C04E6C367}"
EndProject
Project("{FAE04EC0-301F-11D3-BF4B-00C04F79EFBC}") = "MonitoringLib", "MonitoringLib\MonitoringLib.csproj", "{B6325AFF-BF61-4ACA-BE89-0C15E3452B22}"
EndProject
Project("{FAE04EC0-301F-11D3-BF4B-00C04F79EFBC}") = "ToolsServer", "ToolsServer\ToolsServer.csproj", "{B85648CE-8DD6-4176-9049-4F200D8B9608}"
EndProject
Project("{FAE04EC0-301F-11D3-BF4B-00C04F79EFBC}") = "MonitoringService", "MonitoringService\MonitoringService.csproj", "{E0FAB315-A48D-4F32-946B-59471749F489}"
EndProject
Project("{FAE04EC0-301F-11D3-BF4B-00C04F79EFBC}") = "MonitoringService.Tests", "MonitoringService.Tests\MonitoringService.Tests.csproj", "{B7E8F7D4-6E37-4DA6-8F6B-DCDE73F9E0F4}"
EndProject
Project("{FAE04EC0-301F-11D3-BF4B-00C04F79EFBC}") = "DataLogging.Tests", "DataLogging.Tests\DataLogging.Tests.csproj", "{B5DE41B2-F957-48EA-851E-87DEFAE079E0}"
EndProject
Project("{FAE04EC0-301F-11D3-BF4B-00C04F79EFBC}") = "BusinessLogic.Tests", "BusinessLogic.Tests\BusinessLogic.Tests.csproj", "{CCF1ADBE-B8AA-44BC-9C81-A09F64172F7F}"
EndProject
Project("{FAE04EC0-301F-11D3-BF4B-00C04F79EFBC}") = "StatisticService.LoadTests", "StatisticService.LoadTests\StatisticService.LoadTests.csproj", "{A689BE51-4448-4F09-97C9-4EAE60D36E41}"
EndProject
Project("{FAE04EC0-301F-11D3-BF4B-00C04F79EFBC}") = "DAL.Tests", "DAL.Tests\DAL.Tests.csproj", "{D5E46276-46D7-4823-A792-DA6D53F6E2C3}"
EndProject
Project("{FAE04EC0-301F-11D3-BF4B-00C04F79EFBC}") = "KontagentLib", "KontagentLib\KontagentLib.csproj", "{7E1D5B50-3D77-4065-8FA1-0A460724A401}"
EndProject
Project("{FAE04EC0-301F-11D3-BF4B-00C04F79EFBC}") = "KontagentLib.Tests", "KontagentLib.Tests\KontagentLib.Tests.csproj", "{59A361ED-A215-47C6-9ACE-9440AE8DC5C4}"
EndProject
Project("{FAE04EC0-301F-11D3-BF4B-00C04F79EFBC}") = "SocialTypes.DBTypes", "..\..\Src\SocialTypes.DBTypes\SocialTypes.DBTypes.csproj", "{E1B1F76B-5499-4725-AB2C-A2F76356D684}"
EndProject
Global
	GlobalSection(SolutionConfigurationPlatforms) = preSolution
		Debug|Any CPU = Debug|Any CPU
		Debug|Mixed Platforms = Debug|Mixed Platforms
		Debug|Win32 = Debug|Win32
		Debug|x86 = Debug|x86
		Release|Any CPU = Release|Any CPU
		Release|Mixed Platforms = Release|Mixed Platforms
		Release|Win32 = Release|Win32
		Release|x86 = Release|x86
		ReleaseSingleExe|Any CPU = ReleaseSingleExe|Any CPU
		ReleaseSingleExe|Mixed Platforms = ReleaseSingleExe|Mixed Platforms
		ReleaseSingleExe|Win32 = ReleaseSingleExe|Win32
		ReleaseSingleExe|x86 = ReleaseSingleExe|x86
		Shipping|Any CPU = Shipping|Any CPU
		Shipping|Mixed Platforms = Shipping|Mixed Platforms
		Shipping|Win32 = Shipping|Win32
		Shipping|x86 = Shipping|x86
		ShippingSingleExe|Any CPU = ShippingSingleExe|Any CPU
		ShippingSingleExe|Mixed Platforms = ShippingSingleExe|Mixed Platforms
		ShippingSingleExe|Win32 = ShippingSingleExe|Win32
		ShippingSingleExe|x86 = ShippingSingleExe|x86
		StaticDebug|Any CPU = StaticDebug|Any CPU
		StaticDebug|Mixed Platforms = StaticDebug|Mixed Platforms
		StaticDebug|Win32 = StaticDebug|Win32
		StaticDebug|x86 = StaticDebug|x86
		StaticRelease|Any CPU = StaticRelease|Any CPU
		StaticRelease|Mixed Platforms = StaticRelease|Mixed Platforms
		StaticRelease|Win32 = StaticRelease|Win32
		StaticRelease|x86 = StaticRelease|x86
	EndGlobalSection
	GlobalSection(ProjectConfigurationPlatforms) = postSolution
		{AFEC4B6E-C169-412A-89CA-D80B7B5B9FF2}.Debug|Any CPU.ActiveCfg = Debug|Any CPU
		{AFEC4B6E-C169-412A-89CA-D80B7B5B9FF2}.Debug|Any CPU.Build.0 = Debug|Any CPU
		{AFEC4B6E-C169-412A-89CA-D80B7B5B9FF2}.Debug|Mixed Platforms.ActiveCfg = Debug|Any CPU
		{AFEC4B6E-C169-412A-89CA-D80B7B5B9FF2}.Debug|Mixed Platforms.Build.0 = Debug|Any CPU
		{AFEC4B6E-C169-412A-89CA-D80B7B5B9FF2}.Debug|Win32.ActiveCfg = Debug|Any CPU
		{AFEC4B6E-C169-412A-89CA-D80B7B5B9FF2}.Debug|x86.ActiveCfg = Debug|Any CPU
		{AFEC4B6E-C169-412A-89CA-D80B7B5B9FF2}.Release|Any CPU.ActiveCfg = Release|Any CPU
		{AFEC4B6E-C169-412A-89CA-D80B7B5B9FF2}.Release|Any CPU.Build.0 = Release|Any CPU
		{AFEC4B6E-C169-412A-89CA-D80B7B5B9FF2}.Release|Mixed Platforms.ActiveCfg = Release|Any CPU
		{AFEC4B6E-C169-412A-89CA-D80B7B5B9FF2}.Release|Mixed Platforms.Build.0 = Release|Any CPU
		{AFEC4B6E-C169-412A-89CA-D80B7B5B9FF2}.Release|Win32.ActiveCfg = Release|Any CPU
		{AFEC4B6E-C169-412A-89CA-D80B7B5B9FF2}.Release|x86.ActiveCfg = Release|Any CPU
		{AFEC4B6E-C169-412A-89CA-D80B7B5B9FF2}.ReleaseSingleExe|Any CPU.ActiveCfg = Release|Any CPU
		{AFEC4B6E-C169-412A-89CA-D80B7B5B9FF2}.ReleaseSingleExe|Any CPU.Build.0 = Release|Any CPU
		{AFEC4B6E-C169-412A-89CA-D80B7B5B9FF2}.ReleaseSingleExe|Mixed Platforms.ActiveCfg = Release|Any CPU
		{AFEC4B6E-C169-412A-89CA-D80B7B5B9FF2}.ReleaseSingleExe|Mixed Platforms.Build.0 = Release|Any CPU
		{AFEC4B6E-C169-412A-89CA-D80B7B5B9FF2}.ReleaseSingleExe|Win32.ActiveCfg = Release|Any CPU
		{AFEC4B6E-C169-412A-89CA-D80B7B5B9FF2}.ReleaseSingleExe|x86.ActiveCfg = Release|Any CPU
		{AFEC4B6E-C169-412A-89CA-D80B7B5B9FF2}.Shipping|Any CPU.ActiveCfg = Release|Any CPU
		{AFEC4B6E-C169-412A-89CA-D80B7B5B9FF2}.Shipping|Any CPU.Build.0 = Release|Any CPU
		{AFEC4B6E-C169-412A-89CA-D80B7B5B9FF2}.Shipping|Mixed Platforms.ActiveCfg = Release|Any CPU
		{AFEC4B6E-C169-412A-89CA-D80B7B5B9FF2}.Shipping|Mixed Platforms.Build.0 = Release|Any CPU
		{AFEC4B6E-C169-412A-89CA-D80B7B5B9FF2}.Shipping|Win32.ActiveCfg = Release|Any CPU
		{AFEC4B6E-C169-412A-89CA-D80B7B5B9FF2}.Shipping|x86.ActiveCfg = Release|Any CPU
		{AFEC4B6E-C169-412A-89CA-D80B7B5B9FF2}.ShippingSingleExe|Any CPU.ActiveCfg = Release|Any CPU
		{AFEC4B6E-C169-412A-89CA-D80B7B5B9FF2}.ShippingSingleExe|Any CPU.Build.0 = Release|Any CPU
		{AFEC4B6E-C169-412A-89CA-D80B7B5B9FF2}.ShippingSingleExe|Mixed Platforms.ActiveCfg = Release|Any CPU
		{AFEC4B6E-C169-412A-89CA-D80B7B5B9FF2}.ShippingSingleExe|Mixed Platforms.Build.0 = Release|Any CPU
		{AFEC4B6E-C169-412A-89CA-D80B7B5B9FF2}.ShippingSingleExe|Win32.ActiveCfg = Release|Any CPU
		{AFEC4B6E-C169-412A-89CA-D80B7B5B9FF2}.ShippingSingleExe|x86.ActiveCfg = Release|Any CPU
		{AFEC4B6E-C169-412A-89CA-D80B7B5B9FF2}.StaticDebug|Any CPU.ActiveCfg = Debug|Any CPU
		{AFEC4B6E-C169-412A-89CA-D80B7B5B9FF2}.StaticDebug|Any CPU.Build.0 = Debug|Any CPU
		{AFEC4B6E-C169-412A-89CA-D80B7B5B9FF2}.StaticDebug|Mixed Platforms.ActiveCfg = Debug|Any CPU
		{AFEC4B6E-C169-412A-89CA-D80B7B5B9FF2}.StaticDebug|Mixed Platforms.Build.0 = Debug|Any CPU
		{AFEC4B6E-C169-412A-89CA-D80B7B5B9FF2}.StaticDebug|Win32.ActiveCfg = Debug|Any CPU
		{AFEC4B6E-C169-412A-89CA-D80B7B5B9FF2}.StaticDebug|x86.ActiveCfg = Debug|Any CPU
		{AFEC4B6E-C169-412A-89CA-D80B7B5B9FF2}.StaticRelease|Any CPU.ActiveCfg = Release|Any CPU
		{AFEC4B6E-C169-412A-89CA-D80B7B5B9FF2}.StaticRelease|Any CPU.Build.0 = Release|Any CPU
		{AFEC4B6E-C169-412A-89CA-D80B7B5B9FF2}.StaticRelease|Mixed Platforms.ActiveCfg = Release|Any CPU
		{AFEC4B6E-C169-412A-89CA-D80B7B5B9FF2}.StaticRelease|Mixed Platforms.Build.0 = Release|Any CPU
		{AFEC4B6E-C169-412A-89CA-D80B7B5B9FF2}.StaticRelease|Win32.ActiveCfg = Release|Any CPU
		{AFEC4B6E-C169-412A-89CA-D80B7B5B9FF2}.StaticRelease|x86.ActiveCfg = Release|Any CPU
		{7951773E-1351-440A-81EE-E1A6A5769D26}.Debug|Any CPU.ActiveCfg = Debug|Any CPU
		{7951773E-1351-440A-81EE-E1A6A5769D26}.Debug|Any CPU.Build.0 = Debug|Any CPU
		{7951773E-1351-440A-81EE-E1A6A5769D26}.Debug|Mixed Platforms.ActiveCfg = Debug|Any CPU
		{7951773E-1351-440A-81EE-E1A6A5769D26}.Debug|Mixed Platforms.Build.0 = Debug|Any CPU
		{7951773E-1351-440A-81EE-E1A6A5769D26}.Debug|Win32.ActiveCfg = Debug|Any CPU
		{7951773E-1351-440A-81EE-E1A6A5769D26}.Debug|x86.ActiveCfg = Debug|Any CPU
		{7951773E-1351-440A-81EE-E1A6A5769D26}.Release|Any CPU.ActiveCfg = Release|Any CPU
		{7951773E-1351-440A-81EE-E1A6A5769D26}.Release|Any CPU.Build.0 = Release|Any CPU
		{7951773E-1351-440A-81EE-E1A6A5769D26}.Release|Mixed Platforms.ActiveCfg = Release|Any CPU
		{7951773E-1351-440A-81EE-E1A6A5769D26}.Release|Mixed Platforms.Build.0 = Release|Any CPU
		{7951773E-1351-440A-81EE-E1A6A5769D26}.Release|Win32.ActiveCfg = Release|Any CPU
		{7951773E-1351-440A-81EE-E1A6A5769D26}.Release|x86.ActiveCfg = Release|Any CPU
		{7951773E-1351-440A-81EE-E1A6A5769D26}.ReleaseSingleExe|Any CPU.ActiveCfg = Release|Any CPU
		{7951773E-1351-440A-81EE-E1A6A5769D26}.ReleaseSingleExe|Any CPU.Build.0 = Release|Any CPU
		{7951773E-1351-440A-81EE-E1A6A5769D26}.ReleaseSingleExe|Mixed Platforms.ActiveCfg = Release|Any CPU
		{7951773E-1351-440A-81EE-E1A6A5769D26}.ReleaseSingleExe|Mixed Platforms.Build.0 = Release|Any CPU
		{7951773E-1351-440A-81EE-E1A6A5769D26}.ReleaseSingleExe|Win32.ActiveCfg = Release|Any CPU
		{7951773E-1351-440A-81EE-E1A6A5769D26}.ReleaseSingleExe|x86.ActiveCfg = Release|Any CPU
		{7951773E-1351-440A-81EE-E1A6A5769D26}.Shipping|Any CPU.ActiveCfg = Release|Any CPU
		{7951773E-1351-440A-81EE-E1A6A5769D26}.Shipping|Any CPU.Build.0 = Release|Any CPU
		{7951773E-1351-440A-81EE-E1A6A5769D26}.Shipping|Mixed Platforms.ActiveCfg = Release|Any CPU
		{7951773E-1351-440A-81EE-E1A6A5769D26}.Shipping|Mixed Platforms.Build.0 = Release|Any CPU
		{7951773E-1351-440A-81EE-E1A6A5769D26}.Shipping|Win32.ActiveCfg = Release|Any CPU
		{7951773E-1351-440A-81EE-E1A6A5769D26}.Shipping|x86.ActiveCfg = Release|Any CPU
		{7951773E-1351-440A-81EE-E1A6A5769D26}.ShippingSingleExe|Any CPU.ActiveCfg = Release|Any CPU
		{7951773E-1351-440A-81EE-E1A6A5769D26}.ShippingSingleExe|Any CPU.Build.0 = Release|Any CPU
		{7951773E-1351-440A-81EE-E1A6A5769D26}.ShippingSingleExe|Mixed Platforms.ActiveCfg = Release|Any CPU
		{7951773E-1351-440A-81EE-E1A6A5769D26}.ShippingSingleExe|Mixed Platforms.Build.0 = Release|Any CPU
		{7951773E-1351-440A-81EE-E1A6A5769D26}.ShippingSingleExe|Win32.ActiveCfg = Release|Any CPU
		{7951773E-1351-440A-81EE-E1A6A5769D26}.ShippingSingleExe|x86.ActiveCfg = Release|Any CPU
		{7951773E-1351-440A-81EE-E1A6A5769D26}.StaticDebug|Any CPU.ActiveCfg = Debug|Any CPU
		{7951773E-1351-440A-81EE-E1A6A5769D26}.StaticDebug|Any CPU.Build.0 = Debug|Any CPU
		{7951773E-1351-440A-81EE-E1A6A5769D26}.StaticDebug|Mixed Platforms.ActiveCfg = Debug|Any CPU
		{7951773E-1351-440A-81EE-E1A6A5769D26}.StaticDebug|Mixed Platforms.Build.0 = Debug|Any CPU
		{7951773E-1351-440A-81EE-E1A6A5769D26}.StaticDebug|Win32.ActiveCfg = Debug|Any CPU
		{7951773E-1351-440A-81EE-E1A6A5769D26}.StaticDebug|x86.ActiveCfg = Debug|Any CPU
		{7951773E-1351-440A-81EE-E1A6A5769D26}.StaticRelease|Any CPU.ActiveCfg = Release|Any CPU
		{7951773E-1351-440A-81EE-E1A6A5769D26}.StaticRelease|Any CPU.Build.0 = Release|Any CPU
		{7951773E-1351-440A-81EE-E1A6A5769D26}.StaticRelease|Mixed Platforms.ActiveCfg = Release|Any CPU
		{7951773E-1351-440A-81EE-E1A6A5769D26}.StaticRelease|Mixed Platforms.Build.0 = Release|Any CPU
		{7951773E-1351-440A-81EE-E1A6A5769D26}.StaticRelease|Win32.ActiveCfg = Release|Any CPU
		{7951773E-1351-440A-81EE-E1A6A5769D26}.StaticRelease|x86.ActiveCfg = Release|Any CPU
		{404C6432-668E-43E4-A42A-01C3BBBF1793}.Debug|Any CPU.ActiveCfg = Debug|Any CPU
		{404C6432-668E-43E4-A42A-01C3BBBF1793}.Debug|Any CPU.Build.0 = Debug|Any CPU
		{404C6432-668E-43E4-A42A-01C3BBBF1793}.Debug|Mixed Platforms.ActiveCfg = Debug|Any CPU
		{404C6432-668E-43E4-A42A-01C3BBBF1793}.Debug|Mixed Platforms.Build.0 = Debug|Any CPU
		{404C6432-668E-43E4-A42A-01C3BBBF1793}.Debug|Win32.ActiveCfg = Debug|Any CPU
		{404C6432-668E-43E4-A42A-01C3BBBF1793}.Debug|x86.ActiveCfg = Debug|Any CPU
		{404C6432-668E-43E4-A42A-01C3BBBF1793}.Release|Any CPU.ActiveCfg = Release|Any CPU
		{404C6432-668E-43E4-A42A-01C3BBBF1793}.Release|Any CPU.Build.0 = Release|Any CPU
		{404C6432-668E-43E4-A42A-01C3BBBF1793}.Release|Mixed Platforms.ActiveCfg = Release|Any CPU
		{404C6432-668E-43E4-A42A-01C3BBBF1793}.Release|Mixed Platforms.Build.0 = Release|Any CPU
		{404C6432-668E-43E4-A42A-01C3BBBF1793}.Release|Win32.ActiveCfg = Release|Any CPU
		{404C6432-668E-43E4-A42A-01C3BBBF1793}.Release|x86.ActiveCfg = Release|Any CPU
		{404C6432-668E-43E4-A42A-01C3BBBF1793}.ReleaseSingleExe|Any CPU.ActiveCfg = Release|Any CPU
		{404C6432-668E-43E4-A42A-01C3BBBF1793}.ReleaseSingleExe|Any CPU.Build.0 = Release|Any CPU
		{404C6432-668E-43E4-A42A-01C3BBBF1793}.ReleaseSingleExe|Mixed Platforms.ActiveCfg = Release|Any CPU
		{404C6432-668E-43E4-A42A-01C3BBBF1793}.ReleaseSingleExe|Mixed Platforms.Build.0 = Release|Any CPU
		{404C6432-668E-43E4-A42A-01C3BBBF1793}.ReleaseSingleExe|Win32.ActiveCfg = Release|Any CPU
		{404C6432-668E-43E4-A42A-01C3BBBF1793}.ReleaseSingleExe|x86.ActiveCfg = Release|Any CPU
		{404C6432-668E-43E4-A42A-01C3BBBF1793}.Shipping|Any CPU.ActiveCfg = Release|Any CPU
		{404C6432-668E-43E4-A42A-01C3BBBF1793}.Shipping|Any CPU.Build.0 = Release|Any CPU
		{404C6432-668E-43E4-A42A-01C3BBBF1793}.Shipping|Mixed Platforms.ActiveCfg = Release|Any CPU
		{404C6432-668E-43E4-A42A-01C3BBBF1793}.Shipping|Mixed Platforms.Build.0 = Release|Any CPU
		{404C6432-668E-43E4-A42A-01C3BBBF1793}.Shipping|Win32.ActiveCfg = Release|Any CPU
		{404C6432-668E-43E4-A42A-01C3BBBF1793}.Shipping|x86.ActiveCfg = Release|Any CPU
		{404C6432-668E-43E4-A42A-01C3BBBF1793}.ShippingSingleExe|Any CPU.ActiveCfg = Release|Any CPU
		{404C6432-668E-43E4-A42A-01C3BBBF1793}.ShippingSingleExe|Any CPU.Build.0 = Release|Any CPU
		{404C6432-668E-43E4-A42A-01C3BBBF1793}.ShippingSingleExe|Mixed Platforms.ActiveCfg = Release|Any CPU
		{404C6432-668E-43E4-A42A-01C3BBBF1793}.ShippingSingleExe|Mixed Platforms.Build.0 = Release|Any CPU
		{404C6432-668E-43E4-A42A-01C3BBBF1793}.ShippingSingleExe|Win32.ActiveCfg = Release|Any CPU
		{404C6432-668E-43E4-A42A-01C3BBBF1793}.ShippingSingleExe|x86.ActiveCfg = Release|Any CPU
		{404C6432-668E-43E4-A42A-01C3BBBF1793}.StaticDebug|Any CPU.ActiveCfg = Debug|Any CPU
		{404C6432-668E-43E4-A42A-01C3BBBF1793}.StaticDebug|Any CPU.Build.0 = Debug|Any CPU
		{404C6432-668E-43E4-A42A-01C3BBBF1793}.StaticDebug|Mixed Platforms.ActiveCfg = Debug|Any CPU
		{404C6432-668E-43E4-A42A-01C3BBBF1793}.StaticDebug|Mixed Platforms.Build.0 = Debug|Any CPU
		{404C6432-668E-43E4-A42A-01C3BBBF1793}.StaticDebug|Win32.ActiveCfg = Debug|Any CPU
		{404C6432-668E-43E4-A42A-01C3BBBF1793}.StaticDebug|x86.ActiveCfg = Debug|Any CPU
		{404C6432-668E-43E4-A42A-01C3BBBF1793}.StaticRelease|Any CPU.ActiveCfg = Release|Any CPU
		{404C6432-668E-43E4-A42A-01C3BBBF1793}.StaticRelease|Any CPU.Build.0 = Release|Any CPU
		{404C6432-668E-43E4-A42A-01C3BBBF1793}.StaticRelease|Mixed Platforms.ActiveCfg = Release|Any CPU
		{404C6432-668E-43E4-A42A-01C3BBBF1793}.StaticRelease|Mixed Platforms.Build.0 = Release|Any CPU
		{404C6432-668E-43E4-A42A-01C3BBBF1793}.StaticRelease|Win32.ActiveCfg = Release|Any CPU
		{404C6432-668E-43E4-A42A-01C3BBBF1793}.StaticRelease|x86.ActiveCfg = Release|Any CPU
		{FEE07F0C-DD3E-4B48-B23B-2E420BA06870}.Debug|Any CPU.ActiveCfg = Debug|Any CPU
		{FEE07F0C-DD3E-4B48-B23B-2E420BA06870}.Debug|Any CPU.Build.0 = Debug|Any CPU
		{FEE07F0C-DD3E-4B48-B23B-2E420BA06870}.Debug|Mixed Platforms.ActiveCfg = Debug|Any CPU
		{FEE07F0C-DD3E-4B48-B23B-2E420BA06870}.Debug|Mixed Platforms.Build.0 = Debug|Any CPU
		{FEE07F0C-DD3E-4B48-B23B-2E420BA06870}.Debug|Win32.ActiveCfg = Debug|Any CPU
		{FEE07F0C-DD3E-4B48-B23B-2E420BA06870}.Debug|x86.ActiveCfg = Debug|Any CPU
		{FEE07F0C-DD3E-4B48-B23B-2E420BA06870}.Release|Any CPU.ActiveCfg = Release|Any CPU
		{FEE07F0C-DD3E-4B48-B23B-2E420BA06870}.Release|Any CPU.Build.0 = Release|Any CPU
		{FEE07F0C-DD3E-4B48-B23B-2E420BA06870}.Release|Mixed Platforms.ActiveCfg = Release|Any CPU
		{FEE07F0C-DD3E-4B48-B23B-2E420BA06870}.Release|Mixed Platforms.Build.0 = Release|Any CPU
		{FEE07F0C-DD3E-4B48-B23B-2E420BA06870}.Release|Win32.ActiveCfg = Release|Any CPU
		{FEE07F0C-DD3E-4B48-B23B-2E420BA06870}.Release|x86.ActiveCfg = Release|Any CPU
		{FEE07F0C-DD3E-4B48-B23B-2E420BA06870}.ReleaseSingleExe|Any CPU.ActiveCfg = Release|Any CPU
		{FEE07F0C-DD3E-4B48-B23B-2E420BA06870}.ReleaseSingleExe|Any CPU.Build.0 = Release|Any CPU
		{FEE07F0C-DD3E-4B48-B23B-2E420BA06870}.ReleaseSingleExe|Mixed Platforms.ActiveCfg = Release|Any CPU
		{FEE07F0C-DD3E-4B48-B23B-2E420BA06870}.ReleaseSingleExe|Mixed Platforms.Build.0 = Release|Any CPU
		{FEE07F0C-DD3E-4B48-B23B-2E420BA06870}.ReleaseSingleExe|Win32.ActiveCfg = Release|Any CPU
		{FEE07F0C-DD3E-4B48-B23B-2E420BA06870}.ReleaseSingleExe|x86.ActiveCfg = Release|Any CPU
		{FEE07F0C-DD3E-4B48-B23B-2E420BA06870}.Shipping|Any CPU.ActiveCfg = Release|Any CPU
		{FEE07F0C-DD3E-4B48-B23B-2E420BA06870}.Shipping|Any CPU.Build.0 = Release|Any CPU
		{FEE07F0C-DD3E-4B48-B23B-2E420BA06870}.Shipping|Mixed Platforms.ActiveCfg = Release|Any CPU
		{FEE07F0C-DD3E-4B48-B23B-2E420BA06870}.Shipping|Mixed Platforms.Build.0 = Release|Any CPU
		{FEE07F0C-DD3E-4B48-B23B-2E420BA06870}.Shipping|Win32.ActiveCfg = Release|Any CPU
		{FEE07F0C-DD3E-4B48-B23B-2E420BA06870}.Shipping|x86.ActiveCfg = Release|Any CPU
		{FEE07F0C-DD3E-4B48-B23B-2E420BA06870}.ShippingSingleExe|Any CPU.ActiveCfg = Release|Any CPU
		{FEE07F0C-DD3E-4B48-B23B-2E420BA06870}.ShippingSingleExe|Any CPU.Build.0 = Release|Any CPU
		{FEE07F0C-DD3E-4B48-B23B-2E420BA06870}.ShippingSingleExe|Mixed Platforms.ActiveCfg = Release|Any CPU
		{FEE07F0C-DD3E-4B48-B23B-2E420BA06870}.ShippingSingleExe|Mixed Platforms.Build.0 = Release|Any CPU
		{FEE07F0C-DD3E-4B48-B23B-2E420BA06870}.ShippingSingleExe|Win32.ActiveCfg = Release|Any CPU
		{FEE07F0C-DD3E-4B48-B23B-2E420BA06870}.ShippingSingleExe|x86.ActiveCfg = Release|Any CPU
		{FEE07F0C-DD3E-4B48-B23B-2E420BA06870}.StaticDebug|Any CPU.ActiveCfg = Debug|Any CPU
		{FEE07F0C-DD3E-4B48-B23B-2E420BA06870}.StaticDebug|Any CPU.Build.0 = Debug|Any CPU
		{FEE07F0C-DD3E-4B48-B23B-2E420BA06870}.StaticDebug|Mixed Platforms.ActiveCfg = Debug|Any CPU
		{FEE07F0C-DD3E-4B48-B23B-2E420BA06870}.StaticDebug|Mixed Platforms.Build.0 = Debug|Any CPU
		{FEE07F0C-DD3E-4B48-B23B-2E420BA06870}.StaticDebug|Win32.ActiveCfg = Debug|Any CPU
		{FEE07F0C-DD3E-4B48-B23B-2E420BA06870}.StaticDebug|x86.ActiveCfg = Debug|Any CPU
		{FEE07F0C-DD3E-4B48-B23B-2E420BA06870}.StaticRelease|Any CPU.ActiveCfg = Release|Any CPU
		{FEE07F0C-DD3E-4B48-B23B-2E420BA06870}.StaticRelease|Any CPU.Build.0 = Release|Any CPU
		{FEE07F0C-DD3E-4B48-B23B-2E420BA06870}.StaticRelease|Mixed Platforms.ActiveCfg = Release|Any CPU
		{FEE07F0C-DD3E-4B48-B23B-2E420BA06870}.StaticRelease|Mixed Platforms.Build.0 = Release|Any CPU
		{FEE07F0C-DD3E-4B48-B23B-2E420BA06870}.StaticRelease|Win32.ActiveCfg = Release|Any CPU
		{FEE07F0C-DD3E-4B48-B23B-2E420BA06870}.StaticRelease|x86.ActiveCfg = Release|Any CPU
		{AEB9B15A-6C51-4B9B-8838-7254064A4E98}.Debug|Any CPU.ActiveCfg = Debug|Win32
		{AEB9B15A-6C51-4B9B-8838-7254064A4E98}.Debug|Mixed Platforms.ActiveCfg = Debug|Win32
		{AEB9B15A-6C51-4B9B-8838-7254064A4E98}.Debug|Mixed Platforms.Build.0 = Debug|Win32
		{AEB9B15A-6C51-4B9B-8838-7254064A4E98}.Debug|Win32.ActiveCfg = Debug|Win32
		{AEB9B15A-6C51-4B9B-8838-7254064A4E98}.Debug|Win32.Build.0 = Debug|Win32
		{AEB9B15A-6C51-4B9B-8838-7254064A4E98}.Debug|x86.ActiveCfg = Debug|Win32
		{AEB9B15A-6C51-4B9B-8838-7254064A4E98}.Release|Any CPU.ActiveCfg = Release|Win32
		{AEB9B15A-6C51-4B9B-8838-7254064A4E98}.Release|Mixed Platforms.ActiveCfg = Release|Win32
		{AEB9B15A-6C51-4B9B-8838-7254064A4E98}.Release|Mixed Platforms.Build.0 = Release|Win32
		{AEB9B15A-6C51-4B9B-8838-7254064A4E98}.Release|Win32.ActiveCfg = Release|Win32
		{AEB9B15A-6C51-4B9B-8838-7254064A4E98}.Release|Win32.Build.0 = Release|Win32
		{AEB9B15A-6C51-4B9B-8838-7254064A4E98}.Release|x86.ActiveCfg = Release|Win32
		{AEB9B15A-6C51-4B9B-8838-7254064A4E98}.ReleaseSingleExe|Any CPU.ActiveCfg = ReleaseSingleExe|Win32
		{AEB9B15A-6C51-4B9B-8838-7254064A4E98}.ReleaseSingleExe|Mixed Platforms.ActiveCfg = ReleaseSingleExe|Win32
		{AEB9B15A-6C51-4B9B-8838-7254064A4E98}.ReleaseSingleExe|Mixed Platforms.Build.0 = ReleaseSingleExe|Win32
		{AEB9B15A-6C51-4B9B-8838-7254064A4E98}.ReleaseSingleExe|Win32.ActiveCfg = ReleaseSingleExe|Win32
		{AEB9B15A-6C51-4B9B-8838-7254064A4E98}.ReleaseSingleExe|Win32.Build.0 = ReleaseSingleExe|Win32
		{AEB9B15A-6C51-4B9B-8838-7254064A4E98}.ReleaseSingleExe|x86.ActiveCfg = ReleaseSingleExe|Win32
		{AEB9B15A-6C51-4B9B-8838-7254064A4E98}.Shipping|Any CPU.ActiveCfg = Shipping|Win32
		{AEB9B15A-6C51-4B9B-8838-7254064A4E98}.Shipping|Mixed Platforms.ActiveCfg = Shipping|Win32
		{AEB9B15A-6C51-4B9B-8838-7254064A4E98}.Shipping|Mixed Platforms.Build.0 = Shipping|Win32
		{AEB9B15A-6C51-4B9B-8838-7254064A4E98}.Shipping|Win32.ActiveCfg = Shipping|Win32
		{AEB9B15A-6C51-4B9B-8838-7254064A4E98}.Shipping|Win32.Build.0 = Shipping|Win32
		{AEB9B15A-6C51-4B9B-8838-7254064A4E98}.Shipping|x86.ActiveCfg = Shipping|Win32
		{AEB9B15A-6C51-4B9B-8838-7254064A4E98}.ShippingSingleExe|Any CPU.ActiveCfg = ShippingSingleExe|Win32
		{AEB9B15A-6C51-4B9B-8838-7254064A4E98}.ShippingSingleExe|Mixed Platforms.ActiveCfg = ShippingSingleExe|Win32
		{AEB9B15A-6C51-4B9B-8838-7254064A4E98}.ShippingSingleExe|Mixed Platforms.Build.0 = ShippingSingleExe|Win32
		{AEB9B15A-6C51-4B9B-8838-7254064A4E98}.ShippingSingleExe|Win32.ActiveCfg = ShippingSingleExe|Win32
		{AEB9B15A-6C51-4B9B-8838-7254064A4E98}.ShippingSingleExe|Win32.Build.0 = ShippingSingleExe|Win32
		{AEB9B15A-6C51-4B9B-8838-7254064A4E98}.ShippingSingleExe|x86.ActiveCfg = ShippingSingleExe|Win32
		{AEB9B15A-6C51-4B9B-8838-7254064A4E98}.StaticDebug|Any CPU.ActiveCfg = Debug|Win32
		{AEB9B15A-6C51-4B9B-8838-7254064A4E98}.StaticDebug|Mixed Platforms.ActiveCfg = Debug|Win32
		{AEB9B15A-6C51-4B9B-8838-7254064A4E98}.StaticDebug|Mixed Platforms.Build.0 = Debug|Win32
		{AEB9B15A-6C51-4B9B-8838-7254064A4E98}.StaticDebug|Win32.ActiveCfg = Debug|Win32
		{AEB9B15A-6C51-4B9B-8838-7254064A4E98}.StaticDebug|Win32.Build.0 = Debug|Win32
		{AEB9B15A-6C51-4B9B-8838-7254064A4E98}.StaticDebug|x86.ActiveCfg = Debug|Win32
		{AEB9B15A-6C51-4B9B-8838-7254064A4E98}.StaticRelease|Any CPU.ActiveCfg = Release|Win32
		{AEB9B15A-6C51-4B9B-8838-7254064A4E98}.StaticRelease|Mixed Platforms.ActiveCfg = Release|Win32
		{AEB9B15A-6C51-4B9B-8838-7254064A4E98}.StaticRelease|Mixed Platforms.Build.0 = Release|Win32
		{AEB9B15A-6C51-4B9B-8838-7254064A4E98}.StaticRelease|Win32.ActiveCfg = Release|Win32
		{AEB9B15A-6C51-4B9B-8838-7254064A4E98}.StaticRelease|Win32.Build.0 = Release|Win32
		{AEB9B15A-6C51-4B9B-8838-7254064A4E98}.StaticRelease|x86.ActiveCfg = Release|Win32
		{2369C873-8C70-4197-8CAB-67D34C9D5412}.Debug|Any CPU.ActiveCfg = Debug|Win32
		{2369C873-8C70-4197-8CAB-67D34C9D5412}.Debug|Mixed Platforms.ActiveCfg = Debug|Win32
		{2369C873-8C70-4197-8CAB-67D34C9D5412}.Debug|Mixed Platforms.Build.0 = Debug|Win32
		{2369C873-8C70-4197-8CAB-67D34C9D5412}.Debug|Win32.ActiveCfg = Debug|Win32
		{2369C873-8C70-4197-8CAB-67D34C9D5412}.Debug|Win32.Build.0 = Debug|Win32
		{2369C873-8C70-4197-8CAB-67D34C9D5412}.Debug|x86.ActiveCfg = Debug|Win32
		{2369C873-8C70-4197-8CAB-67D34C9D5412}.Release|Any CPU.ActiveCfg = Release|Win32
		{2369C873-8C70-4197-8CAB-67D34C9D5412}.Release|Mixed Platforms.ActiveCfg = Release|Win32
		{2369C873-8C70-4197-8CAB-67D34C9D5412}.Release|Mixed Platforms.Build.0 = Release|Win32
		{2369C873-8C70-4197-8CAB-67D34C9D5412}.Release|Win32.ActiveCfg = Release|Win32
		{2369C873-8C70-4197-8CAB-67D34C9D5412}.Release|Win32.Build.0 = Release|Win32
		{2369C873-8C70-4197-8CAB-67D34C9D5412}.Release|x86.ActiveCfg = Release|Win32
		{2369C873-8C70-4197-8CAB-67D34C9D5412}.ReleaseSingleExe|Any CPU.ActiveCfg = ReleaseSingleExe|Win32
		{2369C873-8C70-4197-8CAB-67D34C9D5412}.ReleaseSingleExe|Mixed Platforms.ActiveCfg = ReleaseSingleExe|Win32
		{2369C873-8C70-4197-8CAB-67D34C9D5412}.ReleaseSingleExe|Mixed Platforms.Build.0 = ReleaseSingleExe|Win32
		{2369C873-8C70-4197-8CAB-67D34C9D5412}.ReleaseSingleExe|Win32.ActiveCfg = ReleaseSingleExe|Win32
		{2369C873-8C70-4197-8CAB-67D34C9D5412}.ReleaseSingleExe|Win32.Build.0 = ReleaseSingleExe|Win32
		{2369C873-8C70-4197-8CAB-67D34C9D5412}.ReleaseSingleExe|x86.ActiveCfg = ReleaseSingleExe|Win32
		{2369C873-8C70-4197-8CAB-67D34C9D5412}.Shipping|Any CPU.ActiveCfg = Shipping|Win32
		{2369C873-8C70-4197-8CAB-67D34C9D5412}.Shipping|Mixed Platforms.ActiveCfg = Shipping|Win32
		{2369C873-8C70-4197-8CAB-67D34C9D5412}.Shipping|Mixed Platforms.Build.0 = Shipping|Win32
		{2369C873-8C70-4197-8CAB-67D34C9D5412}.Shipping|Win32.ActiveCfg = Shipping|Win32
		{2369C873-8C70-4197-8CAB-67D34C9D5412}.Shipping|Win32.Build.0 = Shipping|Win32
		{2369C873-8C70-4197-8CAB-67D34C9D5412}.Shipping|x86.ActiveCfg = Shipping|Win32
		{2369C873-8C70-4197-8CAB-67D34C9D5412}.ShippingSingleExe|Any CPU.ActiveCfg = ShippingSingleExe|Win32
		{2369C873-8C70-4197-8CAB-67D34C9D5412}.ShippingSingleExe|Mixed Platforms.ActiveCfg = ShippingSingleExe|Win32
		{2369C873-8C70-4197-8CAB-67D34C9D5412}.ShippingSingleExe|Mixed Platforms.Build.0 = ShippingSingleExe|Win32
		{2369C873-8C70-4197-8CAB-67D34C9D5412}.ShippingSingleExe|Win32.ActiveCfg = ShippingSingleExe|Win32
		{2369C873-8C70-4197-8CAB-67D34C9D5412}.ShippingSingleExe|Win32.Build.0 = ShippingSingleExe|Win32
		{2369C873-8C70-4197-8CAB-67D34C9D5412}.ShippingSingleExe|x86.ActiveCfg = ShippingSingleExe|Win32
		{2369C873-8C70-4197-8CAB-67D34C9D5412}.StaticDebug|Any CPU.ActiveCfg = Debug|Win32
		{2369C873-8C70-4197-8CAB-67D34C9D5412}.StaticDebug|Mixed Platforms.ActiveCfg = Debug|Win32
		{2369C873-8C70-4197-8CAB-67D34C9D5412}.StaticDebug|Mixed Platforms.Build.0 = Debug|Win32
		{2369C873-8C70-4197-8CAB-67D34C9D5412}.StaticDebug|Win32.ActiveCfg = Debug|Win32
		{2369C873-8C70-4197-8CAB-67D34C9D5412}.StaticDebug|Win32.Build.0 = Debug|Win32
		{2369C873-8C70-4197-8CAB-67D34C9D5412}.StaticDebug|x86.ActiveCfg = Debug|Win32
		{2369C873-8C70-4197-8CAB-67D34C9D5412}.StaticRelease|Any CPU.ActiveCfg = Release|Win32
		{2369C873-8C70-4197-8CAB-67D34C9D5412}.StaticRelease|Mixed Platforms.ActiveCfg = Release|Win32
		{2369C873-8C70-4197-8CAB-67D34C9D5412}.StaticRelease|Mixed Platforms.Build.0 = Release|Win32
		{2369C873-8C70-4197-8CAB-67D34C9D5412}.StaticRelease|Win32.ActiveCfg = Release|Win32
		{2369C873-8C70-4197-8CAB-67D34C9D5412}.StaticRelease|Win32.Build.0 = Release|Win32
		{2369C873-8C70-4197-8CAB-67D34C9D5412}.StaticRelease|x86.ActiveCfg = Release|Win32
		{CB33BF48-712E-4EAB-8436-E64DC30CBCD7}.Debug|Any CPU.ActiveCfg = Debug|Any CPU
		{CB33BF48-712E-4EAB-8436-E64DC30CBCD7}.Debug|Any CPU.Build.0 = Debug|Any CPU
		{CB33BF48-712E-4EAB-8436-E64DC30CBCD7}.Debug|Mixed Platforms.ActiveCfg = Debug|Win32
		{CB33BF48-712E-4EAB-8436-E64DC30CBCD7}.Debug|Mixed Platforms.Build.0 = Debug|Win32
		{CB33BF48-712E-4EAB-8436-E64DC30CBCD7}.Debug|Win32.ActiveCfg = Debug|Any CPU
		{CB33BF48-712E-4EAB-8436-E64DC30CBCD7}.Debug|x86.ActiveCfg = Debug|Any CPU
		{CB33BF48-712E-4EAB-8436-E64DC30CBCD7}.Release|Any CPU.ActiveCfg = Release|Any CPU
		{CB33BF48-712E-4EAB-8436-E64DC30CBCD7}.Release|Any CPU.Build.0 = Release|Any CPU
		{CB33BF48-712E-4EAB-8436-E64DC30CBCD7}.Release|Mixed Platforms.ActiveCfg = Release|Win32
		{CB33BF48-712E-4EAB-8436-E64DC30CBCD7}.Release|Mixed Platforms.Build.0 = Release|Win32
		{CB33BF48-712E-4EAB-8436-E64DC30CBCD7}.Release|Win32.ActiveCfg = Release|Any CPU
		{CB33BF48-712E-4EAB-8436-E64DC30CBCD7}.Release|x86.ActiveCfg = Release|Any CPU
		{CB33BF48-712E-4EAB-8436-E64DC30CBCD7}.ReleaseSingleExe|Any CPU.ActiveCfg = ReleaseSingleExe|Win32
		{CB33BF48-712E-4EAB-8436-E64DC30CBCD7}.ReleaseSingleExe|Mixed Platforms.ActiveCfg = ReleaseSingleExe|Win32
		{CB33BF48-712E-4EAB-8436-E64DC30CBCD7}.ReleaseSingleExe|Mixed Platforms.Build.0 = ReleaseSingleExe|Win32
		{CB33BF48-712E-4EAB-8436-E64DC30CBCD7}.ReleaseSingleExe|Win32.ActiveCfg = ReleaseSingleExe|Win32
		{CB33BF48-712E-4EAB-8436-E64DC30CBCD7}.ReleaseSingleExe|Win32.Build.0 = ReleaseSingleExe|Win32
		{CB33BF48-712E-4EAB-8436-E64DC30CBCD7}.ReleaseSingleExe|x86.ActiveCfg = ReleaseSingleExe|Win32
		{CB33BF48-712E-4EAB-8436-E64DC30CBCD7}.Shipping|Any CPU.ActiveCfg = Debug|Any CPU
		{CB33BF48-712E-4EAB-8436-E64DC30CBCD7}.Shipping|Any CPU.Build.0 = Debug|Any CPU
		{CB33BF48-712E-4EAB-8436-E64DC30CBCD7}.Shipping|Mixed Platforms.ActiveCfg = Debug|Win32
		{CB33BF48-712E-4EAB-8436-E64DC30CBCD7}.Shipping|Mixed Platforms.Build.0 = Debug|Win32
		{CB33BF48-712E-4EAB-8436-E64DC30CBCD7}.Shipping|Win32.ActiveCfg = Debug|Any CPU
		{CB33BF48-712E-4EAB-8436-E64DC30CBCD7}.Shipping|x86.ActiveCfg = Debug|Any CPU
		{CB33BF48-712E-4EAB-8436-E64DC30CBCD7}.ShippingSingleExe|Any CPU.ActiveCfg = ShippingSingleExe|Win32
		{CB33BF48-712E-4EAB-8436-E64DC30CBCD7}.ShippingSingleExe|Mixed Platforms.ActiveCfg = ShippingSingleExe|Win32
		{CB33BF48-712E-4EAB-8436-E64DC30CBCD7}.ShippingSingleExe|Mixed Platforms.Build.0 = ShippingSingleExe|Win32
		{CB33BF48-712E-4EAB-8436-E64DC30CBCD7}.ShippingSingleExe|Win32.ActiveCfg = ShippingSingleExe|Win32
		{CB33BF48-712E-4EAB-8436-E64DC30CBCD7}.ShippingSingleExe|Win32.Build.0 = ShippingSingleExe|Win32
		{CB33BF48-712E-4EAB-8436-E64DC30CBCD7}.ShippingSingleExe|x86.ActiveCfg = ShippingSingleExe|Win32
		{CB33BF48-712E-4EAB-8436-E64DC30CBCD7}.StaticDebug|Any CPU.ActiveCfg = Debug|Any CPU
		{CB33BF48-712E-4EAB-8436-E64DC30CBCD7}.StaticDebug|Any CPU.Build.0 = Debug|Any CPU
		{CB33BF48-712E-4EAB-8436-E64DC30CBCD7}.StaticDebug|Mixed Platforms.ActiveCfg = Debug|Any CPU
		{CB33BF48-712E-4EAB-8436-E64DC30CBCD7}.StaticDebug|Mixed Platforms.Build.0 = Debug|Any CPU
		{CB33BF48-712E-4EAB-8436-E64DC30CBCD7}.StaticDebug|Win32.ActiveCfg = Debug|Any CPU
		{CB33BF48-712E-4EAB-8436-E64DC30CBCD7}.StaticDebug|x86.ActiveCfg = Debug|Any CPU
		{CB33BF48-712E-4EAB-8436-E64DC30CBCD7}.StaticRelease|Any CPU.ActiveCfg = Release|Any CPU
		{CB33BF48-712E-4EAB-8436-E64DC30CBCD7}.StaticRelease|Any CPU.Build.0 = Release|Any CPU
		{CB33BF48-712E-4EAB-8436-E64DC30CBCD7}.StaticRelease|Mixed Platforms.ActiveCfg = Release|Any CPU
		{CB33BF48-712E-4EAB-8436-E64DC30CBCD7}.StaticRelease|Mixed Platforms.Build.0 = Release|Any CPU
		{CB33BF48-712E-4EAB-8436-E64DC30CBCD7}.StaticRelease|Win32.ActiveCfg = Release|Any CPU
		{CB33BF48-712E-4EAB-8436-E64DC30CBCD7}.StaticRelease|x86.ActiveCfg = Release|Any CPU
		{66E75FE1-7475-4096-B532-F8F8C033FE9A}.Debug|Any CPU.ActiveCfg = Debug|Win32
		{66E75FE1-7475-4096-B532-F8F8C033FE9A}.Debug|Mixed Platforms.ActiveCfg = Debug|Win32
		{66E75FE1-7475-4096-B532-F8F8C033FE9A}.Debug|Mixed Platforms.Build.0 = Debug|Win32
		{66E75FE1-7475-4096-B532-F8F8C033FE9A}.Debug|Win32.ActiveCfg = Debug|Win32
		{66E75FE1-7475-4096-B532-F8F8C033FE9A}.Debug|Win32.Build.0 = Debug|Win32
		{66E75FE1-7475-4096-B532-F8F8C033FE9A}.Debug|x86.ActiveCfg = Debug|Win32
		{66E75FE1-7475-4096-B532-F8F8C033FE9A}.Release|Any CPU.ActiveCfg = Release|Win32
		{66E75FE1-7475-4096-B532-F8F8C033FE9A}.Release|Mixed Platforms.ActiveCfg = Release|Win32
		{66E75FE1-7475-4096-B532-F8F8C033FE9A}.Release|Mixed Platforms.Build.0 = Release|Win32
		{66E75FE1-7475-4096-B532-F8F8C033FE9A}.Release|Win32.ActiveCfg = Release|Win32
		{66E75FE1-7475-4096-B532-F8F8C033FE9A}.Release|Win32.Build.0 = Release|Win32
		{66E75FE1-7475-4096-B532-F8F8C033FE9A}.Release|x86.ActiveCfg = Release|Win32
		{66E75FE1-7475-4096-B532-F8F8C033FE9A}.ReleaseSingleExe|Any CPU.ActiveCfg = ReleaseSingleExe|Win32
		{66E75FE1-7475-4096-B532-F8F8C033FE9A}.ReleaseSingleExe|Mixed Platforms.ActiveCfg = ReleaseSingleExe|Win32
		{66E75FE1-7475-4096-B532-F8F8C033FE9A}.ReleaseSingleExe|Mixed Platforms.Build.0 = ReleaseSingleExe|Win32
		{66E75FE1-7475-4096-B532-F8F8C033FE9A}.ReleaseSingleExe|Win32.ActiveCfg = ReleaseSingleExe|Win32
		{66E75FE1-7475-4096-B532-F8F8C033FE9A}.ReleaseSingleExe|Win32.Build.0 = ReleaseSingleExe|Win32
		{66E75FE1-7475-4096-B532-F8F8C033FE9A}.ReleaseSingleExe|x86.ActiveCfg = ReleaseSingleExe|Win32
		{66E75FE1-7475-4096-B532-F8F8C033FE9A}.Shipping|Any CPU.ActiveCfg = Shipping|Win32
		{66E75FE1-7475-4096-B532-F8F8C033FE9A}.Shipping|Mixed Platforms.ActiveCfg = Debug|Win32
		{66E75FE1-7475-4096-B532-F8F8C033FE9A}.Shipping|Mixed Platforms.Build.0 = Debug|Win32
		{66E75FE1-7475-4096-B532-F8F8C033FE9A}.Shipping|Win32.ActiveCfg = Shipping|Win32
		{66E75FE1-7475-4096-B532-F8F8C033FE9A}.Shipping|Win32.Build.0 = Shipping|Win32
		{66E75FE1-7475-4096-B532-F8F8C033FE9A}.Shipping|x86.ActiveCfg = Shipping|Win32
		{66E75FE1-7475-4096-B532-F8F8C033FE9A}.ShippingSingleExe|Any CPU.ActiveCfg = ShippingSingleExe|Win32
		{66E75FE1-7475-4096-B532-F8F8C033FE9A}.ShippingSingleExe|Mixed Platforms.ActiveCfg = ShippingSingleExe|Win32
		{66E75FE1-7475-4096-B532-F8F8C033FE9A}.ShippingSingleExe|Mixed Platforms.Build.0 = ShippingSingleExe|Win32
		{66E75FE1-7475-4096-B532-F8F8C033FE9A}.ShippingSingleExe|Win32.ActiveCfg = ShippingSingleExe|Win32
		{66E75FE1-7475-4096-B532-F8F8C033FE9A}.ShippingSingleExe|Win32.Build.0 = ShippingSingleExe|Win32
		{66E75FE1-7475-4096-B532-F8F8C033FE9A}.ShippingSingleExe|x86.ActiveCfg = ShippingSingleExe|Win32
		{66E75FE1-7475-4096-B532-F8F8C033FE9A}.StaticDebug|Any CPU.ActiveCfg = Debug|Win32
		{66E75FE1-7475-4096-B532-F8F8C033FE9A}.StaticDebug|Mixed Platforms.ActiveCfg = Debug|Win32
		{66E75FE1-7475-4096-B532-F8F8C033FE9A}.StaticDebug|Mixed Platforms.Build.0 = Debug|Win32
		{66E75FE1-7475-4096-B532-F8F8C033FE9A}.StaticDebug|Win32.ActiveCfg = Debug|Win32
		{66E75FE1-7475-4096-B532-F8F8C033FE9A}.StaticDebug|Win32.Build.0 = Debug|Win32
		{66E75FE1-7475-4096-B532-F8F8C033FE9A}.StaticDebug|x86.ActiveCfg = Debug|Win32
		{66E75FE1-7475-4096-B532-F8F8C033FE9A}.StaticRelease|Any CPU.ActiveCfg = Release|Win32
		{66E75FE1-7475-4096-B532-F8F8C033FE9A}.StaticRelease|Mixed Platforms.ActiveCfg = Release|Win32
		{66E75FE1-7475-4096-B532-F8F8C033FE9A}.StaticRelease|Mixed Platforms.Build.0 = Release|Win32
		{66E75FE1-7475-4096-B532-F8F8C033FE9A}.StaticRelease|Win32.ActiveCfg = Release|Win32
		{66E75FE1-7475-4096-B532-F8F8C033FE9A}.StaticRelease|Win32.Build.0 = Release|Win32
		{66E75FE1-7475-4096-B532-F8F8C033FE9A}.StaticRelease|x86.ActiveCfg = Release|Win32
		{7398874F-AEA0-4A0E-8239-E3A6668A3712}.Debug|Any CPU.ActiveCfg = Debug|Win32
		{7398874F-AEA0-4A0E-8239-E3A6668A3712}.Debug|Mixed Platforms.ActiveCfg = Debug|Win32
		{7398874F-AEA0-4A0E-8239-E3A6668A3712}.Debug|Mixed Platforms.Build.0 = Debug|Win32
		{7398874F-AEA0-4A0E-8239-E3A6668A3712}.Debug|Win32.ActiveCfg = Debug|Win32
		{7398874F-AEA0-4A0E-8239-E3A6668A3712}.Debug|Win32.Build.0 = Debug|Win32
		{7398874F-AEA0-4A0E-8239-E3A6668A3712}.Debug|x86.ActiveCfg = Debug|Win32
		{7398874F-AEA0-4A0E-8239-E3A6668A3712}.Release|Any CPU.ActiveCfg = Release|Win32
		{7398874F-AEA0-4A0E-8239-E3A6668A3712}.Release|Mixed Platforms.ActiveCfg = Release|Win32
		{7398874F-AEA0-4A0E-8239-E3A6668A3712}.Release|Mixed Platforms.Build.0 = Release|Win32
		{7398874F-AEA0-4A0E-8239-E3A6668A3712}.Release|Win32.ActiveCfg = Release|Win32
		{7398874F-AEA0-4A0E-8239-E3A6668A3712}.Release|Win32.Build.0 = Release|Win32
		{7398874F-AEA0-4A0E-8239-E3A6668A3712}.Release|x86.ActiveCfg = Release|Win32
		{7398874F-AEA0-4A0E-8239-E3A6668A3712}.ReleaseSingleExe|Any CPU.ActiveCfg = ReleaseSingleExe|Win32
		{7398874F-AEA0-4A0E-8239-E3A6668A3712}.ReleaseSingleExe|Mixed Platforms.ActiveCfg = ReleaseSingleExe|Win32
		{7398874F-AEA0-4A0E-8239-E3A6668A3712}.ReleaseSingleExe|Mixed Platforms.Build.0 = ReleaseSingleExe|Win32
		{7398874F-AEA0-4A0E-8239-E3A6668A3712}.ReleaseSingleExe|Win32.ActiveCfg = ReleaseSingleExe|Win32
		{7398874F-AEA0-4A0E-8239-E3A6668A3712}.ReleaseSingleExe|Win32.Build.0 = ReleaseSingleExe|Win32
		{7398874F-AEA0-4A0E-8239-E3A6668A3712}.ReleaseSingleExe|x86.ActiveCfg = ReleaseSingleExe|Win32
		{7398874F-AEA0-4A0E-8239-E3A6668A3712}.Shipping|Any CPU.ActiveCfg = Shipping|Win32
		{7398874F-AEA0-4A0E-8239-E3A6668A3712}.Shipping|Mixed Platforms.ActiveCfg = Shipping|Win32
		{7398874F-AEA0-4A0E-8239-E3A6668A3712}.Shipping|Mixed Platforms.Build.0 = Shipping|Win32
		{7398874F-AEA0-4A0E-8239-E3A6668A3712}.Shipping|Win32.ActiveCfg = Shipping|Win32
		{7398874F-AEA0-4A0E-8239-E3A6668A3712}.Shipping|Win32.Build.0 = Shipping|Win32
		{7398874F-AEA0-4A0E-8239-E3A6668A3712}.Shipping|x86.ActiveCfg = Shipping|Win32
		{7398874F-AEA0-4A0E-8239-E3A6668A3712}.ShippingSingleExe|Any CPU.ActiveCfg = ShippingSingleExe|Win32
		{7398874F-AEA0-4A0E-8239-E3A6668A3712}.ShippingSingleExe|Mixed Platforms.ActiveCfg = ShippingSingleExe|Win32
		{7398874F-AEA0-4A0E-8239-E3A6668A3712}.ShippingSingleExe|Mixed Platforms.Build.0 = ShippingSingleExe|Win32
		{7398874F-AEA0-4A0E-8239-E3A6668A3712}.ShippingSingleExe|Win32.ActiveCfg = ShippingSingleExe|Win32
		{7398874F-AEA0-4A0E-8239-E3A6668A3712}.ShippingSingleExe|Win32.Build.0 = ShippingSingleExe|Win32
		{7398874F-AEA0-4A0E-8239-E3A6668A3712}.ShippingSingleExe|x86.ActiveCfg = ShippingSingleExe|Win32
		{7398874F-AEA0-4A0E-8239-E3A6668A3712}.StaticDebug|Any CPU.ActiveCfg = Debug|Win32
		{7398874F-AEA0-4A0E-8239-E3A6668A3712}.StaticDebug|Mixed Platforms.ActiveCfg = Debug|Win32
		{7398874F-AEA0-4A0E-8239-E3A6668A3712}.StaticDebug|Mixed Platforms.Build.0 = Debug|Win32
		{7398874F-AEA0-4A0E-8239-E3A6668A3712}.StaticDebug|Win32.ActiveCfg = Debug|Win32
		{7398874F-AEA0-4A0E-8239-E3A6668A3712}.StaticDebug|Win32.Build.0 = Debug|Win32
		{7398874F-AEA0-4A0E-8239-E3A6668A3712}.StaticDebug|x86.ActiveCfg = Debug|Win32
		{7398874F-AEA0-4A0E-8239-E3A6668A3712}.StaticRelease|Any CPU.ActiveCfg = Release|Win32
		{7398874F-AEA0-4A0E-8239-E3A6668A3712}.StaticRelease|Mixed Platforms.ActiveCfg = Release|Win32
		{7398874F-AEA0-4A0E-8239-E3A6668A3712}.StaticRelease|Mixed Platforms.Build.0 = Release|Win32
		{7398874F-AEA0-4A0E-8239-E3A6668A3712}.StaticRelease|Win32.ActiveCfg = Release|Win32
		{7398874F-AEA0-4A0E-8239-E3A6668A3712}.StaticRelease|Win32.Build.0 = Release|Win32
		{7398874F-AEA0-4A0E-8239-E3A6668A3712}.StaticRelease|x86.ActiveCfg = Release|Win32
		{2FAA8FEF-186A-4018-BCD2-4812CDAFAB6F}.Debug|Any CPU.ActiveCfg = Debug|Any CPU
		{2FAA8FEF-186A-4018-BCD2-4812CDAFAB6F}.Debug|Any CPU.Build.0 = Debug|Any CPU
		{2FAA8FEF-186A-4018-BCD2-4812CDAFAB6F}.Debug|Mixed Platforms.ActiveCfg = Debug|Any CPU
		{2FAA8FEF-186A-4018-BCD2-4812CDAFAB6F}.Debug|Mixed Platforms.Build.0 = Debug|Any CPU
		{2FAA8FEF-186A-4018-BCD2-4812CDAFAB6F}.Debug|Win32.ActiveCfg = Debug|Any CPU
		{2FAA8FEF-186A-4018-BCD2-4812CDAFAB6F}.Debug|x86.ActiveCfg = Debug|Any CPU
		{2FAA8FEF-186A-4018-BCD2-4812CDAFAB6F}.Release|Any CPU.ActiveCfg = Release|Any CPU
		{2FAA8FEF-186A-4018-BCD2-4812CDAFAB6F}.Release|Any CPU.Build.0 = Release|Any CPU
		{2FAA8FEF-186A-4018-BCD2-4812CDAFAB6F}.Release|Mixed Platforms.ActiveCfg = Release|Any CPU
		{2FAA8FEF-186A-4018-BCD2-4812CDAFAB6F}.Release|Mixed Platforms.Build.0 = Release|Any CPU
		{2FAA8FEF-186A-4018-BCD2-4812CDAFAB6F}.Release|Win32.ActiveCfg = Release|Any CPU
		{2FAA8FEF-186A-4018-BCD2-4812CDAFAB6F}.Release|x86.ActiveCfg = Release|Any CPU
		{2FAA8FEF-186A-4018-BCD2-4812CDAFAB6F}.ReleaseSingleExe|Any CPU.ActiveCfg = Release|Any CPU
		{2FAA8FEF-186A-4018-BCD2-4812CDAFAB6F}.ReleaseSingleExe|Any CPU.Build.0 = Release|Any CPU
		{2FAA8FEF-186A-4018-BCD2-4812CDAFAB6F}.ReleaseSingleExe|Mixed Platforms.ActiveCfg = Release|Any CPU
		{2FAA8FEF-186A-4018-BCD2-4812CDAFAB6F}.ReleaseSingleExe|Mixed Platforms.Build.0 = Release|Any CPU
		{2FAA8FEF-186A-4018-BCD2-4812CDAFAB6F}.ReleaseSingleExe|Win32.ActiveCfg = Release|Any CPU
		{2FAA8FEF-186A-4018-BCD2-4812CDAFAB6F}.ReleaseSingleExe|x86.ActiveCfg = Release|Any CPU
		{2FAA8FEF-186A-4018-BCD2-4812CDAFAB6F}.Shipping|Any CPU.ActiveCfg = Release|Any CPU
		{2FAA8FEF-186A-4018-BCD2-4812CDAFAB6F}.Shipping|Any CPU.Build.0 = Release|Any CPU
		{2FAA8FEF-186A-4018-BCD2-4812CDAFAB6F}.Shipping|Mixed Platforms.ActiveCfg = Release|Any CPU
		{2FAA8FEF-186A-4018-BCD2-4812CDAFAB6F}.Shipping|Mixed Platforms.Build.0 = Release|Any CPU
		{2FAA8FEF-186A-4018-BCD2-4812CDAFAB6F}.Shipping|Win32.ActiveCfg = Release|Any CPU
		{2FAA8FEF-186A-4018-BCD2-4812CDAFAB6F}.Shipping|x86.ActiveCfg = Release|Any CPU
		{2FAA8FEF-186A-4018-BCD2-4812CDAFAB6F}.ShippingSingleExe|Any CPU.ActiveCfg = Release|Any CPU
		{2FAA8FEF-186A-4018-BCD2-4812CDAFAB6F}.ShippingSingleExe|Any CPU.Build.0 = Release|Any CPU
		{2FAA8FEF-186A-4018-BCD2-4812CDAFAB6F}.ShippingSingleExe|Mixed Platforms.ActiveCfg = Release|Any CPU
		{2FAA8FEF-186A-4018-BCD2-4812CDAFAB6F}.ShippingSingleExe|Mixed Platforms.Build.0 = Release|Any CPU
		{2FAA8FEF-186A-4018-BCD2-4812CDAFAB6F}.ShippingSingleExe|Win32.ActiveCfg = Release|Any CPU
		{2FAA8FEF-186A-4018-BCD2-4812CDAFAB6F}.ShippingSingleExe|x86.ActiveCfg = Release|Any CPU
		{2FAA8FEF-186A-4018-BCD2-4812CDAFAB6F}.StaticDebug|Any CPU.ActiveCfg = Debug|Any CPU
		{2FAA8FEF-186A-4018-BCD2-4812CDAFAB6F}.StaticDebug|Any CPU.Build.0 = Debug|Any CPU
		{2FAA8FEF-186A-4018-BCD2-4812CDAFAB6F}.StaticDebug|Mixed Platforms.ActiveCfg = Debug|Any CPU
		{2FAA8FEF-186A-4018-BCD2-4812CDAFAB6F}.StaticDebug|Mixed Platforms.Build.0 = Debug|Any CPU
		{2FAA8FEF-186A-4018-BCD2-4812CDAFAB6F}.StaticDebug|Win32.ActiveCfg = Debug|Any CPU
		{2FAA8FEF-186A-4018-BCD2-4812CDAFAB6F}.StaticDebug|x86.ActiveCfg = Debug|Any CPU
		{2FAA8FEF-186A-4018-BCD2-4812CDAFAB6F}.StaticRelease|Any CPU.ActiveCfg = Release|Any CPU
		{2FAA8FEF-186A-4018-BCD2-4812CDAFAB6F}.StaticRelease|Any CPU.Build.0 = Release|Any CPU
		{2FAA8FEF-186A-4018-BCD2-4812CDAFAB6F}.StaticRelease|Mixed Platforms.ActiveCfg = Release|Any CPU
		{2FAA8FEF-186A-4018-BCD2-4812CDAFAB6F}.StaticRelease|Mixed Platforms.Build.0 = Release|Any CPU
		{2FAA8FEF-186A-4018-BCD2-4812CDAFAB6F}.StaticRelease|Win32.ActiveCfg = Release|Any CPU
		{2FAA8FEF-186A-4018-BCD2-4812CDAFAB6F}.StaticRelease|x86.ActiveCfg = Release|Any CPU
		{AF4F2F71-C9DE-4226-A235-1865F766198B}.Debug|Any CPU.ActiveCfg = Debug|Any CPU
		{AF4F2F71-C9DE-4226-A235-1865F766198B}.Debug|Any CPU.Build.0 = Debug|Any CPU
		{AF4F2F71-C9DE-4226-A235-1865F766198B}.Debug|Mixed Platforms.ActiveCfg = Debug|Any CPU
		{AF4F2F71-C9DE-4226-A235-1865F766198B}.Debug|Mixed Platforms.Build.0 = Debug|Any CPU
		{AF4F2F71-C9DE-4226-A235-1865F766198B}.Debug|Win32.ActiveCfg = Debug|Any CPU
		{AF4F2F71-C9DE-4226-A235-1865F766198B}.Debug|x86.ActiveCfg = Debug|Any CPU
		{AF4F2F71-C9DE-4226-A235-1865F766198B}.Release|Any CPU.ActiveCfg = Release|Any CPU
		{AF4F2F71-C9DE-4226-A235-1865F766198B}.Release|Any CPU.Build.0 = Release|Any CPU
		{AF4F2F71-C9DE-4226-A235-1865F766198B}.Release|Mixed Platforms.ActiveCfg = Release|Any CPU
		{AF4F2F71-C9DE-4226-A235-1865F766198B}.Release|Mixed Platforms.Build.0 = Release|Any CPU
		{AF4F2F71-C9DE-4226-A235-1865F766198B}.Release|Win32.ActiveCfg = Release|Any CPU
		{AF4F2F71-C9DE-4226-A235-1865F766198B}.Release|x86.ActiveCfg = Release|Any CPU
		{AF4F2F71-C9DE-4226-A235-1865F766198B}.ReleaseSingleExe|Any CPU.ActiveCfg = Release|Any CPU
		{AF4F2F71-C9DE-4226-A235-1865F766198B}.ReleaseSingleExe|Any CPU.Build.0 = Release|Any CPU
		{AF4F2F71-C9DE-4226-A235-1865F766198B}.ReleaseSingleExe|Mixed Platforms.ActiveCfg = Release|Any CPU
		{AF4F2F71-C9DE-4226-A235-1865F766198B}.ReleaseSingleExe|Mixed Platforms.Build.0 = Release|Any CPU
		{AF4F2F71-C9DE-4226-A235-1865F766198B}.ReleaseSingleExe|Win32.ActiveCfg = Release|Any CPU
		{AF4F2F71-C9DE-4226-A235-1865F766198B}.ReleaseSingleExe|x86.ActiveCfg = Release|Any CPU
		{AF4F2F71-C9DE-4226-A235-1865F766198B}.Shipping|Any CPU.ActiveCfg = Release|Any CPU
		{AF4F2F71-C9DE-4226-A235-1865F766198B}.Shipping|Any CPU.Build.0 = Release|Any CPU
		{AF4F2F71-C9DE-4226-A235-1865F766198B}.Shipping|Mixed Platforms.ActiveCfg = Release|Any CPU
		{AF4F2F71-C9DE-4226-A235-1865F766198B}.Shipping|Mixed Platforms.Build.0 = Release|Any CPU
		{AF4F2F71-C9DE-4226-A235-1865F766198B}.Shipping|Win32.ActiveCfg = Release|Any CPU
		{AF4F2F71-C9DE-4226-A235-1865F766198B}.Shipping|x86.ActiveCfg = Release|Any CPU
		{AF4F2F71-C9DE-4226-A235-1865F766198B}.ShippingSingleExe|Any CPU.ActiveCfg = Release|Any CPU
		{AF4F2F71-C9DE-4226-A235-1865F766198B}.ShippingSingleExe|Any CPU.Build.0 = Release|Any CPU
		{AF4F2F71-C9DE-4226-A235-1865F766198B}.ShippingSingleExe|Mixed Platforms.ActiveCfg = Release|Any CPU
		{AF4F2F71-C9DE-4226-A235-1865F766198B}.ShippingSingleExe|Mixed Platforms.Build.0 = Release|Any CPU
		{AF4F2F71-C9DE-4226-A235-1865F766198B}.ShippingSingleExe|Win32.ActiveCfg = Release|Any CPU
		{AF4F2F71-C9DE-4226-A235-1865F766198B}.ShippingSingleExe|x86.ActiveCfg = Release|Any CPU
		{AF4F2F71-C9DE-4226-A235-1865F766198B}.StaticDebug|Any CPU.ActiveCfg = Debug|Any CPU
		{AF4F2F71-C9DE-4226-A235-1865F766198B}.StaticDebug|Any CPU.Build.0 = Debug|Any CPU
		{AF4F2F71-C9DE-4226-A235-1865F766198B}.StaticDebug|Mixed Platforms.ActiveCfg = Debug|Any CPU
		{AF4F2F71-C9DE-4226-A235-1865F766198B}.StaticDebug|Mixed Platforms.Build.0 = Debug|Any CPU
		{AF4F2F71-C9DE-4226-A235-1865F766198B}.StaticDebug|Win32.ActiveCfg = Debug|Any CPU
		{AF4F2F71-C9DE-4226-A235-1865F766198B}.StaticDebug|x86.ActiveCfg = Debug|Any CPU
		{AF4F2F71-C9DE-4226-A235-1865F766198B}.StaticRelease|Any CPU.ActiveCfg = Release|Any CPU
		{AF4F2F71-C9DE-4226-A235-1865F766198B}.StaticRelease|Any CPU.Build.0 = Release|Any CPU
		{AF4F2F71-C9DE-4226-A235-1865F766198B}.StaticRelease|Mixed Platforms.ActiveCfg = Release|Any CPU
		{AF4F2F71-C9DE-4226-A235-1865F766198B}.StaticRelease|Mixed Platforms.Build.0 = Release|Any CPU
		{AF4F2F71-C9DE-4226-A235-1865F766198B}.StaticRelease|Win32.ActiveCfg = Release|Any CPU
		{AF4F2F71-C9DE-4226-A235-1865F766198B}.StaticRelease|x86.ActiveCfg = Release|Any CPU
		{C8766B39-D76F-450E-8FE5-BF3C04E6C367}.Debug|Any CPU.ActiveCfg = Debug|Any CPU
		{C8766B39-D76F-450E-8FE5-BF3C04E6C367}.Debug|Any CPU.Build.0 = Debug|Any CPU
		{C8766B39-D76F-450E-8FE5-BF3C04E6C367}.Debug|Mixed Platforms.ActiveCfg = Debug|Any CPU
		{C8766B39-D76F-450E-8FE5-BF3C04E6C367}.Debug|Mixed Platforms.Build.0 = Debug|Any CPU
		{C8766B39-D76F-450E-8FE5-BF3C04E6C367}.Debug|Win32.ActiveCfg = Debug|Any CPU
		{C8766B39-D76F-450E-8FE5-BF3C04E6C367}.Debug|x86.ActiveCfg = Debug|Any CPU
		{C8766B39-D76F-450E-8FE5-BF3C04E6C367}.Release|Any CPU.ActiveCfg = Release|Any CPU
		{C8766B39-D76F-450E-8FE5-BF3C04E6C367}.Release|Any CPU.Build.0 = Release|Any CPU
		{C8766B39-D76F-450E-8FE5-BF3C04E6C367}.Release|Mixed Platforms.ActiveCfg = Release|Any CPU
		{C8766B39-D76F-450E-8FE5-BF3C04E6C367}.Release|Mixed Platforms.Build.0 = Release|Any CPU
		{C8766B39-D76F-450E-8FE5-BF3C04E6C367}.Release|Win32.ActiveCfg = Release|Any CPU
		{C8766B39-D76F-450E-8FE5-BF3C04E6C367}.Release|x86.ActiveCfg = Release|Any CPU
		{C8766B39-D76F-450E-8FE5-BF3C04E6C367}.ReleaseSingleExe|Any CPU.ActiveCfg = Release|Any CPU
		{C8766B39-D76F-450E-8FE5-BF3C04E6C367}.ReleaseSingleExe|Any CPU.Build.0 = Release|Any CPU
		{C8766B39-D76F-450E-8FE5-BF3C04E6C367}.ReleaseSingleExe|Mixed Platforms.ActiveCfg = Release|Any CPU
		{C8766B39-D76F-450E-8FE5-BF3C04E6C367}.ReleaseSingleExe|Mixed Platforms.Build.0 = Release|Any CPU
		{C8766B39-D76F-450E-8FE5-BF3C04E6C367}.ReleaseSingleExe|Win32.ActiveCfg = Release|Any CPU
		{C8766B39-D76F-450E-8FE5-BF3C04E6C367}.ReleaseSingleExe|x86.ActiveCfg = Release|Any CPU
		{C8766B39-D76F-450E-8FE5-BF3C04E6C367}.Shipping|Any CPU.ActiveCfg = Release|Any CPU
		{C8766B39-D76F-450E-8FE5-BF3C04E6C367}.Shipping|Any CPU.Build.0 = Release|Any CPU
		{C8766B39-D76F-450E-8FE5-BF3C04E6C367}.Shipping|Mixed Platforms.ActiveCfg = Release|Any CPU
		{C8766B39-D76F-450E-8FE5-BF3C04E6C367}.Shipping|Mixed Platforms.Build.0 = Release|Any CPU
		{C8766B39-D76F-450E-8FE5-BF3C04E6C367}.Shipping|Win32.ActiveCfg = Release|Any CPU
		{C8766B39-D76F-450E-8FE5-BF3C04E6C367}.Shipping|x86.ActiveCfg = Release|Any CPU
		{C8766B39-D76F-450E-8FE5-BF3C04E6C367}.ShippingSingleExe|Any CPU.ActiveCfg = Release|Any CPU
		{C8766B39-D76F-450E-8FE5-BF3C04E6C367}.ShippingSingleExe|Any CPU.Build.0 = Release|Any CPU
		{C8766B39-D76F-450E-8FE5-BF3C04E6C367}.ShippingSingleExe|Mixed Platforms.ActiveCfg = Release|Any CPU
		{C8766B39-D76F-450E-8FE5-BF3C04E6C367}.ShippingSingleExe|Mixed Platforms.Build.0 = Release|Any CPU
		{C8766B39-D76F-450E-8FE5-BF3C04E6C367}.ShippingSingleExe|Win32.ActiveCfg = Release|Any CPU
		{C8766B39-D76F-450E-8FE5-BF3C04E6C367}.ShippingSingleExe|x86.ActiveCfg = Release|Any CPU
		{C8766B39-D76F-450E-8FE5-BF3C04E6C367}.StaticDebug|Any CPU.ActiveCfg = Debug|Any CPU
		{C8766B39-D76F-450E-8FE5-BF3C04E6C367}.StaticDebug|Any CPU.Build.0 = Debug|Any CPU
		{C8766B39-D76F-450E-8FE5-BF3C04E6C367}.StaticDebug|Mixed Platforms.ActiveCfg = Debug|Any CPU
		{C8766B39-D76F-450E-8FE5-BF3C04E6C367}.StaticDebug|Mixed Platforms.Build.0 = Debug|Any CPU
		{C8766B39-D76F-450E-8FE5-BF3C04E6C367}.StaticDebug|Win32.ActiveCfg = Debug|Any CPU
		{C8766B39-D76F-450E-8FE5-BF3C04E6C367}.StaticDebug|x86.ActiveCfg = Debug|Any CPU
		{C8766B39-D76F-450E-8FE5-BF3C04E6C367}.StaticRelease|Any CPU.ActiveCfg = Release|Any CPU
		{C8766B39-D76F-450E-8FE5-BF3C04E6C367}.StaticRelease|Any CPU.Build.0 = Release|Any CPU
		{C8766B39-D76F-450E-8FE5-BF3C04E6C367}.StaticRelease|Mixed Platforms.ActiveCfg = Release|Any CPU
		{C8766B39-D76F-450E-8FE5-BF3C04E6C367}.StaticRelease|Mixed Platforms.Build.0 = Release|Any CPU
		{C8766B39-D76F-450E-8FE5-BF3C04E6C367}.StaticRelease|Win32.ActiveCfg = Release|Any CPU
		{C8766B39-D76F-450E-8FE5-BF3C04E6C367}.StaticRelease|x86.ActiveCfg = Release|Any CPU
		{B6325AFF-BF61-4ACA-BE89-0C15E3452B22}.Debug|Any CPU.ActiveCfg = Debug|Any CPU
		{B6325AFF-BF61-4ACA-BE89-0C15E3452B22}.Debug|Any CPU.Build.0 = Debug|Any CPU
		{B6325AFF-BF61-4ACA-BE89-0C15E3452B22}.Debug|Mixed Platforms.ActiveCfg = Debug|Any CPU
		{B6325AFF-BF61-4ACA-BE89-0C15E3452B22}.Debug|Mixed Platforms.Build.0 = Debug|Any CPU
		{B6325AFF-BF61-4ACA-BE89-0C15E3452B22}.Debug|Win32.ActiveCfg = Debug|Any CPU
		{B6325AFF-BF61-4ACA-BE89-0C15E3452B22}.Debug|x86.ActiveCfg = Debug|Any CPU
		{B6325AFF-BF61-4ACA-BE89-0C15E3452B22}.Release|Any CPU.ActiveCfg = Release|Any CPU
		{B6325AFF-BF61-4ACA-BE89-0C15E3452B22}.Release|Any CPU.Build.0 = Release|Any CPU
		{B6325AFF-BF61-4ACA-BE89-0C15E3452B22}.Release|Mixed Platforms.ActiveCfg = Release|Any CPU
		{B6325AFF-BF61-4ACA-BE89-0C15E3452B22}.Release|Mixed Platforms.Build.0 = Release|Any CPU
		{B6325AFF-BF61-4ACA-BE89-0C15E3452B22}.Release|Win32.ActiveCfg = Release|Any CPU
		{B6325AFF-BF61-4ACA-BE89-0C15E3452B22}.Release|x86.ActiveCfg = Release|Any CPU
		{B6325AFF-BF61-4ACA-BE89-0C15E3452B22}.ReleaseSingleExe|Any CPU.ActiveCfg = Release|Any CPU
		{B6325AFF-BF61-4ACA-BE89-0C15E3452B22}.ReleaseSingleExe|Any CPU.Build.0 = Release|Any CPU
		{B6325AFF-BF61-4ACA-BE89-0C15E3452B22}.ReleaseSingleExe|Mixed Platforms.ActiveCfg = Release|Any CPU
		{B6325AFF-BF61-4ACA-BE89-0C15E3452B22}.ReleaseSingleExe|Mixed Platforms.Build.0 = Release|Any CPU
		{B6325AFF-BF61-4ACA-BE89-0C15E3452B22}.ReleaseSingleExe|Win32.ActiveCfg = Release|Any CPU
		{B6325AFF-BF61-4ACA-BE89-0C15E3452B22}.ReleaseSingleExe|x86.ActiveCfg = Release|Any CPU
		{B6325AFF-BF61-4ACA-BE89-0C15E3452B22}.Shipping|Any CPU.ActiveCfg = Release|Any CPU
		{B6325AFF-BF61-4ACA-BE89-0C15E3452B22}.Shipping|Any CPU.Build.0 = Release|Any CPU
		{B6325AFF-BF61-4ACA-BE89-0C15E3452B22}.Shipping|Mixed Platforms.ActiveCfg = Release|Any CPU
		{B6325AFF-BF61-4ACA-BE89-0C15E3452B22}.Shipping|Mixed Platforms.Build.0 = Release|Any CPU
		{B6325AFF-BF61-4ACA-BE89-0C15E3452B22}.Shipping|Win32.ActiveCfg = Release|Any CPU
		{B6325AFF-BF61-4ACA-BE89-0C15E3452B22}.Shipping|x86.ActiveCfg = Release|Any CPU
		{B6325AFF-BF61-4ACA-BE89-0C15E3452B22}.ShippingSingleExe|Any CPU.ActiveCfg = Release|Any CPU
		{B6325AFF-BF61-4ACA-BE89-0C15E3452B22}.ShippingSingleExe|Any CPU.Build.0 = Release|Any CPU
		{B6325AFF-BF61-4ACA-BE89-0C15E3452B22}.ShippingSingleExe|Mixed Platforms.ActiveCfg = Release|Any CPU
		{B6325AFF-BF61-4ACA-BE89-0C15E3452B22}.ShippingSingleExe|Mixed Platforms.Build.0 = Release|Any CPU
		{B6325AFF-BF61-4ACA-BE89-0C15E3452B22}.ShippingSingleExe|Win32.ActiveCfg = Release|Any CPU
		{B6325AFF-BF61-4ACA-BE89-0C15E3452B22}.ShippingSingleExe|x86.ActiveCfg = Release|Any CPU
		{B6325AFF-BF61-4ACA-BE89-0C15E3452B22}.StaticDebug|Any CPU.ActiveCfg = Debug|Any CPU
		{B6325AFF-BF61-4ACA-BE89-0C15E3452B22}.StaticDebug|Any CPU.Build.0 = Debug|Any CPU
		{B6325AFF-BF61-4ACA-BE89-0C15E3452B22}.StaticDebug|Mixed Platforms.ActiveCfg = Debug|Any CPU
		{B6325AFF-BF61-4ACA-BE89-0C15E3452B22}.StaticDebug|Mixed Platforms.Build.0 = Debug|Any CPU
		{B6325AFF-BF61-4ACA-BE89-0C15E3452B22}.StaticDebug|Win32.ActiveCfg = Debug|Any CPU
		{B6325AFF-BF61-4ACA-BE89-0C15E3452B22}.StaticDebug|x86.ActiveCfg = Debug|Any CPU
		{B6325AFF-BF61-4ACA-BE89-0C15E3452B22}.StaticRelease|Any CPU.ActiveCfg = Release|Any CPU
		{B6325AFF-BF61-4ACA-BE89-0C15E3452B22}.StaticRelease|Any CPU.Build.0 = Release|Any CPU
		{B6325AFF-BF61-4ACA-BE89-0C15E3452B22}.StaticRelease|Mixed Platforms.ActiveCfg = Release|Any CPU
		{B6325AFF-BF61-4ACA-BE89-0C15E3452B22}.StaticRelease|Mixed Platforms.Build.0 = Release|Any CPU
		{B6325AFF-BF61-4ACA-BE89-0C15E3452B22}.StaticRelease|Win32.ActiveCfg = Release|Any CPU
		{B6325AFF-BF61-4ACA-BE89-0C15E3452B22}.StaticRelease|x86.ActiveCfg = Release|Any CPU
		{B85648CE-8DD6-4176-9049-4F200D8B9608}.Debug|Any CPU.ActiveCfg = Debug|Any CPU
		{B85648CE-8DD6-4176-9049-4F200D8B9608}.Debug|Any CPU.Build.0 = Debug|Any CPU
		{B85648CE-8DD6-4176-9049-4F200D8B9608}.Debug|Mixed Platforms.ActiveCfg = Debug|Any CPU
		{B85648CE-8DD6-4176-9049-4F200D8B9608}.Debug|Mixed Platforms.Build.0 = Debug|Any CPU
		{B85648CE-8DD6-4176-9049-4F200D8B9608}.Debug|Win32.ActiveCfg = Debug|Any CPU
		{B85648CE-8DD6-4176-9049-4F200D8B9608}.Debug|x86.ActiveCfg = Debug|Any CPU
		{B85648CE-8DD6-4176-9049-4F200D8B9608}.Release|Any CPU.ActiveCfg = Release|Any CPU
		{B85648CE-8DD6-4176-9049-4F200D8B9608}.Release|Any CPU.Build.0 = Release|Any CPU
		{B85648CE-8DD6-4176-9049-4F200D8B9608}.Release|Mixed Platforms.ActiveCfg = Release|Any CPU
		{B85648CE-8DD6-4176-9049-4F200D8B9608}.Release|Mixed Platforms.Build.0 = Release|Any CPU
		{B85648CE-8DD6-4176-9049-4F200D8B9608}.Release|Win32.ActiveCfg = Release|Any CPU
		{B85648CE-8DD6-4176-9049-4F200D8B9608}.Release|x86.ActiveCfg = Release|Any CPU
		{B85648CE-8DD6-4176-9049-4F200D8B9608}.ReleaseSingleExe|Any CPU.ActiveCfg = Release|Any CPU
		{B85648CE-8DD6-4176-9049-4F200D8B9608}.ReleaseSingleExe|Any CPU.Build.0 = Release|Any CPU
		{B85648CE-8DD6-4176-9049-4F200D8B9608}.ReleaseSingleExe|Mixed Platforms.ActiveCfg = Release|Any CPU
		{B85648CE-8DD6-4176-9049-4F200D8B9608}.ReleaseSingleExe|Mixed Platforms.Build.0 = Release|Any CPU
		{B85648CE-8DD6-4176-9049-4F200D8B9608}.ReleaseSingleExe|Win32.ActiveCfg = Release|Any CPU
		{B85648CE-8DD6-4176-9049-4F200D8B9608}.ReleaseSingleExe|x86.ActiveCfg = Release|Any CPU
		{B85648CE-8DD6-4176-9049-4F200D8B9608}.Shipping|Any CPU.ActiveCfg = Release|Any CPU
		{B85648CE-8DD6-4176-9049-4F200D8B9608}.Shipping|Any CPU.Build.0 = Release|Any CPU
		{B85648CE-8DD6-4176-9049-4F200D8B9608}.Shipping|Mixed Platforms.ActiveCfg = Release|Any CPU
		{B85648CE-8DD6-4176-9049-4F200D8B9608}.Shipping|Mixed Platforms.Build.0 = Release|Any CPU
		{B85648CE-8DD6-4176-9049-4F200D8B9608}.Shipping|Win32.ActiveCfg = Release|Any CPU
		{B85648CE-8DD6-4176-9049-4F200D8B9608}.Shipping|x86.ActiveCfg = Release|Any CPU
		{B85648CE-8DD6-4176-9049-4F200D8B9608}.ShippingSingleExe|Any CPU.ActiveCfg = Release|Any CPU
		{B85648CE-8DD6-4176-9049-4F200D8B9608}.ShippingSingleExe|Any CPU.Build.0 = Release|Any CPU
		{B85648CE-8DD6-4176-9049-4F200D8B9608}.ShippingSingleExe|Mixed Platforms.ActiveCfg = Release|Any CPU
		{B85648CE-8DD6-4176-9049-4F200D8B9608}.ShippingSingleExe|Mixed Platforms.Build.0 = Release|Any CPU
		{B85648CE-8DD6-4176-9049-4F200D8B9608}.ShippingSingleExe|Win32.ActiveCfg = Release|Any CPU
		{B85648CE-8DD6-4176-9049-4F200D8B9608}.ShippingSingleExe|x86.ActiveCfg = Release|Any CPU
		{B85648CE-8DD6-4176-9049-4F200D8B9608}.StaticDebug|Any CPU.ActiveCfg = Debug|Any CPU
		{B85648CE-8DD6-4176-9049-4F200D8B9608}.StaticDebug|Any CPU.Build.0 = Debug|Any CPU
		{B85648CE-8DD6-4176-9049-4F200D8B9608}.StaticDebug|Mixed Platforms.ActiveCfg = Debug|Any CPU
		{B85648CE-8DD6-4176-9049-4F200D8B9608}.StaticDebug|Mixed Platforms.Build.0 = Debug|Any CPU
		{B85648CE-8DD6-4176-9049-4F200D8B9608}.StaticDebug|Win32.ActiveCfg = Debug|Any CPU
		{B85648CE-8DD6-4176-9049-4F200D8B9608}.StaticDebug|x86.ActiveCfg = Debug|Any CPU
		{B85648CE-8DD6-4176-9049-4F200D8B9608}.StaticRelease|Any CPU.ActiveCfg = Release|Any CPU
		{B85648CE-8DD6-4176-9049-4F200D8B9608}.StaticRelease|Any CPU.Build.0 = Release|Any CPU
		{B85648CE-8DD6-4176-9049-4F200D8B9608}.StaticRelease|Mixed Platforms.ActiveCfg = Release|Any CPU
		{B85648CE-8DD6-4176-9049-4F200D8B9608}.StaticRelease|Mixed Platforms.Build.0 = Release|Any CPU
		{B85648CE-8DD6-4176-9049-4F200D8B9608}.StaticRelease|Win32.ActiveCfg = Release|Any CPU
		{B85648CE-8DD6-4176-9049-4F200D8B9608}.StaticRelease|x86.ActiveCfg = Release|Any CPU
		{E0FAB315-A48D-4F32-946B-59471749F489}.Debug|Any CPU.ActiveCfg = Debug|Any CPU
		{E0FAB315-A48D-4F32-946B-59471749F489}.Debug|Any CPU.Build.0 = Debug|Any CPU
		{E0FAB315-A48D-4F32-946B-59471749F489}.Debug|Mixed Platforms.ActiveCfg = Debug|Any CPU
		{E0FAB315-A48D-4F32-946B-59471749F489}.Debug|Mixed Platforms.Build.0 = Debug|Any CPU
		{E0FAB315-A48D-4F32-946B-59471749F489}.Debug|Win32.ActiveCfg = Debug|Any CPU
		{E0FAB315-A48D-4F32-946B-59471749F489}.Debug|x86.ActiveCfg = Debug|Any CPU
		{E0FAB315-A48D-4F32-946B-59471749F489}.Release|Any CPU.ActiveCfg = Release|Any CPU
		{E0FAB315-A48D-4F32-946B-59471749F489}.Release|Any CPU.Build.0 = Release|Any CPU
		{E0FAB315-A48D-4F32-946B-59471749F489}.Release|Mixed Platforms.ActiveCfg = Release|Any CPU
		{E0FAB315-A48D-4F32-946B-59471749F489}.Release|Mixed Platforms.Build.0 = Release|Any CPU
		{E0FAB315-A48D-4F32-946B-59471749F489}.Release|Win32.ActiveCfg = Release|Any CPU
		{E0FAB315-A48D-4F32-946B-59471749F489}.Release|x86.ActiveCfg = Release|Any CPU
		{E0FAB315-A48D-4F32-946B-59471749F489}.ReleaseSingleExe|Any CPU.ActiveCfg = Release|Any CPU
		{E0FAB315-A48D-4F32-946B-59471749F489}.ReleaseSingleExe|Any CPU.Build.0 = Release|Any CPU
		{E0FAB315-A48D-4F32-946B-59471749F489}.ReleaseSingleExe|Mixed Platforms.ActiveCfg = Release|Any CPU
		{E0FAB315-A48D-4F32-946B-59471749F489}.ReleaseSingleExe|Mixed Platforms.Build.0 = Release|Any CPU
		{E0FAB315-A48D-4F32-946B-59471749F489}.ReleaseSingleExe|Win32.ActiveCfg = Release|Any CPU
		{E0FAB315-A48D-4F32-946B-59471749F489}.ReleaseSingleExe|x86.ActiveCfg = Release|Any CPU
		{E0FAB315-A48D-4F32-946B-59471749F489}.Shipping|Any CPU.ActiveCfg = Release|Any CPU
		{E0FAB315-A48D-4F32-946B-59471749F489}.Shipping|Any CPU.Build.0 = Release|Any CPU
		{E0FAB315-A48D-4F32-946B-59471749F489}.Shipping|Mixed Platforms.ActiveCfg = Release|Any CPU
		{E0FAB315-A48D-4F32-946B-59471749F489}.Shipping|Mixed Platforms.Build.0 = Release|Any CPU
		{E0FAB315-A48D-4F32-946B-59471749F489}.Shipping|Win32.ActiveCfg = Release|Any CPU
		{E0FAB315-A48D-4F32-946B-59471749F489}.Shipping|x86.ActiveCfg = Release|Any CPU
		{E0FAB315-A48D-4F32-946B-59471749F489}.ShippingSingleExe|Any CPU.ActiveCfg = Release|Any CPU
		{E0FAB315-A48D-4F32-946B-59471749F489}.ShippingSingleExe|Any CPU.Build.0 = Release|Any CPU
		{E0FAB315-A48D-4F32-946B-59471749F489}.ShippingSingleExe|Mixed Platforms.ActiveCfg = Release|Any CPU
		{E0FAB315-A48D-4F32-946B-59471749F489}.ShippingSingleExe|Mixed Platforms.Build.0 = Release|Any CPU
		{E0FAB315-A48D-4F32-946B-59471749F489}.ShippingSingleExe|Win32.ActiveCfg = Release|Any CPU
		{E0FAB315-A48D-4F32-946B-59471749F489}.ShippingSingleExe|x86.ActiveCfg = Release|Any CPU
		{E0FAB315-A48D-4F32-946B-59471749F489}.StaticDebug|Any CPU.ActiveCfg = Debug|Any CPU
		{E0FAB315-A48D-4F32-946B-59471749F489}.StaticDebug|Any CPU.Build.0 = Debug|Any CPU
		{E0FAB315-A48D-4F32-946B-59471749F489}.StaticDebug|Mixed Platforms.ActiveCfg = Debug|Any CPU
		{E0FAB315-A48D-4F32-946B-59471749F489}.StaticDebug|Mixed Platforms.Build.0 = Debug|Any CPU
		{E0FAB315-A48D-4F32-946B-59471749F489}.StaticDebug|Win32.ActiveCfg = Debug|Any CPU
		{E0FAB315-A48D-4F32-946B-59471749F489}.StaticDebug|x86.ActiveCfg = Debug|Any CPU
		{E0FAB315-A48D-4F32-946B-59471749F489}.StaticRelease|Any CPU.ActiveCfg = Release|Any CPU
		{E0FAB315-A48D-4F32-946B-59471749F489}.StaticRelease|Any CPU.Build.0 = Release|Any CPU
		{E0FAB315-A48D-4F32-946B-59471749F489}.StaticRelease|Mixed Platforms.ActiveCfg = Release|Any CPU
		{E0FAB315-A48D-4F32-946B-59471749F489}.StaticRelease|Mixed Platforms.Build.0 = Release|Any CPU
		{E0FAB315-A48D-4F32-946B-59471749F489}.StaticRelease|Win32.ActiveCfg = Release|Any CPU
		{E0FAB315-A48D-4F32-946B-59471749F489}.StaticRelease|x86.ActiveCfg = Release|Any CPU
		{B7E8F7D4-6E37-4DA6-8F6B-DCDE73F9E0F4}.Debug|Any CPU.ActiveCfg = Debug|Any CPU
		{B7E8F7D4-6E37-4DA6-8F6B-DCDE73F9E0F4}.Debug|Any CPU.Build.0 = Debug|Any CPU
		{B7E8F7D4-6E37-4DA6-8F6B-DCDE73F9E0F4}.Debug|Mixed Platforms.ActiveCfg = Debug|Any CPU
		{B7E8F7D4-6E37-4DA6-8F6B-DCDE73F9E0F4}.Debug|Mixed Platforms.Build.0 = Debug|Any CPU
		{B7E8F7D4-6E37-4DA6-8F6B-DCDE73F9E0F4}.Debug|Win32.ActiveCfg = Debug|Any CPU
		{B7E8F7D4-6E37-4DA6-8F6B-DCDE73F9E0F4}.Debug|x86.ActiveCfg = Debug|Any CPU
		{B7E8F7D4-6E37-4DA6-8F6B-DCDE73F9E0F4}.Release|Any CPU.ActiveCfg = Release|Any CPU
		{B7E8F7D4-6E37-4DA6-8F6B-DCDE73F9E0F4}.Release|Any CPU.Build.0 = Release|Any CPU
		{B7E8F7D4-6E37-4DA6-8F6B-DCDE73F9E0F4}.Release|Mixed Platforms.ActiveCfg = Release|Any CPU
		{B7E8F7D4-6E37-4DA6-8F6B-DCDE73F9E0F4}.Release|Mixed Platforms.Build.0 = Release|Any CPU
		{B7E8F7D4-6E37-4DA6-8F6B-DCDE73F9E0F4}.Release|Win32.ActiveCfg = Release|Any CPU
		{B7E8F7D4-6E37-4DA6-8F6B-DCDE73F9E0F4}.Release|x86.ActiveCfg = Release|Any CPU
		{B7E8F7D4-6E37-4DA6-8F6B-DCDE73F9E0F4}.ReleaseSingleExe|Any CPU.ActiveCfg = Release|Any CPU
		{B7E8F7D4-6E37-4DA6-8F6B-DCDE73F9E0F4}.ReleaseSingleExe|Any CPU.Build.0 = Release|Any CPU
		{B7E8F7D4-6E37-4DA6-8F6B-DCDE73F9E0F4}.ReleaseSingleExe|Mixed Platforms.ActiveCfg = Release|Any CPU
		{B7E8F7D4-6E37-4DA6-8F6B-DCDE73F9E0F4}.ReleaseSingleExe|Mixed Platforms.Build.0 = Release|Any CPU
		{B7E8F7D4-6E37-4DA6-8F6B-DCDE73F9E0F4}.ReleaseSingleExe|Win32.ActiveCfg = Release|Any CPU
		{B7E8F7D4-6E37-4DA6-8F6B-DCDE73F9E0F4}.ReleaseSingleExe|x86.ActiveCfg = Release|Any CPU
		{B7E8F7D4-6E37-4DA6-8F6B-DCDE73F9E0F4}.Shipping|Any CPU.ActiveCfg = Release|Any CPU
		{B7E8F7D4-6E37-4DA6-8F6B-DCDE73F9E0F4}.Shipping|Any CPU.Build.0 = Release|Any CPU
		{B7E8F7D4-6E37-4DA6-8F6B-DCDE73F9E0F4}.Shipping|Mixed Platforms.ActiveCfg = Release|Any CPU
		{B7E8F7D4-6E37-4DA6-8F6B-DCDE73F9E0F4}.Shipping|Mixed Platforms.Build.0 = Release|Any CPU
		{B7E8F7D4-6E37-4DA6-8F6B-DCDE73F9E0F4}.Shipping|Win32.ActiveCfg = Release|Any CPU
		{B7E8F7D4-6E37-4DA6-8F6B-DCDE73F9E0F4}.Shipping|x86.ActiveCfg = Release|Any CPU
		{B7E8F7D4-6E37-4DA6-8F6B-DCDE73F9E0F4}.ShippingSingleExe|Any CPU.ActiveCfg = Release|Any CPU
		{B7E8F7D4-6E37-4DA6-8F6B-DCDE73F9E0F4}.ShippingSingleExe|Any CPU.Build.0 = Release|Any CPU
		{B7E8F7D4-6E37-4DA6-8F6B-DCDE73F9E0F4}.ShippingSingleExe|Mixed Platforms.ActiveCfg = Release|Any CPU
		{B7E8F7D4-6E37-4DA6-8F6B-DCDE73F9E0F4}.ShippingSingleExe|Mixed Platforms.Build.0 = Release|Any CPU
		{B7E8F7D4-6E37-4DA6-8F6B-DCDE73F9E0F4}.ShippingSingleExe|Win32.ActiveCfg = Release|Any CPU
		{B7E8F7D4-6E37-4DA6-8F6B-DCDE73F9E0F4}.ShippingSingleExe|x86.ActiveCfg = Release|Any CPU
		{B7E8F7D4-6E37-4DA6-8F6B-DCDE73F9E0F4}.StaticDebug|Any CPU.ActiveCfg = Debug|Any CPU
		{B7E8F7D4-6E37-4DA6-8F6B-DCDE73F9E0F4}.StaticDebug|Any CPU.Build.0 = Debug|Any CPU
		{B7E8F7D4-6E37-4DA6-8F6B-DCDE73F9E0F4}.StaticDebug|Mixed Platforms.ActiveCfg = Debug|Any CPU
		{B7E8F7D4-6E37-4DA6-8F6B-DCDE73F9E0F4}.StaticDebug|Mixed Platforms.Build.0 = Debug|Any CPU
		{B7E8F7D4-6E37-4DA6-8F6B-DCDE73F9E0F4}.StaticDebug|Win32.ActiveCfg = Debug|Any CPU
		{B7E8F7D4-6E37-4DA6-8F6B-DCDE73F9E0F4}.StaticDebug|x86.ActiveCfg = Debug|Any CPU
		{B7E8F7D4-6E37-4DA6-8F6B-DCDE73F9E0F4}.StaticRelease|Any CPU.ActiveCfg = Release|Any CPU
		{B7E8F7D4-6E37-4DA6-8F6B-DCDE73F9E0F4}.StaticRelease|Any CPU.Build.0 = Release|Any CPU
		{B7E8F7D4-6E37-4DA6-8F6B-DCDE73F9E0F4}.StaticRelease|Mixed Platforms.ActiveCfg = Release|Any CPU
		{B7E8F7D4-6E37-4DA6-8F6B-DCDE73F9E0F4}.StaticRelease|Mixed Platforms.Build.0 = Release|Any CPU
		{B7E8F7D4-6E37-4DA6-8F6B-DCDE73F9E0F4}.StaticRelease|Win32.ActiveCfg = Release|Any CPU
		{B7E8F7D4-6E37-4DA6-8F6B-DCDE73F9E0F4}.StaticRelease|x86.ActiveCfg = Release|Any CPU
		{B5DE41B2-F957-48EA-851E-87DEFAE079E0}.Debug|Any CPU.ActiveCfg = Debug|Any CPU
		{B5DE41B2-F957-48EA-851E-87DEFAE079E0}.Debug|Any CPU.Build.0 = Debug|Any CPU
		{B5DE41B2-F957-48EA-851E-87DEFAE079E0}.Debug|Mixed Platforms.ActiveCfg = Debug|Any CPU
		{B5DE41B2-F957-48EA-851E-87DEFAE079E0}.Debug|Mixed Platforms.Build.0 = Debug|Any CPU
		{B5DE41B2-F957-48EA-851E-87DEFAE079E0}.Debug|Win32.ActiveCfg = Debug|Any CPU
		{B5DE41B2-F957-48EA-851E-87DEFAE079E0}.Debug|x86.ActiveCfg = Debug|Any CPU
		{B5DE41B2-F957-48EA-851E-87DEFAE079E0}.Release|Any CPU.ActiveCfg = Release|Any CPU
		{B5DE41B2-F957-48EA-851E-87DEFAE079E0}.Release|Any CPU.Build.0 = Release|Any CPU
		{B5DE41B2-F957-48EA-851E-87DEFAE079E0}.Release|Mixed Platforms.ActiveCfg = Release|Any CPU
		{B5DE41B2-F957-48EA-851E-87DEFAE079E0}.Release|Mixed Platforms.Build.0 = Release|Any CPU
		{B5DE41B2-F957-48EA-851E-87DEFAE079E0}.Release|Win32.ActiveCfg = Release|Any CPU
		{B5DE41B2-F957-48EA-851E-87DEFAE079E0}.Release|x86.ActiveCfg = Release|Any CPU
		{B5DE41B2-F957-48EA-851E-87DEFAE079E0}.ReleaseSingleExe|Any CPU.ActiveCfg = Release|Any CPU
		{B5DE41B2-F957-48EA-851E-87DEFAE079E0}.ReleaseSingleExe|Any CPU.Build.0 = Release|Any CPU
		{B5DE41B2-F957-48EA-851E-87DEFAE079E0}.ReleaseSingleExe|Mixed Platforms.ActiveCfg = Release|Any CPU
		{B5DE41B2-F957-48EA-851E-87DEFAE079E0}.ReleaseSingleExe|Mixed Platforms.Build.0 = Release|Any CPU
		{B5DE41B2-F957-48EA-851E-87DEFAE079E0}.ReleaseSingleExe|Win32.ActiveCfg = Release|Any CPU
		{B5DE41B2-F957-48EA-851E-87DEFAE079E0}.ReleaseSingleExe|x86.ActiveCfg = Release|Any CPU
		{B5DE41B2-F957-48EA-851E-87DEFAE079E0}.Shipping|Any CPU.ActiveCfg = Release|Any CPU
		{B5DE41B2-F957-48EA-851E-87DEFAE079E0}.Shipping|Any CPU.Build.0 = Release|Any CPU
		{B5DE41B2-F957-48EA-851E-87DEFAE079E0}.Shipping|Mixed Platforms.ActiveCfg = Release|Any CPU
		{B5DE41B2-F957-48EA-851E-87DEFAE079E0}.Shipping|Mixed Platforms.Build.0 = Release|Any CPU
		{B5DE41B2-F957-48EA-851E-87DEFAE079E0}.Shipping|Win32.ActiveCfg = Release|Any CPU
		{B5DE41B2-F957-48EA-851E-87DEFAE079E0}.Shipping|x86.ActiveCfg = Release|Any CPU
		{B5DE41B2-F957-48EA-851E-87DEFAE079E0}.ShippingSingleExe|Any CPU.ActiveCfg = Release|Any CPU
		{B5DE41B2-F957-48EA-851E-87DEFAE079E0}.ShippingSingleExe|Any CPU.Build.0 = Release|Any CPU
		{B5DE41B2-F957-48EA-851E-87DEFAE079E0}.ShippingSingleExe|Mixed Platforms.ActiveCfg = Release|Any CPU
		{B5DE41B2-F957-48EA-851E-87DEFAE079E0}.ShippingSingleExe|Mixed Platforms.Build.0 = Release|Any CPU
		{B5DE41B2-F957-48EA-851E-87DEFAE079E0}.ShippingSingleExe|Win32.ActiveCfg = Release|Any CPU
		{B5DE41B2-F957-48EA-851E-87DEFAE079E0}.ShippingSingleExe|x86.ActiveCfg = Release|Any CPU
		{B5DE41B2-F957-48EA-851E-87DEFAE079E0}.StaticDebug|Any CPU.ActiveCfg = Debug|Any CPU
		{B5DE41B2-F957-48EA-851E-87DEFAE079E0}.StaticDebug|Any CPU.Build.0 = Debug|Any CPU
		{B5DE41B2-F957-48EA-851E-87DEFAE079E0}.StaticDebug|Mixed Platforms.ActiveCfg = Debug|Any CPU
		{B5DE41B2-F957-48EA-851E-87DEFAE079E0}.StaticDebug|Mixed Platforms.Build.0 = Debug|Any CPU
		{B5DE41B2-F957-48EA-851E-87DEFAE079E0}.StaticDebug|Win32.ActiveCfg = Debug|Any CPU
		{B5DE41B2-F957-48EA-851E-87DEFAE079E0}.StaticDebug|x86.ActiveCfg = Debug|Any CPU
		{B5DE41B2-F957-48EA-851E-87DEFAE079E0}.StaticRelease|Any CPU.ActiveCfg = Release|Any CPU
		{B5DE41B2-F957-48EA-851E-87DEFAE079E0}.StaticRelease|Any CPU.Build.0 = Release|Any CPU
		{B5DE41B2-F957-48EA-851E-87DEFAE079E0}.StaticRelease|Mixed Platforms.ActiveCfg = Release|Any CPU
		{B5DE41B2-F957-48EA-851E-87DEFAE079E0}.StaticRelease|Mixed Platforms.Build.0 = Release|Any CPU
		{B5DE41B2-F957-48EA-851E-87DEFAE079E0}.StaticRelease|Win32.ActiveCfg = Release|Any CPU
		{B5DE41B2-F957-48EA-851E-87DEFAE079E0}.StaticRelease|x86.ActiveCfg = Release|Any CPU
		{CCF1ADBE-B8AA-44BC-9C81-A09F64172F7F}.Debug|Any CPU.ActiveCfg = Debug|Any CPU
		{CCF1ADBE-B8AA-44BC-9C81-A09F64172F7F}.Debug|Any CPU.Build.0 = Debug|Any CPU
		{CCF1ADBE-B8AA-44BC-9C81-A09F64172F7F}.Debug|Mixed Platforms.ActiveCfg = Debug|Any CPU
		{CCF1ADBE-B8AA-44BC-9C81-A09F64172F7F}.Debug|Mixed Platforms.Build.0 = Debug|Any CPU
		{CCF1ADBE-B8AA-44BC-9C81-A09F64172F7F}.Debug|Win32.ActiveCfg = Debug|Any CPU
		{CCF1ADBE-B8AA-44BC-9C81-A09F64172F7F}.Debug|x86.ActiveCfg = Debug|Any CPU
		{CCF1ADBE-B8AA-44BC-9C81-A09F64172F7F}.Release|Any CPU.ActiveCfg = Release|Any CPU
		{CCF1ADBE-B8AA-44BC-9C81-A09F64172F7F}.Release|Any CPU.Build.0 = Release|Any CPU
		{CCF1ADBE-B8AA-44BC-9C81-A09F64172F7F}.Release|Mixed Platforms.ActiveCfg = Release|Any CPU
		{CCF1ADBE-B8AA-44BC-9C81-A09F64172F7F}.Release|Mixed Platforms.Build.0 = Release|Any CPU
		{CCF1ADBE-B8AA-44BC-9C81-A09F64172F7F}.Release|Win32.ActiveCfg = Release|Any CPU
		{CCF1ADBE-B8AA-44BC-9C81-A09F64172F7F}.Release|x86.ActiveCfg = Release|Any CPU
		{CCF1ADBE-B8AA-44BC-9C81-A09F64172F7F}.ReleaseSingleExe|Any CPU.ActiveCfg = Release|Any CPU
		{CCF1ADBE-B8AA-44BC-9C81-A09F64172F7F}.ReleaseSingleExe|Any CPU.Build.0 = Release|Any CPU
		{CCF1ADBE-B8AA-44BC-9C81-A09F64172F7F}.ReleaseSingleExe|Mixed Platforms.ActiveCfg = Release|Any CPU
		{CCF1ADBE-B8AA-44BC-9C81-A09F64172F7F}.ReleaseSingleExe|Mixed Platforms.Build.0 = Release|Any CPU
		{CCF1ADBE-B8AA-44BC-9C81-A09F64172F7F}.ReleaseSingleExe|Win32.ActiveCfg = Release|Any CPU
		{CCF1ADBE-B8AA-44BC-9C81-A09F64172F7F}.ReleaseSingleExe|x86.ActiveCfg = Release|Any CPU
		{CCF1ADBE-B8AA-44BC-9C81-A09F64172F7F}.Shipping|Any CPU.ActiveCfg = Release|Any CPU
		{CCF1ADBE-B8AA-44BC-9C81-A09F64172F7F}.Shipping|Any CPU.Build.0 = Release|Any CPU
		{CCF1ADBE-B8AA-44BC-9C81-A09F64172F7F}.Shipping|Mixed Platforms.ActiveCfg = Release|Any CPU
		{CCF1ADBE-B8AA-44BC-9C81-A09F64172F7F}.Shipping|Mixed Platforms.Build.0 = Release|Any CPU
		{CCF1ADBE-B8AA-44BC-9C81-A09F64172F7F}.Shipping|Win32.ActiveCfg = Release|Any CPU
		{CCF1ADBE-B8AA-44BC-9C81-A09F64172F7F}.Shipping|x86.ActiveCfg = Release|Any CPU
		{CCF1ADBE-B8AA-44BC-9C81-A09F64172F7F}.ShippingSingleExe|Any CPU.ActiveCfg = Release|Any CPU
		{CCF1ADBE-B8AA-44BC-9C81-A09F64172F7F}.ShippingSingleExe|Any CPU.Build.0 = Release|Any CPU
		{CCF1ADBE-B8AA-44BC-9C81-A09F64172F7F}.ShippingSingleExe|Mixed Platforms.ActiveCfg = Release|Any CPU
		{CCF1ADBE-B8AA-44BC-9C81-A09F64172F7F}.ShippingSingleExe|Mixed Platforms.Build.0 = Release|Any CPU
		{CCF1ADBE-B8AA-44BC-9C81-A09F64172F7F}.ShippingSingleExe|Win32.ActiveCfg = Release|Any CPU
		{CCF1ADBE-B8AA-44BC-9C81-A09F64172F7F}.ShippingSingleExe|x86.ActiveCfg = Release|Any CPU
		{CCF1ADBE-B8AA-44BC-9C81-A09F64172F7F}.StaticDebug|Any CPU.ActiveCfg = Debug|Any CPU
		{CCF1ADBE-B8AA-44BC-9C81-A09F64172F7F}.StaticDebug|Any CPU.Build.0 = Debug|Any CPU
		{CCF1ADBE-B8AA-44BC-9C81-A09F64172F7F}.StaticDebug|Mixed Platforms.ActiveCfg = Debug|Any CPU
		{CCF1ADBE-B8AA-44BC-9C81-A09F64172F7F}.StaticDebug|Mixed Platforms.Build.0 = Debug|Any CPU
		{CCF1ADBE-B8AA-44BC-9C81-A09F64172F7F}.StaticDebug|Win32.ActiveCfg = Debug|Any CPU
		{CCF1ADBE-B8AA-44BC-9C81-A09F64172F7F}.StaticDebug|x86.ActiveCfg = Debug|Any CPU
		{CCF1ADBE-B8AA-44BC-9C81-A09F64172F7F}.StaticRelease|Any CPU.ActiveCfg = Release|Any CPU
		{CCF1ADBE-B8AA-44BC-9C81-A09F64172F7F}.StaticRelease|Any CPU.Build.0 = Release|Any CPU
		{CCF1ADBE-B8AA-44BC-9C81-A09F64172F7F}.StaticRelease|Mixed Platforms.ActiveCfg = Release|Any CPU
		{CCF1ADBE-B8AA-44BC-9C81-A09F64172F7F}.StaticRelease|Mixed Platforms.Build.0 = Release|Any CPU
		{CCF1ADBE-B8AA-44BC-9C81-A09F64172F7F}.StaticRelease|Win32.ActiveCfg = Release|Any CPU
		{CCF1ADBE-B8AA-44BC-9C81-A09F64172F7F}.StaticRelease|x86.ActiveCfg = Release|Any CPU
		{A689BE51-4448-4F09-97C9-4EAE60D36E41}.Debug|Any CPU.ActiveCfg = Debug|Any CPU
		{A689BE51-4448-4F09-97C9-4EAE60D36E41}.Debug|Any CPU.Build.0 = Debug|Any CPU
		{A689BE51-4448-4F09-97C9-4EAE60D36E41}.Debug|Mixed Platforms.ActiveCfg = Debug|Any CPU
		{A689BE51-4448-4F09-97C9-4EAE60D36E41}.Debug|Mixed Platforms.Build.0 = Debug|Any CPU
		{A689BE51-4448-4F09-97C9-4EAE60D36E41}.Debug|Win32.ActiveCfg = Debug|Any CPU
		{A689BE51-4448-4F09-97C9-4EAE60D36E41}.Debug|x86.ActiveCfg = Debug|Any CPU
		{A689BE51-4448-4F09-97C9-4EAE60D36E41}.Release|Any CPU.ActiveCfg = Release|Any CPU
		{A689BE51-4448-4F09-97C9-4EAE60D36E41}.Release|Any CPU.Build.0 = Release|Any CPU
		{A689BE51-4448-4F09-97C9-4EAE60D36E41}.Release|Mixed Platforms.ActiveCfg = Release|Any CPU
		{A689BE51-4448-4F09-97C9-4EAE60D36E41}.Release|Mixed Platforms.Build.0 = Release|Any CPU
		{A689BE51-4448-4F09-97C9-4EAE60D36E41}.Release|Win32.ActiveCfg = Release|Any CPU
		{A689BE51-4448-4F09-97C9-4EAE60D36E41}.Release|x86.ActiveCfg = Release|Any CPU
		{A689BE51-4448-4F09-97C9-4EAE60D36E41}.ReleaseSingleExe|Any CPU.ActiveCfg = Release|Any CPU
		{A689BE51-4448-4F09-97C9-4EAE60D36E41}.ReleaseSingleExe|Any CPU.Build.0 = Release|Any CPU
		{A689BE51-4448-4F09-97C9-4EAE60D36E41}.ReleaseSingleExe|Mixed Platforms.ActiveCfg = Release|Any CPU
		{A689BE51-4448-4F09-97C9-4EAE60D36E41}.ReleaseSingleExe|Mixed Platforms.Build.0 = Release|Any CPU
		{A689BE51-4448-4F09-97C9-4EAE60D36E41}.ReleaseSingleExe|Win32.ActiveCfg = Release|Any CPU
		{A689BE51-4448-4F09-97C9-4EAE60D36E41}.ReleaseSingleExe|x86.ActiveCfg = Release|Any CPU
		{A689BE51-4448-4F09-97C9-4EAE60D36E41}.Shipping|Any CPU.ActiveCfg = Release|Any CPU
		{A689BE51-4448-4F09-97C9-4EAE60D36E41}.Shipping|Any CPU.Build.0 = Release|Any CPU
		{A689BE51-4448-4F09-97C9-4EAE60D36E41}.Shipping|Mixed Platforms.ActiveCfg = Release|Any CPU
		{A689BE51-4448-4F09-97C9-4EAE60D36E41}.Shipping|Mixed Platforms.Build.0 = Release|Any CPU
		{A689BE51-4448-4F09-97C9-4EAE60D36E41}.Shipping|Win32.ActiveCfg = Release|Any CPU
		{A689BE51-4448-4F09-97C9-4EAE60D36E41}.Shipping|x86.ActiveCfg = Release|Any CPU
		{A689BE51-4448-4F09-97C9-4EAE60D36E41}.ShippingSingleExe|Any CPU.ActiveCfg = Release|Any CPU
		{A689BE51-4448-4F09-97C9-4EAE60D36E41}.ShippingSingleExe|Any CPU.Build.0 = Release|Any CPU
		{A689BE51-4448-4F09-97C9-4EAE60D36E41}.ShippingSingleExe|Mixed Platforms.ActiveCfg = Release|Any CPU
		{A689BE51-4448-4F09-97C9-4EAE60D36E41}.ShippingSingleExe|Mixed Platforms.Build.0 = Release|Any CPU
		{A689BE51-4448-4F09-97C9-4EAE60D36E41}.ShippingSingleExe|Win32.ActiveCfg = Release|Any CPU
		{A689BE51-4448-4F09-97C9-4EAE60D36E41}.ShippingSingleExe|x86.ActiveCfg = Release|Any CPU
		{A689BE51-4448-4F09-97C9-4EAE60D36E41}.StaticDebug|Any CPU.ActiveCfg = Debug|Any CPU
		{A689BE51-4448-4F09-97C9-4EAE60D36E41}.StaticDebug|Any CPU.Build.0 = Debug|Any CPU
		{A689BE51-4448-4F09-97C9-4EAE60D36E41}.StaticDebug|Mixed Platforms.ActiveCfg = Debug|Any CPU
		{A689BE51-4448-4F09-97C9-4EAE60D36E41}.StaticDebug|Mixed Platforms.Build.0 = Debug|Any CPU
		{A689BE51-4448-4F09-97C9-4EAE60D36E41}.StaticDebug|Win32.ActiveCfg = Debug|Any CPU
		{A689BE51-4448-4F09-97C9-4EAE60D36E41}.StaticDebug|x86.ActiveCfg = Debug|Any CPU
		{A689BE51-4448-4F09-97C9-4EAE60D36E41}.StaticRelease|Any CPU.ActiveCfg = Release|Any CPU
		{A689BE51-4448-4F09-97C9-4EAE60D36E41}.StaticRelease|Any CPU.Build.0 = Release|Any CPU
		{A689BE51-4448-4F09-97C9-4EAE60D36E41}.StaticRelease|Mixed Platforms.ActiveCfg = Release|Any CPU
		{A689BE51-4448-4F09-97C9-4EAE60D36E41}.StaticRelease|Mixed Platforms.Build.0 = Release|Any CPU
		{A689BE51-4448-4F09-97C9-4EAE60D36E41}.StaticRelease|Win32.ActiveCfg = Release|Any CPU
		{A689BE51-4448-4F09-97C9-4EAE60D36E41}.StaticRelease|x86.ActiveCfg = Release|Any CPU
		{D5E46276-46D7-4823-A792-DA6D53F6E2C3}.Debug|Any CPU.ActiveCfg = Debug|Any CPU
		{D5E46276-46D7-4823-A792-DA6D53F6E2C3}.Debug|Any CPU.Build.0 = Debug|Any CPU
		{D5E46276-46D7-4823-A792-DA6D53F6E2C3}.Debug|Mixed Platforms.ActiveCfg = Debug|Any CPU
		{D5E46276-46D7-4823-A792-DA6D53F6E2C3}.Debug|Mixed Platforms.Build.0 = Debug|Any CPU
		{D5E46276-46D7-4823-A792-DA6D53F6E2C3}.Debug|Win32.ActiveCfg = Debug|Any CPU
		{D5E46276-46D7-4823-A792-DA6D53F6E2C3}.Debug|x86.ActiveCfg = Debug|Any CPU
		{D5E46276-46D7-4823-A792-DA6D53F6E2C3}.Release|Any CPU.ActiveCfg = Release|Any CPU
		{D5E46276-46D7-4823-A792-DA6D53F6E2C3}.Release|Any CPU.Build.0 = Release|Any CPU
		{D5E46276-46D7-4823-A792-DA6D53F6E2C3}.Release|Mixed Platforms.ActiveCfg = Release|Any CPU
		{D5E46276-46D7-4823-A792-DA6D53F6E2C3}.Release|Mixed Platforms.Build.0 = Release|Any CPU
		{D5E46276-46D7-4823-A792-DA6D53F6E2C3}.Release|Win32.ActiveCfg = Release|Any CPU
		{D5E46276-46D7-4823-A792-DA6D53F6E2C3}.Release|x86.ActiveCfg = Release|Any CPU
		{D5E46276-46D7-4823-A792-DA6D53F6E2C3}.ReleaseSingleExe|Any CPU.ActiveCfg = Release|Any CPU
		{D5E46276-46D7-4823-A792-DA6D53F6E2C3}.ReleaseSingleExe|Any CPU.Build.0 = Release|Any CPU
		{D5E46276-46D7-4823-A792-DA6D53F6E2C3}.ReleaseSingleExe|Mixed Platforms.ActiveCfg = Release|Any CPU
		{D5E46276-46D7-4823-A792-DA6D53F6E2C3}.ReleaseSingleExe|Mixed Platforms.Build.0 = Release|Any CPU
		{D5E46276-46D7-4823-A792-DA6D53F6E2C3}.ReleaseSingleExe|Win32.ActiveCfg = Release|Any CPU
		{D5E46276-46D7-4823-A792-DA6D53F6E2C3}.ReleaseSingleExe|x86.ActiveCfg = Release|Any CPU
		{D5E46276-46D7-4823-A792-DA6D53F6E2C3}.Shipping|Any CPU.ActiveCfg = Release|Any CPU
		{D5E46276-46D7-4823-A792-DA6D53F6E2C3}.Shipping|Any CPU.Build.0 = Release|Any CPU
		{D5E46276-46D7-4823-A792-DA6D53F6E2C3}.Shipping|Mixed Platforms.ActiveCfg = Release|Any CPU
		{D5E46276-46D7-4823-A792-DA6D53F6E2C3}.Shipping|Mixed Platforms.Build.0 = Release|Any CPU
		{D5E46276-46D7-4823-A792-DA6D53F6E2C3}.Shipping|Win32.ActiveCfg = Release|Any CPU
		{D5E46276-46D7-4823-A792-DA6D53F6E2C3}.Shipping|x86.ActiveCfg = Release|Any CPU
		{D5E46276-46D7-4823-A792-DA6D53F6E2C3}.ShippingSingleExe|Any CPU.ActiveCfg = Release|Any CPU
		{D5E46276-46D7-4823-A792-DA6D53F6E2C3}.ShippingSingleExe|Any CPU.Build.0 = Release|Any CPU
		{D5E46276-46D7-4823-A792-DA6D53F6E2C3}.ShippingSingleExe|Mixed Platforms.ActiveCfg = Release|Any CPU
		{D5E46276-46D7-4823-A792-DA6D53F6E2C3}.ShippingSingleExe|Mixed Platforms.Build.0 = Release|Any CPU
		{D5E46276-46D7-4823-A792-DA6D53F6E2C3}.ShippingSingleExe|Win32.ActiveCfg = Release|Any CPU
		{D5E46276-46D7-4823-A792-DA6D53F6E2C3}.ShippingSingleExe|x86.ActiveCfg = Release|Any CPU
		{D5E46276-46D7-4823-A792-DA6D53F6E2C3}.StaticDebug|Any CPU.ActiveCfg = Debug|Any CPU
		{D5E46276-46D7-4823-A792-DA6D53F6E2C3}.StaticDebug|Any CPU.Build.0 = Debug|Any CPU
		{D5E46276-46D7-4823-A792-DA6D53F6E2C3}.StaticDebug|Mixed Platforms.ActiveCfg = Debug|Any CPU
		{D5E46276-46D7-4823-A792-DA6D53F6E2C3}.StaticDebug|Mixed Platforms.Build.0 = Debug|Any CPU
		{D5E46276-46D7-4823-A792-DA6D53F6E2C3}.StaticDebug|Win32.ActiveCfg = Debug|Any CPU
		{D5E46276-46D7-4823-A792-DA6D53F6E2C3}.StaticDebug|x86.ActiveCfg = Debug|Any CPU
		{D5E46276-46D7-4823-A792-DA6D53F6E2C3}.StaticRelease|Any CPU.ActiveCfg = Release|Any CPU
		{D5E46276-46D7-4823-A792-DA6D53F6E2C3}.StaticRelease|Any CPU.Build.0 = Release|Any CPU
		{D5E46276-46D7-4823-A792-DA6D53F6E2C3}.StaticRelease|Mixed Platforms.ActiveCfg = Release|Any CPU
		{D5E46276-46D7-4823-A792-DA6D53F6E2C3}.StaticRelease|Mixed Platforms.Build.0 = Release|Any CPU
		{D5E46276-46D7-4823-A792-DA6D53F6E2C3}.StaticRelease|Win32.ActiveCfg = Release|Any CPU
		{D5E46276-46D7-4823-A792-DA6D53F6E2C3}.StaticRelease|x86.ActiveCfg = Release|Any CPU
		{7E1D5B50-3D77-4065-8FA1-0A460724A401}.Debug|Any CPU.ActiveCfg = Debug|Any CPU
		{7E1D5B50-3D77-4065-8FA1-0A460724A401}.Debug|Any CPU.Build.0 = Debug|Any CPU
		{7E1D5B50-3D77-4065-8FA1-0A460724A401}.Debug|Mixed Platforms.ActiveCfg = Debug|Any CPU
		{7E1D5B50-3D77-4065-8FA1-0A460724A401}.Debug|Mixed Platforms.Build.0 = Debug|Any CPU
		{7E1D5B50-3D77-4065-8FA1-0A460724A401}.Debug|Win32.ActiveCfg = Debug|Any CPU
		{7E1D5B50-3D77-4065-8FA1-0A460724A401}.Debug|x86.ActiveCfg = Debug|Any CPU
		{7E1D5B50-3D77-4065-8FA1-0A460724A401}.Release|Any CPU.ActiveCfg = Release|Any CPU
		{7E1D5B50-3D77-4065-8FA1-0A460724A401}.Release|Any CPU.Build.0 = Release|Any CPU
		{7E1D5B50-3D77-4065-8FA1-0A460724A401}.Release|Mixed Platforms.ActiveCfg = Release|Any CPU
		{7E1D5B50-3D77-4065-8FA1-0A460724A401}.Release|Mixed Platforms.Build.0 = Release|Any CPU
		{7E1D5B50-3D77-4065-8FA1-0A460724A401}.Release|Win32.ActiveCfg = Release|Any CPU
		{7E1D5B50-3D77-4065-8FA1-0A460724A401}.Release|x86.ActiveCfg = Release|Any CPU
		{7E1D5B50-3D77-4065-8FA1-0A460724A401}.ReleaseSingleExe|Any CPU.ActiveCfg = Release|Any CPU
		{7E1D5B50-3D77-4065-8FA1-0A460724A401}.ReleaseSingleExe|Any CPU.Build.0 = Release|Any CPU
		{7E1D5B50-3D77-4065-8FA1-0A460724A401}.ReleaseSingleExe|Mixed Platforms.ActiveCfg = Release|Any CPU
		{7E1D5B50-3D77-4065-8FA1-0A460724A401}.ReleaseSingleExe|Mixed Platforms.Build.0 = Release|Any CPU
		{7E1D5B50-3D77-4065-8FA1-0A460724A401}.ReleaseSingleExe|Win32.ActiveCfg = Release|Any CPU
		{7E1D5B50-3D77-4065-8FA1-0A460724A401}.ReleaseSingleExe|x86.ActiveCfg = Release|Any CPU
		{7E1D5B50-3D77-4065-8FA1-0A460724A401}.Shipping|Any CPU.ActiveCfg = Release|Any CPU
		{7E1D5B50-3D77-4065-8FA1-0A460724A401}.Shipping|Any CPU.Build.0 = Release|Any CPU
		{7E1D5B50-3D77-4065-8FA1-0A460724A401}.Shipping|Mixed Platforms.ActiveCfg = Release|Any CPU
		{7E1D5B50-3D77-4065-8FA1-0A460724A401}.Shipping|Mixed Platforms.Build.0 = Release|Any CPU
		{7E1D5B50-3D77-4065-8FA1-0A460724A401}.Shipping|Win32.ActiveCfg = Release|Any CPU
		{7E1D5B50-3D77-4065-8FA1-0A460724A401}.Shipping|x86.ActiveCfg = Release|Any CPU
		{7E1D5B50-3D77-4065-8FA1-0A460724A401}.ShippingSingleExe|Any CPU.ActiveCfg = Release|Any CPU
		{7E1D5B50-3D77-4065-8FA1-0A460724A401}.ShippingSingleExe|Any CPU.Build.0 = Release|Any CPU
		{7E1D5B50-3D77-4065-8FA1-0A460724A401}.ShippingSingleExe|Mixed Platforms.ActiveCfg = Release|Any CPU
		{7E1D5B50-3D77-4065-8FA1-0A460724A401}.ShippingSingleExe|Mixed Platforms.Build.0 = Release|Any CPU
		{7E1D5B50-3D77-4065-8FA1-0A460724A401}.ShippingSingleExe|Win32.ActiveCfg = Release|Any CPU
		{7E1D5B50-3D77-4065-8FA1-0A460724A401}.ShippingSingleExe|x86.ActiveCfg = Release|Any CPU
		{7E1D5B50-3D77-4065-8FA1-0A460724A401}.StaticDebug|Any CPU.ActiveCfg = Debug|Any CPU
		{7E1D5B50-3D77-4065-8FA1-0A460724A401}.StaticDebug|Any CPU.Build.0 = Debug|Any CPU
		{7E1D5B50-3D77-4065-8FA1-0A460724A401}.StaticDebug|Mixed Platforms.ActiveCfg = Debug|Any CPU
		{7E1D5B50-3D77-4065-8FA1-0A460724A401}.StaticDebug|Mixed Platforms.Build.0 = Debug|Any CPU
		{7E1D5B50-3D77-4065-8FA1-0A460724A401}.StaticDebug|Win32.ActiveCfg = Debug|Any CPU
		{7E1D5B50-3D77-4065-8FA1-0A460724A401}.StaticDebug|x86.ActiveCfg = Debug|Any CPU
		{7E1D5B50-3D77-4065-8FA1-0A460724A401}.StaticRelease|Any CPU.ActiveCfg = Release|Any CPU
		{7E1D5B50-3D77-4065-8FA1-0A460724A401}.StaticRelease|Any CPU.Build.0 = Release|Any CPU
		{7E1D5B50-3D77-4065-8FA1-0A460724A401}.StaticRelease|Mixed Platforms.ActiveCfg = Release|Any CPU
		{7E1D5B50-3D77-4065-8FA1-0A460724A401}.StaticRelease|Mixed Platforms.Build.0 = Release|Any CPU
		{7E1D5B50-3D77-4065-8FA1-0A460724A401}.StaticRelease|Win32.ActiveCfg = Release|Any CPU
		{7E1D5B50-3D77-4065-8FA1-0A460724A401}.StaticRelease|x86.ActiveCfg = Release|Any CPU
		{59A361ED-A215-47C6-9ACE-9440AE8DC5C4}.Debug|Any CPU.ActiveCfg = Debug|Any CPU
		{59A361ED-A215-47C6-9ACE-9440AE8DC5C4}.Debug|Any CPU.Build.0 = Debug|Any CPU
		{59A361ED-A215-47C6-9ACE-9440AE8DC5C4}.Debug|Mixed Platforms.ActiveCfg = Debug|Any CPU
		{59A361ED-A215-47C6-9ACE-9440AE8DC5C4}.Debug|Mixed Platforms.Build.0 = Debug|Any CPU
		{59A361ED-A215-47C6-9ACE-9440AE8DC5C4}.Debug|Win32.ActiveCfg = Debug|Any CPU
		{59A361ED-A215-47C6-9ACE-9440AE8DC5C4}.Debug|x86.ActiveCfg = Debug|Any CPU
		{59A361ED-A215-47C6-9ACE-9440AE8DC5C4}.Release|Any CPU.ActiveCfg = Release|Any CPU
		{59A361ED-A215-47C6-9ACE-9440AE8DC5C4}.Release|Any CPU.Build.0 = Release|Any CPU
		{59A361ED-A215-47C6-9ACE-9440AE8DC5C4}.Release|Mixed Platforms.ActiveCfg = Release|Any CPU
		{59A361ED-A215-47C6-9ACE-9440AE8DC5C4}.Release|Mixed Platforms.Build.0 = Release|Any CPU
		{59A361ED-A215-47C6-9ACE-9440AE8DC5C4}.Release|Win32.ActiveCfg = Release|Any CPU
		{59A361ED-A215-47C6-9ACE-9440AE8DC5C4}.Release|x86.ActiveCfg = Release|Any CPU
		{59A361ED-A215-47C6-9ACE-9440AE8DC5C4}.ReleaseSingleExe|Any CPU.ActiveCfg = Release|Any CPU
		{59A361ED-A215-47C6-9ACE-9440AE8DC5C4}.ReleaseSingleExe|Any CPU.Build.0 = Release|Any CPU
		{59A361ED-A215-47C6-9ACE-9440AE8DC5C4}.ReleaseSingleExe|Mixed Platforms.ActiveCfg = Release|Any CPU
		{59A361ED-A215-47C6-9ACE-9440AE8DC5C4}.ReleaseSingleExe|Mixed Platforms.Build.0 = Release|Any CPU
		{59A361ED-A215-47C6-9ACE-9440AE8DC5C4}.ReleaseSingleExe|Win32.ActiveCfg = Release|Any CPU
		{59A361ED-A215-47C6-9ACE-9440AE8DC5C4}.ReleaseSingleExe|x86.ActiveCfg = Release|Any CPU
		{59A361ED-A215-47C6-9ACE-9440AE8DC5C4}.Shipping|Any CPU.ActiveCfg = Release|Any CPU
		{59A361ED-A215-47C6-9ACE-9440AE8DC5C4}.Shipping|Any CPU.Build.0 = Release|Any CPU
		{59A361ED-A215-47C6-9ACE-9440AE8DC5C4}.Shipping|Mixed Platforms.ActiveCfg = Release|Any CPU
		{59A361ED-A215-47C6-9ACE-9440AE8DC5C4}.Shipping|Mixed Platforms.Build.0 = Release|Any CPU
		{59A361ED-A215-47C6-9ACE-9440AE8DC5C4}.Shipping|Win32.ActiveCfg = Release|Any CPU
		{59A361ED-A215-47C6-9ACE-9440AE8DC5C4}.Shipping|x86.ActiveCfg = Release|Any CPU
		{59A361ED-A215-47C6-9ACE-9440AE8DC5C4}.ShippingSingleExe|Any CPU.ActiveCfg = Release|Any CPU
		{59A361ED-A215-47C6-9ACE-9440AE8DC5C4}.ShippingSingleExe|Any CPU.Build.0 = Release|Any CPU
		{59A361ED-A215-47C6-9ACE-9440AE8DC5C4}.ShippingSingleExe|Mixed Platforms.ActiveCfg = Release|Any CPU
		{59A361ED-A215-47C6-9ACE-9440AE8DC5C4}.ShippingSingleExe|Mixed Platforms.Build.0 = Release|Any CPU
		{59A361ED-A215-47C6-9ACE-9440AE8DC5C4}.ShippingSingleExe|Win32.ActiveCfg = Release|Any CPU
		{59A361ED-A215-47C6-9ACE-9440AE8DC5C4}.ShippingSingleExe|x86.ActiveCfg = Release|Any CPU
		{59A361ED-A215-47C6-9ACE-9440AE8DC5C4}.StaticDebug|Any CPU.ActiveCfg = Debug|Any CPU
		{59A361ED-A215-47C6-9ACE-9440AE8DC5C4}.StaticDebug|Any CPU.Build.0 = Debug|Any CPU
		{59A361ED-A215-47C6-9ACE-9440AE8DC5C4}.StaticDebug|Mixed Platforms.ActiveCfg = Debug|Any CPU
		{59A361ED-A215-47C6-9ACE-9440AE8DC5C4}.StaticDebug|Mixed Platforms.Build.0 = Debug|Any CPU
		{59A361ED-A215-47C6-9ACE-9440AE8DC5C4}.StaticDebug|Win32.ActiveCfg = Debug|Any CPU
		{59A361ED-A215-47C6-9ACE-9440AE8DC5C4}.StaticDebug|x86.ActiveCfg = Debug|Any CPU
		{59A361ED-A215-47C6-9ACE-9440AE8DC5C4}.StaticRelease|Any CPU.ActiveCfg = Release|Any CPU
		{59A361ED-A215-47C6-9ACE-9440AE8DC5C4}.StaticRelease|Any CPU.Build.0 = Release|Any CPU
		{59A361ED-A215-47C6-9ACE-9440AE8DC5C4}.StaticRelease|Mixed Platforms.ActiveCfg = Release|Any CPU
		{59A361ED-A215-47C6-9ACE-9440AE8DC5C4}.StaticRelease|Mixed Platforms.Build.0 = Release|Any CPU
		{59A361ED-A215-47C6-9ACE-9440AE8DC5C4}.StaticRelease|Win32.ActiveCfg = Release|Any CPU
		{59A361ED-A215-47C6-9ACE-9440AE8DC5C4}.StaticRelease|x86.ActiveCfg = Release|Any CPU
		{E1B1F76B-5499-4725-AB2C-A2F76356D684}.Debug|Any CPU.ActiveCfg = Debug|Win32
		{E1B1F76B-5499-4725-AB2C-A2F76356D684}.Debug|Mixed Platforms.ActiveCfg = Debug|Win32
		{E1B1F76B-5499-4725-AB2C-A2F76356D684}.Debug|Mixed Platforms.Build.0 = Debug|Win32
		{E1B1F76B-5499-4725-AB2C-A2F76356D684}.Debug|Win32.ActiveCfg = Debug|Win32
		{E1B1F76B-5499-4725-AB2C-A2F76356D684}.Debug|Win32.Build.0 = Debug|Win32
		{E1B1F76B-5499-4725-AB2C-A2F76356D684}.Debug|x86.ActiveCfg = Debug|Win32
		{E1B1F76B-5499-4725-AB2C-A2F76356D684}.Release|Any CPU.ActiveCfg = Release|Win32
		{E1B1F76B-5499-4725-AB2C-A2F76356D684}.Release|Mixed Platforms.ActiveCfg = Release|Win32
		{E1B1F76B-5499-4725-AB2C-A2F76356D684}.Release|Mixed Platforms.Build.0 = Release|Win32
		{E1B1F76B-5499-4725-AB2C-A2F76356D684}.Release|Win32.ActiveCfg = Release|Win32
		{E1B1F76B-5499-4725-AB2C-A2F76356D684}.Release|Win32.Build.0 = Release|Win32
		{E1B1F76B-5499-4725-AB2C-A2F76356D684}.Release|x86.ActiveCfg = Release|Win32
		{E1B1F76B-5499-4725-AB2C-A2F76356D684}.ReleaseSingleExe|Any CPU.ActiveCfg = ReleaseSingleExe|Win32
		{E1B1F76B-5499-4725-AB2C-A2F76356D684}.ReleaseSingleExe|Mixed Platforms.ActiveCfg = ReleaseSingleExe|Win32
		{E1B1F76B-5499-4725-AB2C-A2F76356D684}.ReleaseSingleExe|Mixed Platforms.Build.0 = ReleaseSingleExe|Win32
		{E1B1F76B-5499-4725-AB2C-A2F76356D684}.ReleaseSingleExe|Win32.ActiveCfg = ReleaseSingleExe|Win32
		{E1B1F76B-5499-4725-AB2C-A2F76356D684}.ReleaseSingleExe|Win32.Build.0 = ReleaseSingleExe|Win32
		{E1B1F76B-5499-4725-AB2C-A2F76356D684}.ReleaseSingleExe|x86.ActiveCfg = ReleaseSingleExe|Win32
		{E1B1F76B-5499-4725-AB2C-A2F76356D684}.Shipping|Any CPU.ActiveCfg = ShippingSingleExe|Win32
		{E1B1F76B-5499-4725-AB2C-A2F76356D684}.Shipping|Mixed Platforms.ActiveCfg = ShippingSingleExe|Win32
		{E1B1F76B-5499-4725-AB2C-A2F76356D684}.Shipping|Mixed Platforms.Build.0 = ShippingSingleExe|Win32
		{E1B1F76B-5499-4725-AB2C-A2F76356D684}.Shipping|Win32.ActiveCfg = ShippingSingleExe|Win32
		{E1B1F76B-5499-4725-AB2C-A2F76356D684}.Shipping|Win32.Build.0 = ShippingSingleExe|Win32
		{E1B1F76B-5499-4725-AB2C-A2F76356D684}.Shipping|x86.ActiveCfg = ShippingSingleExe|Win32
		{E1B1F76B-5499-4725-AB2C-A2F76356D684}.ShippingSingleExe|Any CPU.ActiveCfg = ShippingSingleExe|Win32
		{E1B1F76B-5499-4725-AB2C-A2F76356D684}.ShippingSingleExe|Mixed Platforms.ActiveCfg = ShippingSingleExe|Win32
		{E1B1F76B-5499-4725-AB2C-A2F76356D684}.ShippingSingleExe|Mixed Platforms.Build.0 = ShippingSingleExe|Win32
		{E1B1F76B-5499-4725-AB2C-A2F76356D684}.ShippingSingleExe|Win32.ActiveCfg = ShippingSingleExe|Win32
		{E1B1F76B-5499-4725-AB2C-A2F76356D684}.ShippingSingleExe|Win32.Build.0 = ShippingSingleExe|Win32
		{E1B1F76B-5499-4725-AB2C-A2F76356D684}.ShippingSingleExe|x86.ActiveCfg = ShippingSingleExe|Win32
		{E1B1F76B-5499-4725-AB2C-A2F76356D684}.StaticDebug|Any CPU.ActiveCfg = Debug|Win32
		{E1B1F76B-5499-4725-AB2C-A2F76356D684}.StaticDebug|Mixed Platforms.ActiveCfg = Debug|Win32
		{E1B1F76B-5499-4725-AB2C-A2F76356D684}.StaticDebug|Mixed Platforms.Build.0 = Debug|Win32
		{E1B1F76B-5499-4725-AB2C-A2F76356D684}.StaticDebug|Win32.ActiveCfg = Debug|Win32
		{E1B1F76B-5499-4725-AB2C-A2F76356D684}.StaticDebug|Win32.Build.0 = Debug|Win32
		{E1B1F76B-5499-4725-AB2C-A2F76356D684}.StaticDebug|x86.ActiveCfg = Debug|Win32
		{E1B1F76B-5499-4725-AB2C-A2F76356D684}.StaticRelease|Any CPU.ActiveCfg = Release|Win32
		{E1B1F76B-5499-4725-AB2C-A2F76356D684}.StaticRelease|Mixed Platforms.ActiveCfg = Release|Win32
		{E1B1F76B-5499-4725-AB2C-A2F76356D684}.StaticRelease|Mixed Platforms.Build.0 = Release|Win32
		{E1B1F76B-5499-4725-AB2C-A2F76356D684}.StaticRelease|Win32.ActiveCfg = Release|Win32
		{E1B1F76B-5499-4725-AB2C-A2F76356D684}.StaticRelease|Win32.Build.0 = Release|Win32
		{E1B1F76B-5499-4725-AB2C-A2F76356D684}.StaticRelease|x86.ActiveCfg = Release|Win32
	EndGlobalSection
	GlobalSection(SolutionProperties) = preSolution
		HideSolutionNode = FALSE
	EndGlobalSection
	GlobalSection(DPCodeReviewSolutionGUID) = preSolution
		DPCodeReviewSolutionGUID = {00000000-0000-0000-0000-000000000000}
	EndGlobalSection
EndGlobal
