
Microsoft Visual Studio Solution File, Format Version 10.00
# Visual Studio 2008
Project("{FAE04EC0-301F-11D3-BF4B-00C04F79EFBC}") = "repairversion", "repairversion.csproj", "{4A879BE7-F243-45EC-AB3D-7F07170702FF}"
EndProject
Project("{FAE04EC0-301F-11D3-BF4B-00C04F79EFBC}") = "copycontent", "copycontent.csproj", "{9E9C2F23-EC0E-41C6-9C27-DF569D94B981}"
EndProject
Global
	GlobalSection(SolutionConfigurationPlatforms) = preSolution
		Debug|Any CPU = Debug|Any CPU
		Release|Any CPU = Release|Any CPU
	EndGlobalSection
	GlobalSection(ProjectConfigurationPlatforms) = postSolution
		{4A879BE7-F243-45EC-AB3D-7F07170702FF}.Debug|Any CPU.ActiveCfg = Debug|Any CPU
		{4A879BE7-F243-45EC-AB3D-7F07170702FF}.Debug|Any CPU.Build.0 = Debug|Any CPU
		{4A879BE7-F243-45EC-AB3D-7F07170702FF}.Release|Any CPU.ActiveCfg = Release|Any CPU
		{4A879BE7-F243-45EC-AB3D-7F07170702FF}.Release|Any CPU.Build.0 = Release|Any CPU
		{9E9C2F23-EC0E-41C6-9C27-DF569D94B981}.Debug|Any CPU.ActiveCfg = Debug|Any CPU
		{9E9C2F23-EC0E-41C6-9C27-DF569D94B981}.Debug|Any CPU.Build.0 = Debug|Any CPU
		{9E9C2F23-EC0E-41C6-9C27-DF569D94B981}.Release|Any CPU.ActiveCfg = Release|Any CPU
		{9E9C2F23-EC0E-41C6-9C27-DF569D94B981}.Release|Any CPU.Build.0 = Release|Any CPU
	EndGlobalSection
	GlobalSection(SolutionProperties) = preSolution
		HideSolutionNode = FALSE
	EndGlobalSection
EndGlobal
