
Microsoft Visual Studio Solution File, Format Version 11.00
# Visual Studio 2010
Project("{FAE04EC0-301F-11D3-BF4B-00C04F79EFBC}") = "ControlCenter", "ControlCenter\ControlCenter.csproj", "{9B74F824-6C7E-43D1-835D-6AFDEF87C079}"
EndProject
Project("{FAE04EC0-301F-11D3-BF4B-00C04F79EFBC}") = "ControlCenter.Tests", "ControlCenter.Tests\ControlCenter.Tests.csproj", "{07D9E855-5D53-4044-AB9A-61911B09F5FA}"
EndProject
Project("{FAE04EC0-301F-11D3-BF4B-00C04F79EFBC}") = "AccountLib", "AccountLib\AccountLib.csproj", "{CAFB0C07-03D4-412C-8C44-EB3ED2806343}"
EndProject
Project("{FAE04EC0-301F-11D3-BF4B-00C04F79EFBC}") = "AdminLib", "AdminLib\AdminLib.csproj", "{9211B0DF-3802-4E12-9B00-1F387432BDB5}"
EndProject
Project("{FAE04EC0-301F-11D3-BF4B-00C04F79EFBC}") = "AdminLib.Tests", "AdminLib.Tests\AdminLib.Tests.csproj", "{DB1F4A8D-58D0-4B9A-9349-AD86869FB329}"
EndProject
Project("{FAE04EC0-301F-11D3-BF4B-00C04F79EFBC}") = "ClusterLib", "ClusterLib\ClusterLib.csproj", "{A279CFF9-F620-4A22-944D-29045822C97A}"
EndProject
Project("{FAE04EC0-301F-11D3-BF4B-00C04F79EFBC}") = "MonitoringSummaryLib", "MonitoringSummaryLib\MonitoringSummaryLib.csproj", "{5C47DEA3-9515-499E-BE5B-909C2658E1C6}"
EndProject
Project("{FAE04EC0-301F-11D3-BF4B-00C04F79EFBC}") = "DAL", "..\..\..\..\..\Tools\GMTools\DAL\DAL.csproj", "{7951773E-1351-440A-81EE-E1A6A5769D26}"
EndProject
Project("{FAE04EC0-301F-11D3-BF4B-00C04F79EFBC}") = "DAL.Tests", "..\..\..\..\..\Tools\GMTools\DAL.Tests\DAL.Tests.csproj", "{D5E46276-46D7-4823-A792-DA6D53F6E2C3}"
EndProject
Global
	GlobalSection(SolutionConfigurationPlatforms) = preSolution
		Debug|Any CPU = Debug|Any CPU
		Release|Any CPU = Release|Any CPU
	EndGlobalSection
	GlobalSection(ProjectConfigurationPlatforms) = postSolution
		{9B74F824-6C7E-43D1-835D-6AFDEF87C079}.Debug|Any CPU.ActiveCfg = Debug|Any CPU
		{9B74F824-6C7E-43D1-835D-6AFDEF87C079}.Debug|Any CPU.Build.0 = Debug|Any CPU
		{9B74F824-6C7E-43D1-835D-6AFDEF87C079}.Release|Any CPU.ActiveCfg = Release|Any CPU
		{9B74F824-6C7E-43D1-835D-6AFDEF87C079}.Release|Any CPU.Build.0 = Release|Any CPU
		{07D9E855-5D53-4044-AB9A-61911B09F5FA}.Debug|Any CPU.ActiveCfg = Debug|Any CPU
		{07D9E855-5D53-4044-AB9A-61911B09F5FA}.Debug|Any CPU.Build.0 = Debug|Any CPU
		{07D9E855-5D53-4044-AB9A-61911B09F5FA}.Release|Any CPU.ActiveCfg = Release|Any CPU
		{07D9E855-5D53-4044-AB9A-61911B09F5FA}.Release|Any CPU.Build.0 = Release|Any CPU
		{CAFB0C07-03D4-412C-8C44-EB3ED2806343}.Debug|Any CPU.ActiveCfg = Debug|Any CPU
		{CAFB0C07-03D4-412C-8C44-EB3ED2806343}.Debug|Any CPU.Build.0 = Debug|Any CPU
		{CAFB0C07-03D4-412C-8C44-EB3ED2806343}.Release|Any CPU.ActiveCfg = Release|Any CPU
		{CAFB0C07-03D4-412C-8C44-EB3ED2806343}.Release|Any CPU.Build.0 = Release|Any CPU
		{9211B0DF-3802-4E12-9B00-1F387432BDB5}.Debug|Any CPU.ActiveCfg = Debug|Any CPU
		{9211B0DF-3802-4E12-9B00-1F387432BDB5}.Debug|Any CPU.Build.0 = Debug|Any CPU
		{9211B0DF-3802-4E12-9B00-1F387432BDB5}.Release|Any CPU.ActiveCfg = Release|Any CPU
		{9211B0DF-3802-4E12-9B00-1F387432BDB5}.Release|Any CPU.Build.0 = Release|Any CPU
		{DB1F4A8D-58D0-4B9A-9349-AD86869FB329}.Debug|Any CPU.ActiveCfg = Debug|Any CPU
		{DB1F4A8D-58D0-4B9A-9349-AD86869FB329}.Debug|Any CPU.Build.0 = Debug|Any CPU
		{DB1F4A8D-58D0-4B9A-9349-AD86869FB329}.Release|Any CPU.ActiveCfg = Release|Any CPU
		{DB1F4A8D-58D0-4B9A-9349-AD86869FB329}.Release|Any CPU.Build.0 = Release|Any CPU
		{A279CFF9-F620-4A22-944D-29045822C97A}.Debug|Any CPU.ActiveCfg = Debug|Any CPU
		{A279CFF9-F620-4A22-944D-29045822C97A}.Debug|Any CPU.Build.0 = Debug|Any CPU
		{A279CFF9-F620-4A22-944D-29045822C97A}.Release|Any CPU.ActiveCfg = Release|Any CPU
		{A279CFF9-F620-4A22-944D-29045822C97A}.Release|Any CPU.Build.0 = Release|Any CPU
		{5C47DEA3-9515-499E-BE5B-909C2658E1C6}.Debug|Any CPU.ActiveCfg = Debug|Any CPU
		{5C47DEA3-9515-499E-BE5B-909C2658E1C6}.Debug|Any CPU.Build.0 = Debug|Any CPU
		{5C47DEA3-9515-499E-BE5B-909C2658E1C6}.Release|Any CPU.ActiveCfg = Release|Any CPU
		{5C47DEA3-9515-499E-BE5B-909C2658E1C6}.Release|Any CPU.Build.0 = Release|Any CPU
		{7951773E-1351-440A-81EE-E1A6A5769D26}.Debug|Any CPU.ActiveCfg = Debug|Any CPU
		{7951773E-1351-440A-81EE-E1A6A5769D26}.Debug|Any CPU.Build.0 = Debug|Any CPU
		{7951773E-1351-440A-81EE-E1A6A5769D26}.Release|Any CPU.ActiveCfg = Release|Any CPU
		{7951773E-1351-440A-81EE-E1A6A5769D26}.Release|Any CPU.Build.0 = Release|Any CPU
		{D5E46276-46D7-4823-A792-DA6D53F6E2C3}.Debug|Any CPU.ActiveCfg = Debug|Any CPU
		{D5E46276-46D7-4823-A792-DA6D53F6E2C3}.Debug|Any CPU.Build.0 = Debug|Any CPU
		{D5E46276-46D7-4823-A792-DA6D53F6E2C3}.Release|Any CPU.ActiveCfg = Release|Any CPU
		{D5E46276-46D7-4823-A792-DA6D53F6E2C3}.Release|Any CPU.Build.0 = Release|Any CPU
	EndGlobalSection
	GlobalSection(SolutionProperties) = preSolution
		HideSolutionNode = FALSE
	EndGlobalSection
EndGlobal
