
Microsoft Visual Studio Solution File, Format Version 12.00
# Visual Studio 2012
Project("{FAE04EC0-301F-11D3-BF4B-00C04F79EFBC}") = "libdb.NET", "libdb.NET\libdb.NET.csproj", "{2369C873-8C70-4197-8CAB-67D34C9D5412}"
EndProject
Project("{FAE04EC0-301F-11D3-BF4B-00C04F79EFBC}") = "Types", "Types\Types.csproj", "{2D99C064-8D94-402F-AFB8-19FC429DF5C2}"
EndProject
Project("{FAE04EC0-301F-11D3-BF4B-00C04F79EFBC}") = "Types.DBTypes", "Types.DBTypes\Types.DBTypes.csproj", "{CB33BF48-712E-4EAB-8436-E64DC30CBCD7}"
EndProject
Project("{FAE04EC0-301F-11D3-BF4B-00C04F79EFBC}") = "PF_Types", "PF_Types\PF_Types.csproj", "{8F47D4BB-33C0-4266-BB4C-AFEAFCF4BDE9}"
EndProject
Project("{FAE04EC0-301F-11D3-BF4B-00C04F79EFBC}") = "PF_Types.DBTypes", "PF_Types.DBTypes\PF_Types.DBTypes.csproj", "{66E75FE1-7475-4096-B532-F8F8C033FE9A}"
EndProject
Project("{FAE04EC0-301F-11D3-BF4B-00C04F79EFBC}") = "SocialTypes", "SocialTypes\SocialTypes.csproj", "{711E9848-CEF5-417A-A9EE-FFBED3A58156}"
EndProject
Project("{FAE04EC0-301F-11D3-BF4B-00C04F79EFBC}") = "SocialTypes.DBTypes", "SocialTypes.DBTypes\SocialTypes.DBTypes.csproj", "{E1B1F76B-5499-4725-AB2C-A2F76356D684}"
EndProject
Global
	GlobalSection(SolutionConfigurationPlatforms) = preSolution
		Debug|Any CPU = Debug|Any CPU
		Debug|Mixed Platforms = Debug|Mixed Platforms
		Debug|Win32 = Debug|Win32
		Release|Any CPU = Release|Any CPU
		Release|Mixed Platforms = Release|Mixed Platforms
		Release|Win32 = Release|Win32
		ReleaseSingleExe|Any CPU = ReleaseSingleExe|Any CPU
		ReleaseSingleExe|Mixed Platforms = ReleaseSingleExe|Mixed Platforms
		ReleaseSingleExe|Win32 = ReleaseSingleExe|Win32
		Shipping|Any CPU = Shipping|Any CPU
		Shipping|Mixed Platforms = Shipping|Mixed Platforms
		Shipping|Win32 = Shipping|Win32
		ShippingSingleExe|Any CPU = ShippingSingleExe|Any CPU
		ShippingSingleExe|Mixed Platforms = ShippingSingleExe|Mixed Platforms
		ShippingSingleExe|Win32 = ShippingSingleExe|Win32
	EndGlobalSection
	GlobalSection(ProjectConfigurationPlatforms) = postSolution
		{2369C873-8C70-4197-8CAB-67D34C9D5412}.Debug|Any CPU.ActiveCfg = Debug|Win32
		{2369C873-8C70-4197-8CAB-67D34C9D5412}.Debug|Mixed Platforms.ActiveCfg = Debug|Win32
		{2369C873-8C70-4197-8CAB-67D34C9D5412}.Debug|Mixed Platforms.Build.0 = Debug|Win32
		{2369C873-8C70-4197-8CAB-67D34C9D5412}.Debug|Win32.ActiveCfg = Debug|Win32
		{2369C873-8C70-4197-8CAB-67D34C9D5412}.Debug|Win32.Build.0 = Debug|Win32
		{2369C873-8C70-4197-8CAB-67D34C9D5412}.Release|Any CPU.ActiveCfg = Release|Win32
		{2369C873-8C70-4197-8CAB-67D34C9D5412}.Release|Mixed Platforms.ActiveCfg = Release|Win32
		{2369C873-8C70-4197-8CAB-67D34C9D5412}.Release|Mixed Platforms.Build.0 = Release|Win32
		{2369C873-8C70-4197-8CAB-67D34C9D5412}.Release|Win32.ActiveCfg = Release|Win32
		{2369C873-8C70-4197-8CAB-67D34C9D5412}.Release|Win32.Build.0 = Release|Win32
		{2369C873-8C70-4197-8CAB-67D34C9D5412}.ReleaseSingleExe|Any CPU.ActiveCfg = ReleaseSingleExe|Win32
		{2369C873-8C70-4197-8CAB-67D34C9D5412}.ReleaseSingleExe|Mixed Platforms.ActiveCfg = ReleaseSingleExe|Win32
		{2369C873-8C70-4197-8CAB-67D34C9D5412}.ReleaseSingleExe|Mixed Platforms.Build.0 = ReleaseSingleExe|Win32
		{2369C873-8C70-4197-8CAB-67D34C9D5412}.ReleaseSingleExe|Win32.ActiveCfg = ReleaseSingleExe|Win32
		{2369C873-8C70-4197-8CAB-67D34C9D5412}.ReleaseSingleExe|Win32.Build.0 = ReleaseSingleExe|Win32
		{2369C873-8C70-4197-8CAB-67D34C9D5412}.Shipping|Any CPU.ActiveCfg = Shipping|Win32
		{2369C873-8C70-4197-8CAB-67D34C9D5412}.Shipping|Mixed Platforms.ActiveCfg = Shipping|Win32
		{2369C873-8C70-4197-8CAB-67D34C9D5412}.Shipping|Mixed Platforms.Build.0 = Shipping|Win32
		{2369C873-8C70-4197-8CAB-67D34C9D5412}.Shipping|Win32.ActiveCfg = Shipping|Win32
		{2369C873-8C70-4197-8CAB-67D34C9D5412}.Shipping|Win32.Build.0 = Shipping|Win32
		{2369C873-8C70-4197-8CAB-67D34C9D5412}.ShippingSingleExe|Any CPU.ActiveCfg = ShippingSingleExe|Win32
		{2369C873-8C70-4197-8CAB-67D34C9D5412}.ShippingSingleExe|Mixed Platforms.ActiveCfg = ShippingSingleExe|Win32
		{2369C873-8C70-4197-8CAB-67D34C9D5412}.ShippingSingleExe|Mixed Platforms.Build.0 = ShippingSingleExe|Win32
		{2369C873-8C70-4197-8CAB-67D34C9D5412}.ShippingSingleExe|Win32.ActiveCfg = ShippingSingleExe|Win32
		{2369C873-8C70-4197-8CAB-67D34C9D5412}.ShippingSingleExe|Win32.Build.0 = ShippingSingleExe|Win32
		{2D99C064-8D94-402F-AFB8-19FC429DF5C2}.Debug|Any CPU.ActiveCfg = Debug|Win32
		{2D99C064-8D94-402F-AFB8-19FC429DF5C2}.Debug|Mixed Platforms.ActiveCfg = Debug|Win32
		{2D99C064-8D94-402F-AFB8-19FC429DF5C2}.Debug|Mixed Platforms.Build.0 = Debug|Win32
		{2D99C064-8D94-402F-AFB8-19FC429DF5C2}.Debug|Win32.ActiveCfg = Debug|Win32
		{2D99C064-8D94-402F-AFB8-19FC429DF5C2}.Debug|Win32.Build.0 = Debug|Win32
		{2D99C064-8D94-402F-AFB8-19FC429DF5C2}.Release|Any CPU.ActiveCfg = Release|Win32
		{2D99C064-8D94-402F-AFB8-19FC429DF5C2}.Release|Mixed Platforms.ActiveCfg = Release|Win32
		{2D99C064-8D94-402F-AFB8-19FC429DF5C2}.Release|Mixed Platforms.Build.0 = Release|Win32
		{2D99C064-8D94-402F-AFB8-19FC429DF5C2}.Release|Win32.ActiveCfg = Release|Win32
		{2D99C064-8D94-402F-AFB8-19FC429DF5C2}.Release|Win32.Build.0 = Release|Win32
		{2D99C064-8D94-402F-AFB8-19FC429DF5C2}.ReleaseSingleExe|Any CPU.ActiveCfg = ReleaseSingleExe|Win32
		{2D99C064-8D94-402F-AFB8-19FC429DF5C2}.ReleaseSingleExe|Mixed Platforms.ActiveCfg = ReleaseSingleExe|Win32
		{2D99C064-8D94-402F-AFB8-19FC429DF5C2}.ReleaseSingleExe|Mixed Platforms.Build.0 = ReleaseSingleExe|Win32
		{2D99C064-8D94-402F-AFB8-19FC429DF5C2}.ReleaseSingleExe|Win32.ActiveCfg = ReleaseSingleExe|Win32
		{2D99C064-8D94-402F-AFB8-19FC429DF5C2}.ReleaseSingleExe|Win32.Build.0 = ReleaseSingleExe|Win32
		{2D99C064-8D94-402F-AFB8-19FC429DF5C2}.Shipping|Any CPU.ActiveCfg = Shipping|Win32
		{2D99C064-8D94-402F-AFB8-19FC429DF5C2}.Shipping|Mixed Platforms.ActiveCfg = Shipping|Win32
		{2D99C064-8D94-402F-AFB8-19FC429DF5C2}.Shipping|Mixed Platforms.Build.0 = Shipping|Win32
		{2D99C064-8D94-402F-AFB8-19FC429DF5C2}.Shipping|Win32.ActiveCfg = Shipping|Win32
		{2D99C064-8D94-402F-AFB8-19FC429DF5C2}.Shipping|Win32.Build.0 = Shipping|Win32
		{2D99C064-8D94-402F-AFB8-19FC429DF5C2}.ShippingSingleExe|Any CPU.ActiveCfg = ShippingSingleExe|Win32
		{2D99C064-8D94-402F-AFB8-19FC429DF5C2}.ShippingSingleExe|Mixed Platforms.ActiveCfg = ShippingSingleExe|Win32
		{2D99C064-8D94-402F-AFB8-19FC429DF5C2}.ShippingSingleExe|Mixed Platforms.Build.0 = ShippingSingleExe|Win32
		{2D99C064-8D94-402F-AFB8-19FC429DF5C2}.ShippingSingleExe|Win32.ActiveCfg = ShippingSingleExe|Win32
		{2D99C064-8D94-402F-AFB8-19FC429DF5C2}.ShippingSingleExe|Win32.Build.0 = ShippingSingleExe|Win32
		{CB33BF48-712E-4EAB-8436-E64DC30CBCD7}.Debug|Any CPU.ActiveCfg = Debug|Win32
		{CB33BF48-712E-4EAB-8436-E64DC30CBCD7}.Debug|Mixed Platforms.ActiveCfg = Debug|Win32
		{CB33BF48-712E-4EAB-8436-E64DC30CBCD7}.Debug|Mixed Platforms.Build.0 = Debug|Win32
		{CB33BF48-712E-4EAB-8436-E64DC30CBCD7}.Debug|Win32.ActiveCfg = Debug|Win32
		{CB33BF48-712E-4EAB-8436-E64DC30CBCD7}.Debug|Win32.Build.0 = Debug|Win32
		{CB33BF48-712E-4EAB-8436-E64DC30CBCD7}.Release|Any CPU.ActiveCfg = Release|Win32
		{CB33BF48-712E-4EAB-8436-E64DC30CBCD7}.Release|Mixed Platforms.ActiveCfg = Release|Win32
		{CB33BF48-712E-4EAB-8436-E64DC30CBCD7}.Release|Mixed Platforms.Build.0 = Release|Win32
		{CB33BF48-712E-4EAB-8436-E64DC30CBCD7}.Release|Win32.ActiveCfg = Release|Win32
		{CB33BF48-712E-4EAB-8436-E64DC30CBCD7}.Release|Win32.Build.0 = Release|Win32
		{CB33BF48-712E-4EAB-8436-E64DC30CBCD7}.ReleaseSingleExe|Any CPU.ActiveCfg = ReleaseSingleExe|Win32
		{CB33BF48-712E-4EAB-8436-E64DC30CBCD7}.ReleaseSingleExe|Mixed Platforms.ActiveCfg = ReleaseSingleExe|Win32
		{CB33BF48-712E-4EAB-8436-E64DC30CBCD7}.ReleaseSingleExe|Mixed Platforms.Build.0 = ReleaseSingleExe|Win32
		{CB33BF48-712E-4EAB-8436-E64DC30CBCD7}.ReleaseSingleExe|Win32.ActiveCfg = ReleaseSingleExe|Win32
		{CB33BF48-712E-4EAB-8436-E64DC30CBCD7}.ReleaseSingleExe|Win32.Build.0 = ReleaseSingleExe|Win32
		{CB33BF48-712E-4EAB-8436-E64DC30CBCD7}.Shipping|Any CPU.ActiveCfg = Shipping|Win32
		{CB33BF48-712E-4EAB-8436-E64DC30CBCD7}.Shipping|Mixed Platforms.ActiveCfg = Shipping|Win32
		{CB33BF48-712E-4EAB-8436-E64DC30CBCD7}.Shipping|Mixed Platforms.Build.0 = Shipping|Win32
		{CB33BF48-712E-4EAB-8436-E64DC30CBCD7}.Shipping|Win32.ActiveCfg = Shipping|Win32
		{CB33BF48-712E-4EAB-8436-E64DC30CBCD7}.Shipping|Win32.Build.0 = Shipping|Win32
		{CB33BF48-712E-4EAB-8436-E64DC30CBCD7}.ShippingSingleExe|Any CPU.ActiveCfg = ShippingSingleExe|Win32
		{CB33BF48-712E-4EAB-8436-E64DC30CBCD7}.ShippingSingleExe|Mixed Platforms.ActiveCfg = ShippingSingleExe|Win32
		{CB33BF48-712E-4EAB-8436-E64DC30CBCD7}.ShippingSingleExe|Mixed Platforms.Build.0 = ShippingSingleExe|Win32
		{CB33BF48-712E-4EAB-8436-E64DC30CBCD7}.ShippingSingleExe|Win32.ActiveCfg = ShippingSingleExe|Win32
		{CB33BF48-712E-4EAB-8436-E64DC30CBCD7}.ShippingSingleExe|Win32.Build.0 = ShippingSingleExe|Win32
		{8F47D4BB-33C0-4266-BB4C-AFEAFCF4BDE9}.Debug|Any CPU.ActiveCfg = Debug|Win32
		{8F47D4BB-33C0-4266-BB4C-AFEAFCF4BDE9}.Debug|Mixed Platforms.ActiveCfg = Debug|Win32
		{8F47D4BB-33C0-4266-BB4C-AFEAFCF4BDE9}.Debug|Mixed Platforms.Build.0 = Debug|Win32
		{8F47D4BB-33C0-4266-BB4C-AFEAFCF4BDE9}.Debug|Win32.ActiveCfg = Debug|Win32
		{8F47D4BB-33C0-4266-BB4C-AFEAFCF4BDE9}.Debug|Win32.Build.0 = Debug|Win32
		{8F47D4BB-33C0-4266-BB4C-AFEAFCF4BDE9}.Release|Any CPU.ActiveCfg = Release|Win32
		{8F47D4BB-33C0-4266-BB4C-AFEAFCF4BDE9}.Release|Mixed Platforms.ActiveCfg = Release|Win32
		{8F47D4BB-33C0-4266-BB4C-AFEAFCF4BDE9}.Release|Mixed Platforms.Build.0 = Release|Win32
		{8F47D4BB-33C0-4266-BB4C-AFEAFCF4BDE9}.Release|Win32.ActiveCfg = Release|Win32
		{8F47D4BB-33C0-4266-BB4C-AFEAFCF4BDE9}.Release|Win32.Build.0 = Release|Win32
		{8F47D4BB-33C0-4266-BB4C-AFEAFCF4BDE9}.ReleaseSingleExe|Any CPU.ActiveCfg = ReleaseSingleExe|Win32
		{8F47D4BB-33C0-4266-BB4C-AFEAFCF4BDE9}.ReleaseSingleExe|Mixed Platforms.ActiveCfg = ReleaseSingleExe|Win32
		{8F47D4BB-33C0-4266-BB4C-AFEAFCF4BDE9}.ReleaseSingleExe|Mixed Platforms.Build.0 = ReleaseSingleExe|Win32
		{8F47D4BB-33C0-4266-BB4C-AFEAFCF4BDE9}.ReleaseSingleExe|Win32.ActiveCfg = ReleaseSingleExe|Win32
		{8F47D4BB-33C0-4266-BB4C-AFEAFCF4BDE9}.ReleaseSingleExe|Win32.Build.0 = ReleaseSingleExe|Win32
		{8F47D4BB-33C0-4266-BB4C-AFEAFCF4BDE9}.Shipping|Any CPU.ActiveCfg = Shipping|Win32
		{8F47D4BB-33C0-4266-BB4C-AFEAFCF4BDE9}.Shipping|Mixed Platforms.ActiveCfg = Shipping|Win32
		{8F47D4BB-33C0-4266-BB4C-AFEAFCF4BDE9}.Shipping|Mixed Platforms.Build.0 = Shipping|Win32
		{8F47D4BB-33C0-4266-BB4C-AFEAFCF4BDE9}.Shipping|Win32.ActiveCfg = Shipping|Win32
		{8F47D4BB-33C0-4266-BB4C-AFEAFCF4BDE9}.Shipping|Win32.Build.0 = Shipping|Win32
		{8F47D4BB-33C0-4266-BB4C-AFEAFCF4BDE9}.ShippingSingleExe|Any CPU.ActiveCfg = ShippingSingleExe|Win32
		{8F47D4BB-33C0-4266-BB4C-AFEAFCF4BDE9}.ShippingSingleExe|Mixed Platforms.ActiveCfg = ShippingSingleExe|Win32
		{8F47D4BB-33C0-4266-BB4C-AFEAFCF4BDE9}.ShippingSingleExe|Mixed Platforms.Build.0 = ShippingSingleExe|Win32
		{8F47D4BB-33C0-4266-BB4C-AFEAFCF4BDE9}.ShippingSingleExe|Win32.ActiveCfg = ShippingSingleExe|Win32
		{8F47D4BB-33C0-4266-BB4C-AFEAFCF4BDE9}.ShippingSingleExe|Win32.Build.0 = ShippingSingleExe|Win32
		{66E75FE1-7475-4096-B532-F8F8C033FE9A}.Debug|Any CPU.ActiveCfg = Debug|Win32
		{66E75FE1-7475-4096-B532-F8F8C033FE9A}.Debug|Mixed Platforms.ActiveCfg = Debug|Win32
		{66E75FE1-7475-4096-B532-F8F8C033FE9A}.Debug|Mixed Platforms.Build.0 = Debug|Win32
		{66E75FE1-7475-4096-B532-F8F8C033FE9A}.Debug|Win32.ActiveCfg = Debug|Win32
		{66E75FE1-7475-4096-B532-F8F8C033FE9A}.Debug|Win32.Build.0 = Debug|Win32
		{66E75FE1-7475-4096-B532-F8F8C033FE9A}.Release|Any CPU.ActiveCfg = Release|Win32
		{66E75FE1-7475-4096-B532-F8F8C033FE9A}.Release|Mixed Platforms.ActiveCfg = Release|Win32
		{66E75FE1-7475-4096-B532-F8F8C033FE9A}.Release|Mixed Platforms.Build.0 = Release|Win32
		{66E75FE1-7475-4096-B532-F8F8C033FE9A}.Release|Win32.ActiveCfg = Release|Win32
		{66E75FE1-7475-4096-B532-F8F8C033FE9A}.Release|Win32.Build.0 = Release|Win32
		{66E75FE1-7475-4096-B532-F8F8C033FE9A}.ReleaseSingleExe|Any CPU.ActiveCfg = ReleaseSingleExe|Win32
		{66E75FE1-7475-4096-B532-F8F8C033FE9A}.ReleaseSingleExe|Mixed Platforms.ActiveCfg = ReleaseSingleExe|Win32
		{66E75FE1-7475-4096-B532-F8F8C033FE9A}.ReleaseSingleExe|Mixed Platforms.Build.0 = ReleaseSingleExe|Win32
		{66E75FE1-7475-4096-B532-F8F8C033FE9A}.ReleaseSingleExe|Win32.ActiveCfg = ReleaseSingleExe|Win32
		{66E75FE1-7475-4096-B532-F8F8C033FE9A}.ReleaseSingleExe|Win32.Build.0 = ReleaseSingleExe|Win32
		{66E75FE1-7475-4096-B532-F8F8C033FE9A}.Shipping|Any CPU.ActiveCfg = Shipping|Win32
		{66E75FE1-7475-4096-B532-F8F8C033FE9A}.Shipping|Mixed Platforms.ActiveCfg = Shipping|Win32
		{66E75FE1-7475-4096-B532-F8F8C033FE9A}.Shipping|Mixed Platforms.Build.0 = Shipping|Win32
		{66E75FE1-7475-4096-B532-F8F8C033FE9A}.Shipping|Win32.ActiveCfg = Shipping|Win32
		{66E75FE1-7475-4096-B532-F8F8C033FE9A}.Shipping|Win32.Build.0 = Shipping|Win32
		{66E75FE1-7475-4096-B532-F8F8C033FE9A}.ShippingSingleExe|Any CPU.ActiveCfg = ShippingSingleExe|Win32
		{66E75FE1-7475-4096-B532-F8F8C033FE9A}.ShippingSingleExe|Mixed Platforms.ActiveCfg = ShippingSingleExe|Win32
		{66E75FE1-7475-4096-B532-F8F8C033FE9A}.ShippingSingleExe|Mixed Platforms.Build.0 = ShippingSingleExe|Win32
		{66E75FE1-7475-4096-B532-F8F8C033FE9A}.ShippingSingleExe|Win32.ActiveCfg = ShippingSingleExe|Win32
		{66E75FE1-7475-4096-B532-F8F8C033FE9A}.ShippingSingleExe|Win32.Build.0 = ShippingSingleExe|Win32
		{711E9848-CEF5-417A-A9EE-FFBED3A58156}.Debug|Any CPU.ActiveCfg = Debug|Win32
		{711E9848-CEF5-417A-A9EE-FFBED3A58156}.Debug|Mixed Platforms.ActiveCfg = Debug|Win32
		{711E9848-CEF5-417A-A9EE-FFBED3A58156}.Debug|Mixed Platforms.Build.0 = Debug|Win32
		{711E9848-CEF5-417A-A9EE-FFBED3A58156}.Debug|Win32.ActiveCfg = Debug|Win32
		{711E9848-CEF5-417A-A9EE-FFBED3A58156}.Debug|Win32.Build.0 = Debug|Win32
		{711E9848-CEF5-417A-A9EE-FFBED3A58156}.Release|Any CPU.ActiveCfg = Release|Win32
		{711E9848-CEF5-417A-A9EE-FFBED3A58156}.Release|Mixed Platforms.ActiveCfg = Release|Win32
		{711E9848-CEF5-417A-A9EE-FFBED3A58156}.Release|Mixed Platforms.Build.0 = Release|Win32
		{711E9848-CEF5-417A-A9EE-FFBED3A58156}.Release|Win32.ActiveCfg = Release|Win32
		{711E9848-CEF5-417A-A9EE-FFBED3A58156}.Release|Win32.Build.0 = Release|Win32
		{711E9848-CEF5-417A-A9EE-FFBED3A58156}.ReleaseSingleExe|Any CPU.ActiveCfg = ReleaseSingleExe|Win32
		{711E9848-CEF5-417A-A9EE-FFBED3A58156}.ReleaseSingleExe|Mixed Platforms.ActiveCfg = ReleaseSingleExe|Win32
		{711E9848-CEF5-417A-A9EE-FFBED3A58156}.ReleaseSingleExe|Mixed Platforms.Build.0 = ReleaseSingleExe|Win32
		{711E9848-CEF5-417A-A9EE-FFBED3A58156}.ReleaseSingleExe|Win32.ActiveCfg = ReleaseSingleExe|Win32
		{711E9848-CEF5-417A-A9EE-FFBED3A58156}.ReleaseSingleExe|Win32.Build.0 = ReleaseSingleExe|Win32
		{711E9848-CEF5-417A-A9EE-FFBED3A58156}.Shipping|Any CPU.ActiveCfg = ShippingSingleExe|Win32
		{711E9848-CEF5-417A-A9EE-FFBED3A58156}.Shipping|Mixed Platforms.ActiveCfg = ShippingSingleExe|Win32
		{711E9848-CEF5-417A-A9EE-FFBED3A58156}.Shipping|Mixed Platforms.Build.0 = ShippingSingleExe|Win32
		{711E9848-CEF5-417A-A9EE-FFBED3A58156}.Shipping|Win32.ActiveCfg = ShippingSingleExe|Win32
		{711E9848-CEF5-417A-A9EE-FFBED3A58156}.Shipping|Win32.Build.0 = ShippingSingleExe|Win32
		{711E9848-CEF5-417A-A9EE-FFBED3A58156}.ShippingSingleExe|Any CPU.ActiveCfg = ShippingSingleExe|Win32
		{711E9848-CEF5-417A-A9EE-FFBED3A58156}.ShippingSingleExe|Mixed Platforms.ActiveCfg = ShippingSingleExe|Win32
		{711E9848-CEF5-417A-A9EE-FFBED3A58156}.ShippingSingleExe|Mixed Platforms.Build.0 = ShippingSingleExe|Win32
		{711E9848-CEF5-417A-A9EE-FFBED3A58156}.ShippingSingleExe|Win32.ActiveCfg = ShippingSingleExe|Win32
		{711E9848-CEF5-417A-A9EE-FFBED3A58156}.ShippingSingleExe|Win32.Build.0 = ShippingSingleExe|Win32
		{E1B1F76B-5499-4725-AB2C-A2F76356D684}.Debug|Any CPU.ActiveCfg = Debug|Win32
		{E1B1F76B-5499-4725-AB2C-A2F76356D684}.Debug|Mixed Platforms.ActiveCfg = Debug|Win32
		{E1B1F76B-5499-4725-AB2C-A2F76356D684}.Debug|Mixed Platforms.Build.0 = Debug|Win32
		{E1B1F76B-5499-4725-AB2C-A2F76356D684}.Debug|Win32.ActiveCfg = Debug|Win32
		{E1B1F76B-5499-4725-AB2C-A2F76356D684}.Debug|Win32.Build.0 = Debug|Win32
		{E1B1F76B-5499-4725-AB2C-A2F76356D684}.Release|Any CPU.ActiveCfg = Release|Win32
		{E1B1F76B-5499-4725-AB2C-A2F76356D684}.Release|Mixed Platforms.ActiveCfg = Release|Win32
		{E1B1F76B-5499-4725-AB2C-A2F76356D684}.Release|Mixed Platforms.Build.0 = Release|Win32
		{E1B1F76B-5499-4725-AB2C-A2F76356D684}.Release|Win32.ActiveCfg = Release|Win32
		{E1B1F76B-5499-4725-AB2C-A2F76356D684}.Release|Win32.Build.0 = Release|Win32
		{E1B1F76B-5499-4725-AB2C-A2F76356D684}.ReleaseSingleExe|Any CPU.ActiveCfg = ReleaseSingleExe|Win32
		{E1B1F76B-5499-4725-AB2C-A2F76356D684}.ReleaseSingleExe|Mixed Platforms.ActiveCfg = ReleaseSingleExe|Win32
		{E1B1F76B-5499-4725-AB2C-A2F76356D684}.ReleaseSingleExe|Mixed Platforms.Build.0 = ReleaseSingleExe|Win32
		{E1B1F76B-5499-4725-AB2C-A2F76356D684}.ReleaseSingleExe|Win32.ActiveCfg = ReleaseSingleExe|Win32
		{E1B1F76B-5499-4725-AB2C-A2F76356D684}.ReleaseSingleExe|Win32.Build.0 = ReleaseSingleExe|Win32
		{E1B1F76B-5499-4725-AB2C-A2F76356D684}.Shipping|Any CPU.ActiveCfg = ShippingSingleExe|Win32
		{E1B1F76B-5499-4725-AB2C-A2F76356D684}.Shipping|Mixed Platforms.ActiveCfg = ShippingSingleExe|Win32
		{E1B1F76B-5499-4725-AB2C-A2F76356D684}.Shipping|Mixed Platforms.Build.0 = ShippingSingleExe|Win32
		{E1B1F76B-5499-4725-AB2C-A2F76356D684}.Shipping|Win32.ActiveCfg = ShippingSingleExe|Win32
		{E1B1F76B-5499-4725-AB2C-A2F76356D684}.Shipping|Win32.Build.0 = ShippingSingleExe|Win32
		{E1B1F76B-5499-4725-AB2C-A2F76356D684}.ShippingSingleExe|Any CPU.ActiveCfg = ShippingSingleExe|Win32
		{E1B1F76B-5499-4725-AB2C-A2F76356D684}.ShippingSingleExe|Mixed Platforms.ActiveCfg = ShippingSingleExe|Win32
		{E1B1F76B-5499-4725-AB2C-A2F76356D684}.ShippingSingleExe|Mixed Platforms.Build.0 = ShippingSingleExe|Win32
		{E1B1F76B-5499-4725-AB2C-A2F76356D684}.ShippingSingleExe|Win32.ActiveCfg = ShippingSingleExe|Win32
		{E1B1F76B-5499-4725-AB2C-A2F76356D684}.ShippingSingleExe|Win32.Build.0 = ShippingSingleExe|Win32
	EndGlobalSection
	GlobalSection(SolutionProperties) = preSolution
		HideSolutionNode = FALSE
	EndGlobalSection
EndGlobal
