
Microsoft Visual Studio Solution File, Format Version 10.00
# Visual Studio 2008
Project("{FAE04EC0-301F-11D3-BF4B-00C04F79EFBC}") = "xxxcs", "xxxcs.csproj", "{3DB34EF9-D03F-3BEA-92BC-50DBC9CAA14B}"
EndProject

Global
	GlobalSection(SolutionConfigurationPlatforms) = preSolution
		Debug|Win32 = Debug|Win32
		Release|Win32 = Release|Win32
	EndGlobalSection
	GlobalSection(ProjectConfigurationPlatforms) = postSolution
		{3DB34EF9-D03F-3BEA-92BC-50DBC9CAA14B}.Debug|Win32.ActiveCfg = Debug|Win32
		{3DB34EF9-D03F-3BEA-92BC-50DBC9CAA14B}.Debug|Win32.Build.0 = Debug|Win32
		{3DB34EF9-D03F-3BEA-92BC-50DBC9CAA14B}.Release|Win32.ActiveCfg = Release|Win32
		{3DB34EF9-D03F-3BEA-92BC-50DBC9CAA14B}.Release|Win32.Build.0 = Release|Win32
	EndGlobalSection
	GlobalSection(SolutionProperties) = preSolution
		HideSolutionNode = FALSE
	EndGlobalSection
EndGlobal
