
Microsoft Visual Studio Solution File, Format Version 10.00
# Visual Studio 2008
Project("{FAE04EC0-301F-11D3-BF4B-00C04F79EFBC}") = "River.Core", "River.Core\River.Core.csproj", "{E905F543-990C-425A-8AEC-07A4C9510EAA}"
EndProject
Project("{FAE04EC0-301F-11D3-BF4B-00C04F79EFBC}") = "River.Master", "River.Master\River.Master.csproj", "{5F55F273-02F0-4955-831B-35C4D8D95414}"
EndProject
Project("{FAE04EC0-301F-11D3-BF4B-00C04F79EFBC}") = "River.Tests", "River.Tests\River.Tests.csproj", "{FB870FFC-18CD-4A7F-9007-2B7B649D09EF}"
EndProject
Project("{FAE04EC0-301F-11D3-BF4B-00C04F79EFBC}") = "River.Bot", "River.Bot\River.Bot.csproj", "{32009A16-1C84-4A76-9885-8DEAA0B9BD8B}"
EndProject
Project("{FAE04EC0-301F-11D3-BF4B-00C04F79EFBC}") = "River.Manager", "River.Manager\River.Manager.csproj", "{7E1F21E6-5A9D-4D22-936E-98A7A53D2389}"
EndProject
Global
	GlobalSection(SolutionConfigurationPlatforms) = preSolution
		Debug|Any CPU = Debug|Any CPU
		Release|Any CPU = Release|Any CPU
	EndGlobalSection
	GlobalSection(ProjectConfigurationPlatforms) = postSolution
		{E905F543-990C-425A-8AEC-07A4C9510EAA}.Debug|Any CPU.ActiveCfg = Debug|Any CPU
		{E905F543-990C-425A-8AEC-07A4C9510EAA}.Debug|Any CPU.Build.0 = Debug|Any CPU
		{E905F543-990C-425A-8AEC-07A4C9510EAA}.Release|Any CPU.ActiveCfg = Release|Any CPU
		{E905F543-990C-425A-8AEC-07A4C9510EAA}.Release|Any CPU.Build.0 = Release|Any CPU
		{5F55F273-02F0-4955-831B-35C4D8D95414}.Debug|Any CPU.ActiveCfg = Debug|Any CPU
		{5F55F273-02F0-4955-831B-35C4D8D95414}.Debug|Any CPU.Build.0 = Debug|Any CPU
		{5F55F273-02F0-4955-831B-35C4D8D95414}.Release|Any CPU.ActiveCfg = Release|Any CPU
		{5F55F273-02F0-4955-831B-35C4D8D95414}.Release|Any CPU.Build.0 = Release|Any CPU
		{FB870FFC-18CD-4A7F-9007-2B7B649D09EF}.Debug|Any CPU.ActiveCfg = Debug|Any CPU
		{FB870FFC-18CD-4A7F-9007-2B7B649D09EF}.Debug|Any CPU.Build.0 = Debug|Any CPU
		{FB870FFC-18CD-4A7F-9007-2B7B649D09EF}.Release|Any CPU.ActiveCfg = Release|Any CPU
		{32009A16-1C84-4A76-9885-8DEAA0B9BD8B}.Debug|Any CPU.ActiveCfg = Debug|Any CPU
		{32009A16-1C84-4A76-9885-8DEAA0B9BD8B}.Debug|Any CPU.Build.0 = Debug|Any CPU
		{32009A16-1C84-4A76-9885-8DEAA0B9BD8B}.Release|Any CPU.ActiveCfg = Release|Any CPU
		{32009A16-1C84-4A76-9885-8DEAA0B9BD8B}.Release|Any CPU.Build.0 = Release|Any CPU
		{7E1F21E6-5A9D-4D22-936E-98A7A53D2389}.Debug|Any CPU.ActiveCfg = Debug|Any CPU
		{7E1F21E6-5A9D-4D22-936E-98A7A53D2389}.Debug|Any CPU.Build.0 = Debug|Any CPU
		{7E1F21E6-5A9D-4D22-936E-98A7A53D2389}.Release|Any CPU.ActiveCfg = Release|Any CPU
		{7E1F21E6-5A9D-4D22-936E-98A7A53D2389}.Release|Any CPU.Build.0 = Release|Any CPU
	EndGlobalSection
	GlobalSection(SolutionProperties) = preSolution
		HideSolutionNode = FALSE
	EndGlobalSection
EndGlobal
