Microsoft Visual Studio Solution File, Format Version 10.00
# Visual Studio 2008

Project("{A351DC1C-730C-F68C-C9E0-9CEF9B0585AC}") = "UnityGame", "UnityGame.csproj", "{AAEFD370-2733-04BD-AFAE-952E7608D229}"
EndProject
Global
	GlobalSection(SolutionConfigurationPlatforms) = preSolution
		Debug|Any CPU = Debug|Any CPU
		Release|Any CPU = Release|Any CPU
	EndGlobalSection
	GlobalSection(ProjectConfigurationPlatforms) = postSolution
		{AAEFD370-2733-04BD-AFAE-952E7608D229}.Debug|Any CPU.ActiveCfg = Debug|Any CPU
		{AAEFD370-2733-04BD-AFAE-952E7608D229}.Debug|Any CPU.Build.0 = Debug|Any CPU
		{AAEFD370-2733-04BD-AFAE-952E7608D229}.Release|Any CPU.ActiveCfg = Release|Any CPU
		{AAEFD370-2733-04BD-AFAE-952E7608D229}.Release|Any CPU.Build.0 = Release|Any CPU
	EndGlobalSection
	GlobalSection(SolutionProperties) = preSolution
		HideSolutionNode = FALSE
	EndGlobalSection
	
EndGlobal
