
Microsoft Visual Studio Solution File, Format Version 11.00
# Visual Studio 2010
Project("{2150E333-8FDC-42A3-9474-1A3956D46DE8}") = "Solution Items", "Solution Items", "{F816DF10-E98F-43FA-A4E1-8576A4FD8F92}"
	ProjectSection(SolutionItems) = preProject
		LocalTestRun.testrunconfig = LocalTestRun.testrunconfig
		ZzimaProject.vsmdi = ZzimaProject.vsmdi
	EndProjectSection
EndProject
Project("{FAE04EC0-301F-11D3-BF4B-00C04F79EFBC}") = "ZzimaBilling", "TestPLandGUI\ZzimaBilling.csproj", "{BC70FF69-E070-4159-8971-B508742F9BE1}"
EndProject
Project("{FAE04EC0-301F-11D3-BF4B-00C04F79EFBC}") = "ZZServiceClient", "ZZServiceClient\ZZServiceClient.csproj", "{3952B09C-AABC-4AF3-80B0-F077585FE143}"
	ProjectSection(ProjectDependencies) = postProject
		{BC70FF69-E070-4159-8971-B508742F9BE1} = {BC70FF69-E070-4159-8971-B508742F9BE1}
	EndProjectSection
EndProject
Global
	GlobalSection(SubversionScc) = preSolution
		Svn-Managed = True
		Manager = AnkhSVN - Subversion Support for Visual Studio
	EndGlobalSection
	GlobalSection(SolutionConfigurationPlatforms) = preSolution
		Debug|Any CPU = Debug|Any CPU
		Debug|Mixed Platforms = Debug|Mixed Platforms
		Debug|Win32 = Debug|Win32
		Debug|x86 = Debug|x86
		Release|Any CPU = Release|Any CPU
		Release|Mixed Platforms = Release|Mixed Platforms
		Release|Win32 = Release|Win32
		Release|x86 = Release|x86
	EndGlobalSection
	GlobalSection(ProjectConfigurationPlatforms) = postSolution
		{BC70FF69-E070-4159-8971-B508742F9BE1}.Debug|Any CPU.ActiveCfg = Debug|Any CPU
		{BC70FF69-E070-4159-8971-B508742F9BE1}.Debug|Any CPU.Build.0 = Debug|Any CPU
		{BC70FF69-E070-4159-8971-B508742F9BE1}.Debug|Mixed Platforms.ActiveCfg = Debug|Any CPU
		{BC70FF69-E070-4159-8971-B508742F9BE1}.Debug|Mixed Platforms.Build.0 = Debug|Any CPU
		{BC70FF69-E070-4159-8971-B508742F9BE1}.Debug|Win32.ActiveCfg = Debug|Any CPU
		{BC70FF69-E070-4159-8971-B508742F9BE1}.Debug|x86.ActiveCfg = Debug|Any CPU
		{BC70FF69-E070-4159-8971-B508742F9BE1}.Release|Any CPU.ActiveCfg = Release|Any CPU
		{BC70FF69-E070-4159-8971-B508742F9BE1}.Release|Any CPU.Build.0 = Release|Any CPU
		{BC70FF69-E070-4159-8971-B508742F9BE1}.Release|Mixed Platforms.ActiveCfg = Release|Any CPU
		{BC70FF69-E070-4159-8971-B508742F9BE1}.Release|Mixed Platforms.Build.0 = Release|Any CPU
		{BC70FF69-E070-4159-8971-B508742F9BE1}.Release|Win32.ActiveCfg = Release|Any CPU
		{BC70FF69-E070-4159-8971-B508742F9BE1}.Release|x86.ActiveCfg = Release|Any CPU
		{3952B09C-AABC-4AF3-80B0-F077585FE143}.Debug|Any CPU.ActiveCfg = Debug|x86
		{3952B09C-AABC-4AF3-80B0-F077585FE143}.Debug|Mixed Platforms.ActiveCfg = Debug|x86
		{3952B09C-AABC-4AF3-80B0-F077585FE143}.Debug|Mixed Platforms.Build.0 = Debug|x86
		{3952B09C-AABC-4AF3-80B0-F077585FE143}.Debug|Win32.ActiveCfg = Debug|x86
		{3952B09C-AABC-4AF3-80B0-F077585FE143}.Debug|x86.ActiveCfg = Debug|x86
		{3952B09C-AABC-4AF3-80B0-F077585FE143}.Debug|x86.Build.0 = Debug|x86
		{3952B09C-AABC-4AF3-80B0-F077585FE143}.Release|Any CPU.ActiveCfg = Release|x86
		{3952B09C-AABC-4AF3-80B0-F077585FE143}.Release|Mixed Platforms.ActiveCfg = Release|x86
		{3952B09C-AABC-4AF3-80B0-F077585FE143}.Release|Mixed Platforms.Build.0 = Release|x86
		{3952B09C-AABC-4AF3-80B0-F077585FE143}.Release|Win32.ActiveCfg = Release|x86
		{3952B09C-AABC-4AF3-80B0-F077585FE143}.Release|x86.ActiveCfg = Release|x86
		{3952B09C-AABC-4AF3-80B0-F077585FE143}.Release|x86.Build.0 = Release|x86
	EndGlobalSection
	GlobalSection(SolutionProperties) = preSolution
		HideSolutionNode = FALSE
	EndGlobalSection
EndGlobal
