
Microsoft Visual Studio Solution File, Format Version 10.00
# Visual Studio 2008
Project("{FAE04EC0-301F-11D3-BF4B-00C04F79EFBC}") = "PWLogAnalyzer", "DockSample\PWLogAnalyzer.csproj", "{40793A27-478B-4357-B4C3-FC8943131F3D}"
	ProjectSection(ProjectDependencies) = postProject
		{9281D89A-C56F-4620-B036-1258CDB9B28E} = {9281D89A-C56F-4620-B036-1258CDB9B28E}
	EndProjectSection
EndProject
Project("{FAE04EC0-301F-11D3-BF4B-00C04F79EFBC}") = "CodeEngine.Framework.QueryBuilder", "QueryBuilder\CodeEngine.Framework.QueryBuilder.csproj", "{9281D89A-C56F-4620-B036-1258CDB9B28E}"
EndProject
Project("{FAE04EC0-301F-11D3-BF4B-00C04F79EFBC}") = "PWLogPlugin", "PWLogPlugin\PWLogPlugin.csproj", "{7A54DD8D-7F2F-406E-8FC2-8D27EB1F8894}"
	ProjectSection(ProjectDependencies) = postProject
		{9281D89A-C56F-4620-B036-1258CDB9B28E} = {9281D89A-C56F-4620-B036-1258CDB9B28E}
	EndProjectSection
EndProject
Project("{FAE04EC0-301F-11D3-BF4B-00C04F79EFBC}") = "Tests", "Tests\Tests.csproj", "{0530D158-F897-4B05-87ED-AFAA632DC980}"
EndProject
Global
	GlobalSection(SubversionScc) = preSolution
		Svn-Managed = True
		Manager = AnkhSVN - Subversion Support for Visual Studio
	EndGlobalSection
	GlobalSection(SolutionConfigurationPlatforms) = preSolution
		Debug|Any CPU = Debug|Any CPU
		Release|Any CPU = Release|Any CPU
	EndGlobalSection
	GlobalSection(ProjectConfigurationPlatforms) = postSolution
		{40793A27-478B-4357-B4C3-FC8943131F3D}.Debug|Any CPU.ActiveCfg = Debug|Any CPU
		{40793A27-478B-4357-B4C3-FC8943131F3D}.Debug|Any CPU.Build.0 = Debug|Any CPU
		{40793A27-478B-4357-B4C3-FC8943131F3D}.Release|Any CPU.ActiveCfg = Release|Any CPU
		{40793A27-478B-4357-B4C3-FC8943131F3D}.Release|Any CPU.Build.0 = Release|Any CPU
		{9281D89A-C56F-4620-B036-1258CDB9B28E}.Debug|Any CPU.ActiveCfg = Debug|Any CPU
		{9281D89A-C56F-4620-B036-1258CDB9B28E}.Debug|Any CPU.Build.0 = Debug|Any CPU
		{9281D89A-C56F-4620-B036-1258CDB9B28E}.Release|Any CPU.ActiveCfg = Release|Any CPU
		{9281D89A-C56F-4620-B036-1258CDB9B28E}.Release|Any CPU.Build.0 = Release|Any CPU
		{7A54DD8D-7F2F-406E-8FC2-8D27EB1F8894}.Debug|Any CPU.ActiveCfg = Debug|Any CPU
		{7A54DD8D-7F2F-406E-8FC2-8D27EB1F8894}.Debug|Any CPU.Build.0 = Debug|Any CPU
		{7A54DD8D-7F2F-406E-8FC2-8D27EB1F8894}.Release|Any CPU.ActiveCfg = Release|Any CPU
		{7A54DD8D-7F2F-406E-8FC2-8D27EB1F8894}.Release|Any CPU.Build.0 = Release|Any CPU
		{0530D158-F897-4B05-87ED-AFAA632DC980}.Debug|Any CPU.ActiveCfg = Debug|Any CPU
		{0530D158-F897-4B05-87ED-AFAA632DC980}.Debug|Any CPU.Build.0 = Debug|Any CPU
		{0530D158-F897-4B05-87ED-AFAA632DC980}.Release|Any CPU.ActiveCfg = Release|Any CPU
		{0530D158-F897-4B05-87ED-AFAA632DC980}.Release|Any CPU.Build.0 = Release|Any CPU
	EndGlobalSection
	GlobalSection(SolutionProperties) = preSolution
		HideSolutionNode = FALSE
	EndGlobalSection
EndGlobal
