
Microsoft Visual Studio Solution File, Format Version 10.00
# Visual Studio 2008
Project("{FAE04EC0-301F-11D3-BF4B-00C04F79EFBC}") = "Scripts_Prog", "Scripts_Prog.csproj", "{C3B1E4EE-A387-4FA6-95DB-D8ACDEA89853}"
EndProject
Project("{FAE04EC0-301F-11D3-BF4B-00C04F79EFBC}") = "ScriptsForms", "..\ScriptsForms\ScriptsForms.csproj", "{F39BF710-A513-4FEE-B695-1CA794655FA2}"
EndProject
Global
	GlobalSection(SolutionConfigurationPlatforms) = preSolution
		Debug|Any CPU = Debug|Any CPU
		Release|Any CPU = Release|Any CPU
	EndGlobalSection
	GlobalSection(ProjectConfigurationPlatforms) = postSolution
		{C3B1E4EE-A387-4FA6-95DB-D8ACDEA89853}.Debug|Any CPU.ActiveCfg = Debug|Any CPU
		{C3B1E4EE-A387-4FA6-95DB-D8ACDEA89853}.Debug|Any CPU.Build.0 = Debug|Any CPU
		{C3B1E4EE-A387-4FA6-95DB-D8ACDEA89853}.Release|Any CPU.ActiveCfg = Release|Any CPU
		{C3B1E4EE-A387-4FA6-95DB-D8ACDEA89853}.Release|Any CPU.Build.0 = Release|Any CPU
		{F39BF710-A513-4FEE-B695-1CA794655FA2}.Debug|Any CPU.ActiveCfg = Debug|Any CPU
		{F39BF710-A513-4FEE-B695-1CA794655FA2}.Debug|Any CPU.Build.0 = Debug|Any CPU
		{F39BF710-A513-4FEE-B695-1CA794655FA2}.Release|Any CPU.ActiveCfg = Release|Any CPU
		{F39BF710-A513-4FEE-B695-1CA794655FA2}.Release|Any CPU.Build.0 = Release|Any CPU
	EndGlobalSection
	GlobalSection(SolutionProperties) = preSolution
		HideSolutionNode = FALSE
	EndGlobalSection
EndGlobal
