
Microsoft Visual Studio Solution File, Format Version 12.00
# Visual Studio 2012
Project("{FAE04EC0-301F-11D3-BF4B-00C04F79EFBC}") = "Scripts_Prog_12", "Scripts_Prog_12.csproj", "{30332408-1405-4DC9-9C74-98FB32E71783}"
EndProject
Project("{FAE04EC0-301F-11D3-BF4B-00C04F79EFBC}") = "libdb.NET", "..\..\Src\libdb.NET\libdb.NET.csproj", "{2369C873-8C70-4197-8CAB-67D34C9D5412}"
EndProject
Project("{FAE04EC0-301F-11D3-BF4B-00C04F79EFBC}") = "Types", "..\..\Src\Types\Types.csproj", "{2D99C064-8D94-402F-AFB8-19FC429DF5C2}"
EndProject
Project("{FAE04EC0-301F-11D3-BF4B-00C04F79EFBC}") = "Types.DBTypes", "..\..\Src\Types.DBTypes\Types.DBTypes.csproj", "{CB33BF48-712E-4EAB-8436-E64DC30CBCD7}"
EndProject
Project("{FAE04EC0-301F-11D3-BF4B-00C04F79EFBC}") = "PF_Types", "..\..\Src\PF_Types\PF_Types.csproj", "{8F47D4BB-33C0-4266-BB4C-AFEAFCF4BDE9}"
EndProject
Project("{FAE04EC0-301F-11D3-BF4B-00C04F79EFBC}") = "PF_Types.DBTypes", "..\..\Src\PF_Types.DBTypes\PF_Types.DBTypes.csproj", "{66E75FE1-7475-4096-B532-F8F8C033FE9A}"
EndProject
Project("{FAE04EC0-301F-11D3-BF4B-00C04F79EFBC}") = "SocialTypes", "..\..\Src\SocialTypes\SocialTypes.csproj", "{711E9848-CEF5-417A-A9EE-FFBED3A58156}"
EndProject
Project("{FAE04EC0-301F-11D3-BF4B-00C04F79EFBC}") = "SocialTypes.DBTypes", "..\..\Src\SocialTypes.DBTypes\SocialTypes.DBTypes.csproj", "{E1B1F76B-5499-4725-AB2C-A2F76356D684}"
EndProject
Project("{FAE04EC0-301F-11D3-BF4B-00C04F79EFBC}") = "EditorLib", "..\..\Src\EditorLib\EditorLib.csproj", "{AEB9B15A-6C51-4B9B-8838-7254064A4E98}"
EndProject
Project("{FAE04EC0-301F-11D3-BF4B-00C04F79EFBC}") = "Win32", "..\..\Src\Win32\Win32.csproj", "{7398874F-AEA0-4A0E-8239-E3A6668A3712}"
EndProject
Global
	GlobalSection(SolutionConfigurationPlatforms) = preSolution
		Debug|Win32 = Debug|Win32
		Release|Win32 = Release|Win32
		ReleaseSingleExe|Win32 = ReleaseSingleExe|Win32
		Shipping|Win32 = Shipping|Win32
		ShippingSingleExe|Win32 = ShippingSingleExe|Win32
		Spectator|Win32 = Spectator|Win32
		SpectatorDebug|Win32 = SpectatorDebug|Win32
		SpectatorRelease|Win32 = SpectatorRelease|Win32
		SpectatorSingleExe|Win32 = SpectatorSingleExe|Win32
	EndGlobalSection
	GlobalSection(ProjectConfigurationPlatforms) = postSolution
		{30332408-1405-4DC9-9C74-98FB32E71783}.Debug|Win32.ActiveCfg = Debug|Any CPU
		{30332408-1405-4DC9-9C74-98FB32E71783}.Debug|Win32.Build.0 = Debug|Any CPU
		{30332408-1405-4DC9-9C74-98FB32E71783}.Release|Win32.ActiveCfg = Release|Any CPU
		{30332408-1405-4DC9-9C74-98FB32E71783}.ReleaseSingleExe|Win32.ActiveCfg = Release|Any CPU
		{30332408-1405-4DC9-9C74-98FB32E71783}.Shipping|Win32.ActiveCfg = Release|Any CPU
		{30332408-1405-4DC9-9C74-98FB32E71783}.ShippingSingleExe|Win32.ActiveCfg = Release|Any CPU
		{30332408-1405-4DC9-9C74-98FB32E71783}.Spectator|Win32.ActiveCfg = Release|Any CPU
		{30332408-1405-4DC9-9C74-98FB32E71783}.SpectatorDebug|Win32.ActiveCfg = Debug|Any CPU
		{30332408-1405-4DC9-9C74-98FB32E71783}.SpectatorRelease|Win32.ActiveCfg = Release|Any CPU
		{30332408-1405-4DC9-9C74-98FB32E71783}.SpectatorSingleExe|Win32.ActiveCfg = Release|Any CPU
		{2369C873-8C70-4197-8CAB-67D34C9D5412}.Debug|Win32.ActiveCfg = Debug|Win32
		{2369C873-8C70-4197-8CAB-67D34C9D5412}.Debug|Win32.Build.0 = Debug|Win32
		{2369C873-8C70-4197-8CAB-67D34C9D5412}.Release|Win32.ActiveCfg = Release|Win32
		{2369C873-8C70-4197-8CAB-67D34C9D5412}.Release|Win32.Build.0 = Release|Win32
		{2369C873-8C70-4197-8CAB-67D34C9D5412}.ReleaseSingleExe|Win32.ActiveCfg = ReleaseSingleExe|Win32
		{2369C873-8C70-4197-8CAB-67D34C9D5412}.ReleaseSingleExe|Win32.Build.0 = ReleaseSingleExe|Win32
		{2369C873-8C70-4197-8CAB-67D34C9D5412}.Shipping|Win32.ActiveCfg = Shipping|Win32
		{2369C873-8C70-4197-8CAB-67D34C9D5412}.Shipping|Win32.Build.0 = Shipping|Win32
		{2369C873-8C70-4197-8CAB-67D34C9D5412}.ShippingSingleExe|Win32.ActiveCfg = ShippingSingleExe|Win32
		{2369C873-8C70-4197-8CAB-67D34C9D5412}.ShippingSingleExe|Win32.Build.0 = ShippingSingleExe|Win32
		{2369C873-8C70-4197-8CAB-67D34C9D5412}.Spectator|Win32.ActiveCfg = Spectator|Win32
		{2369C873-8C70-4197-8CAB-67D34C9D5412}.Spectator|Win32.Build.0 = Spectator|Win32
		{2369C873-8C70-4197-8CAB-67D34C9D5412}.SpectatorDebug|Win32.ActiveCfg = SpectatorDebug|Win32
		{2369C873-8C70-4197-8CAB-67D34C9D5412}.SpectatorDebug|Win32.Build.0 = SpectatorDebug|Win32
		{2369C873-8C70-4197-8CAB-67D34C9D5412}.SpectatorRelease|Win32.ActiveCfg = SpectatorRelease|Win32
		{2369C873-8C70-4197-8CAB-67D34C9D5412}.SpectatorRelease|Win32.Build.0 = SpectatorRelease|Win32
		{2369C873-8C70-4197-8CAB-67D34C9D5412}.SpectatorSingleExe|Win32.ActiveCfg = SpectatorSingleExe|Win32
		{2369C873-8C70-4197-8CAB-67D34C9D5412}.SpectatorSingleExe|Win32.Build.0 = SpectatorSingleExe|Win32
		{2D99C064-8D94-402F-AFB8-19FC429DF5C2}.Debug|Win32.ActiveCfg = Debug|Win32
		{2D99C064-8D94-402F-AFB8-19FC429DF5C2}.Debug|Win32.Build.0 = Debug|Win32
		{2D99C064-8D94-402F-AFB8-19FC429DF5C2}.Release|Win32.ActiveCfg = Release|Win32
		{2D99C064-8D94-402F-AFB8-19FC429DF5C2}.Release|Win32.Build.0 = Release|Win32
		{2D99C064-8D94-402F-AFB8-19FC429DF5C2}.ReleaseSingleExe|Win32.ActiveCfg = ReleaseSingleExe|Win32
		{2D99C064-8D94-402F-AFB8-19FC429DF5C2}.ReleaseSingleExe|Win32.Build.0 = ReleaseSingleExe|Win32
		{2D99C064-8D94-402F-AFB8-19FC429DF5C2}.Shipping|Win32.ActiveCfg = Shipping|Win32
		{2D99C064-8D94-402F-AFB8-19FC429DF5C2}.Shipping|Win32.Build.0 = Shipping|Win32
		{2D99C064-8D94-402F-AFB8-19FC429DF5C2}.ShippingSingleExe|Win32.ActiveCfg = ShippingSingleExe|Win32
		{2D99C064-8D94-402F-AFB8-19FC429DF5C2}.ShippingSingleExe|Win32.Build.0 = ShippingSingleExe|Win32
		{2D99C064-8D94-402F-AFB8-19FC429DF5C2}.Spectator|Win32.ActiveCfg = Spectator|Win32
		{2D99C064-8D94-402F-AFB8-19FC429DF5C2}.Spectator|Win32.Build.0 = Spectator|Win32
		{2D99C064-8D94-402F-AFB8-19FC429DF5C2}.SpectatorDebug|Win32.ActiveCfg = SpectatorDebug|Win32
		{2D99C064-8D94-402F-AFB8-19FC429DF5C2}.SpectatorDebug|Win32.Build.0 = SpectatorDebug|Win32
		{2D99C064-8D94-402F-AFB8-19FC429DF5C2}.SpectatorRelease|Win32.ActiveCfg = SpectatorRelease|Win32
		{2D99C064-8D94-402F-AFB8-19FC429DF5C2}.SpectatorRelease|Win32.Build.0 = SpectatorRelease|Win32
		{2D99C064-8D94-402F-AFB8-19FC429DF5C2}.SpectatorSingleExe|Win32.ActiveCfg = SpectatorSingleExe|Win32
		{2D99C064-8D94-402F-AFB8-19FC429DF5C2}.SpectatorSingleExe|Win32.Build.0 = SpectatorSingleExe|Win32
		{CB33BF48-712E-4EAB-8436-E64DC30CBCD7}.Debug|Win32.ActiveCfg = Debug|Win32
		{CB33BF48-712E-4EAB-8436-E64DC30CBCD7}.Debug|Win32.Build.0 = Debug|Win32
		{CB33BF48-712E-4EAB-8436-E64DC30CBCD7}.Release|Win32.ActiveCfg = Release|Win32
		{CB33BF48-712E-4EAB-8436-E64DC30CBCD7}.Release|Win32.Build.0 = Release|Win32
		{CB33BF48-712E-4EAB-8436-E64DC30CBCD7}.ReleaseSingleExe|Win32.ActiveCfg = ReleaseSingleExe|Win32
		{CB33BF48-712E-4EAB-8436-E64DC30CBCD7}.ReleaseSingleExe|Win32.Build.0 = ReleaseSingleExe|Win32
		{CB33BF48-712E-4EAB-8436-E64DC30CBCD7}.Shipping|Win32.ActiveCfg = Shipping|Win32
		{CB33BF48-712E-4EAB-8436-E64DC30CBCD7}.Shipping|Win32.Build.0 = Shipping|Win32
		{CB33BF48-712E-4EAB-8436-E64DC30CBCD7}.ShippingSingleExe|Win32.ActiveCfg = ShippingSingleExe|Win32
		{CB33BF48-712E-4EAB-8436-E64DC30CBCD7}.ShippingSingleExe|Win32.Build.0 = ShippingSingleExe|Win32
		{CB33BF48-712E-4EAB-8436-E64DC30CBCD7}.Spectator|Win32.ActiveCfg = Spectator|Win32
		{CB33BF48-712E-4EAB-8436-E64DC30CBCD7}.Spectator|Win32.Build.0 = Spectator|Win32
		{CB33BF48-712E-4EAB-8436-E64DC30CBCD7}.SpectatorDebug|Win32.ActiveCfg = SpectatorDebug|Win32
		{CB33BF48-712E-4EAB-8436-E64DC30CBCD7}.SpectatorDebug|Win32.Build.0 = SpectatorDebug|Win32
		{CB33BF48-712E-4EAB-8436-E64DC30CBCD7}.SpectatorRelease|Win32.ActiveCfg = SpectatorRelease|Win32
		{CB33BF48-712E-4EAB-8436-E64DC30CBCD7}.SpectatorRelease|Win32.Build.0 = SpectatorRelease|Win32
		{CB33BF48-712E-4EAB-8436-E64DC30CBCD7}.SpectatorSingleExe|Win32.ActiveCfg = SpectatorSingleExe|Win32
		{CB33BF48-712E-4EAB-8436-E64DC30CBCD7}.SpectatorSingleExe|Win32.Build.0 = SpectatorSingleExe|Win32
		{8F47D4BB-33C0-4266-BB4C-AFEAFCF4BDE9}.Debug|Win32.ActiveCfg = Debug|Win32
		{8F47D4BB-33C0-4266-BB4C-AFEAFCF4BDE9}.Debug|Win32.Build.0 = Debug|Win32
		{8F47D4BB-33C0-4266-BB4C-AFEAFCF4BDE9}.Release|Win32.ActiveCfg = Release|Win32
		{8F47D4BB-33C0-4266-BB4C-AFEAFCF4BDE9}.Release|Win32.Build.0 = Release|Win32
		{8F47D4BB-33C0-4266-BB4C-AFEAFCF4BDE9}.ReleaseSingleExe|Win32.ActiveCfg = ReleaseSingleExe|Win32
		{8F47D4BB-33C0-4266-BB4C-AFEAFCF4BDE9}.ReleaseSingleExe|Win32.Build.0 = ReleaseSingleExe|Win32
		{8F47D4BB-33C0-4266-BB4C-AFEAFCF4BDE9}.Shipping|Win32.ActiveCfg = Shipping|Win32
		{8F47D4BB-33C0-4266-BB4C-AFEAFCF4BDE9}.Shipping|Win32.Build.0 = Shipping|Win32
		{8F47D4BB-33C0-4266-BB4C-AFEAFCF4BDE9}.ShippingSingleExe|Win32.ActiveCfg = ShippingSingleExe|Win32
		{8F47D4BB-33C0-4266-BB4C-AFEAFCF4BDE9}.ShippingSingleExe|Win32.Build.0 = ShippingSingleExe|Win32
		{8F47D4BB-33C0-4266-BB4C-AFEAFCF4BDE9}.Spectator|Win32.ActiveCfg = Spectator|Win32
		{8F47D4BB-33C0-4266-BB4C-AFEAFCF4BDE9}.Spectator|Win32.Build.0 = Spectator|Win32
		{8F47D4BB-33C0-4266-BB4C-AFEAFCF4BDE9}.SpectatorDebug|Win32.ActiveCfg = SpectatorDebug|Win32
		{8F47D4BB-33C0-4266-BB4C-AFEAFCF4BDE9}.SpectatorDebug|Win32.Build.0 = SpectatorDebug|Win32
		{8F47D4BB-33C0-4266-BB4C-AFEAFCF4BDE9}.SpectatorRelease|Win32.ActiveCfg = SpectatorRelease|Win32
		{8F47D4BB-33C0-4266-BB4C-AFEAFCF4BDE9}.SpectatorRelease|Win32.Build.0 = SpectatorRelease|Win32
		{8F47D4BB-33C0-4266-BB4C-AFEAFCF4BDE9}.SpectatorSingleExe|Win32.ActiveCfg = SpectatorSingleExe|Win32
		{8F47D4BB-33C0-4266-BB4C-AFEAFCF4BDE9}.SpectatorSingleExe|Win32.Build.0 = SpectatorSingleExe|Win32
		{66E75FE1-7475-4096-B532-F8F8C033FE9A}.Debug|Win32.ActiveCfg = Debug|Win32
		{66E75FE1-7475-4096-B532-F8F8C033FE9A}.Debug|Win32.Build.0 = Debug|Win32
		{66E75FE1-7475-4096-B532-F8F8C033FE9A}.Release|Win32.ActiveCfg = Release|Win32
		{66E75FE1-7475-4096-B532-F8F8C033FE9A}.Release|Win32.Build.0 = Release|Win32
		{66E75FE1-7475-4096-B532-F8F8C033FE9A}.ReleaseSingleExe|Win32.ActiveCfg = ReleaseSingleExe|Win32
		{66E75FE1-7475-4096-B532-F8F8C033FE9A}.ReleaseSingleExe|Win32.Build.0 = ReleaseSingleExe|Win32
		{66E75FE1-7475-4096-B532-F8F8C033FE9A}.Shipping|Win32.ActiveCfg = Shipping|Win32
		{66E75FE1-7475-4096-B532-F8F8C033FE9A}.Shipping|Win32.Build.0 = Shipping|Win32
		{66E75FE1-7475-4096-B532-F8F8C033FE9A}.ShippingSingleExe|Win32.ActiveCfg = ShippingSingleExe|Win32
		{66E75FE1-7475-4096-B532-F8F8C033FE9A}.ShippingSingleExe|Win32.Build.0 = ShippingSingleExe|Win32
		{66E75FE1-7475-4096-B532-F8F8C033FE9A}.Spectator|Win32.ActiveCfg = Spectator|Win32
		{66E75FE1-7475-4096-B532-F8F8C033FE9A}.Spectator|Win32.Build.0 = Spectator|Win32
		{66E75FE1-7475-4096-B532-F8F8C033FE9A}.SpectatorDebug|Win32.ActiveCfg = SpectatorDebug|Win32
		{66E75FE1-7475-4096-B532-F8F8C033FE9A}.SpectatorDebug|Win32.Build.0 = SpectatorDebug|Win32
		{66E75FE1-7475-4096-B532-F8F8C033FE9A}.SpectatorRelease|Win32.ActiveCfg = SpectatorRelease|Win32
		{66E75FE1-7475-4096-B532-F8F8C033FE9A}.SpectatorRelease|Win32.Build.0 = SpectatorRelease|Win32
		{66E75FE1-7475-4096-B532-F8F8C033FE9A}.SpectatorSingleExe|Win32.ActiveCfg = SpectatorSingleExe|Win32
		{66E75FE1-7475-4096-B532-F8F8C033FE9A}.SpectatorSingleExe|Win32.Build.0 = SpectatorSingleExe|Win32
		{711E9848-CEF5-417A-A9EE-FFBED3A58156}.Debug|Win32.ActiveCfg = Debug|Win32
		{711E9848-CEF5-417A-A9EE-FFBED3A58156}.Debug|Win32.Build.0 = Debug|Win32
		{711E9848-CEF5-417A-A9EE-FFBED3A58156}.Release|Win32.ActiveCfg = Release|Win32
		{711E9848-CEF5-417A-A9EE-FFBED3A58156}.Release|Win32.Build.0 = Release|Win32
		{711E9848-CEF5-417A-A9EE-FFBED3A58156}.ReleaseSingleExe|Win32.ActiveCfg = ReleaseSingleExe|Win32
		{711E9848-CEF5-417A-A9EE-FFBED3A58156}.ReleaseSingleExe|Win32.Build.0 = ReleaseSingleExe|Win32
		{711E9848-CEF5-417A-A9EE-FFBED3A58156}.Shipping|Win32.ActiveCfg = ShippingSingleExe|Win32
		{711E9848-CEF5-417A-A9EE-FFBED3A58156}.Shipping|Win32.Build.0 = ShippingSingleExe|Win32
		{711E9848-CEF5-417A-A9EE-FFBED3A58156}.ShippingSingleExe|Win32.ActiveCfg = ShippingSingleExe|Win32
		{711E9848-CEF5-417A-A9EE-FFBED3A58156}.ShippingSingleExe|Win32.Build.0 = ShippingSingleExe|Win32
		{711E9848-CEF5-417A-A9EE-FFBED3A58156}.Spectator|Win32.ActiveCfg = Spectator|Win32
		{711E9848-CEF5-417A-A9EE-FFBED3A58156}.Spectator|Win32.Build.0 = Spectator|Win32
		{711E9848-CEF5-417A-A9EE-FFBED3A58156}.SpectatorDebug|Win32.ActiveCfg = SpectatorDebug|Win32
		{711E9848-CEF5-417A-A9EE-FFBED3A58156}.SpectatorDebug|Win32.Build.0 = SpectatorDebug|Win32
		{711E9848-CEF5-417A-A9EE-FFBED3A58156}.SpectatorRelease|Win32.ActiveCfg = SpectatorRelease|Win32
		{711E9848-CEF5-417A-A9EE-FFBED3A58156}.SpectatorRelease|Win32.Build.0 = SpectatorRelease|Win32
		{711E9848-CEF5-417A-A9EE-FFBED3A58156}.SpectatorSingleExe|Win32.ActiveCfg = SpectatorSingleExe|Win32
		{711E9848-CEF5-417A-A9EE-FFBED3A58156}.SpectatorSingleExe|Win32.Build.0 = SpectatorSingleExe|Win32
		{E1B1F76B-5499-4725-AB2C-A2F76356D684}.Debug|Win32.ActiveCfg = Debug|Win32
		{E1B1F76B-5499-4725-AB2C-A2F76356D684}.Debug|Win32.Build.0 = Debug|Win32
		{E1B1F76B-5499-4725-AB2C-A2F76356D684}.Release|Win32.ActiveCfg = Release|Win32
		{E1B1F76B-5499-4725-AB2C-A2F76356D684}.Release|Win32.Build.0 = Release|Win32
		{E1B1F76B-5499-4725-AB2C-A2F76356D684}.ReleaseSingleExe|Win32.ActiveCfg = ReleaseSingleExe|Win32
		{E1B1F76B-5499-4725-AB2C-A2F76356D684}.ReleaseSingleExe|Win32.Build.0 = ReleaseSingleExe|Win32
		{E1B1F76B-5499-4725-AB2C-A2F76356D684}.Shipping|Win32.ActiveCfg = ShippingSingleExe|Win32
		{E1B1F76B-5499-4725-AB2C-A2F76356D684}.Shipping|Win32.Build.0 = ShippingSingleExe|Win32
		{E1B1F76B-5499-4725-AB2C-A2F76356D684}.ShippingSingleExe|Win32.ActiveCfg = ShippingSingleExe|Win32
		{E1B1F76B-5499-4725-AB2C-A2F76356D684}.ShippingSingleExe|Win32.Build.0 = ShippingSingleExe|Win32
		{E1B1F76B-5499-4725-AB2C-A2F76356D684}.Spectator|Win32.ActiveCfg = Spectator|Win32
		{E1B1F76B-5499-4725-AB2C-A2F76356D684}.Spectator|Win32.Build.0 = Spectator|Win32
		{E1B1F76B-5499-4725-AB2C-A2F76356D684}.SpectatorDebug|Win32.ActiveCfg = SpectatorDebug|Win32
		{E1B1F76B-5499-4725-AB2C-A2F76356D684}.SpectatorDebug|Win32.Build.0 = SpectatorDebug|Win32
		{E1B1F76B-5499-4725-AB2C-A2F76356D684}.SpectatorRelease|Win32.ActiveCfg = SpectatorRelease|Win32
		{E1B1F76B-5499-4725-AB2C-A2F76356D684}.SpectatorRelease|Win32.Build.0 = SpectatorRelease|Win32
		{E1B1F76B-5499-4725-AB2C-A2F76356D684}.SpectatorSingleExe|Win32.ActiveCfg = SpectatorSingleExe|Win32
		{E1B1F76B-5499-4725-AB2C-A2F76356D684}.SpectatorSingleExe|Win32.Build.0 = SpectatorSingleExe|Win32
		{AEB9B15A-6C51-4B9B-8838-7254064A4E98}.Debug|Win32.ActiveCfg = Debug|Win32
		{AEB9B15A-6C51-4B9B-8838-7254064A4E98}.Debug|Win32.Build.0 = Debug|Win32
		{AEB9B15A-6C51-4B9B-8838-7254064A4E98}.Release|Win32.ActiveCfg = Release|Win32
		{AEB9B15A-6C51-4B9B-8838-7254064A4E98}.Release|Win32.Build.0 = Release|Win32
		{AEB9B15A-6C51-4B9B-8838-7254064A4E98}.ReleaseSingleExe|Win32.ActiveCfg = ReleaseSingleExe|Win32
		{AEB9B15A-6C51-4B9B-8838-7254064A4E98}.ReleaseSingleExe|Win32.Build.0 = ReleaseSingleExe|Win32
		{AEB9B15A-6C51-4B9B-8838-7254064A4E98}.Shipping|Win32.ActiveCfg = Shipping|Win32
		{AEB9B15A-6C51-4B9B-8838-7254064A4E98}.Shipping|Win32.Build.0 = Shipping|Win32
		{AEB9B15A-6C51-4B9B-8838-7254064A4E98}.ShippingSingleExe|Win32.ActiveCfg = ShippingSingleExe|Win32
		{AEB9B15A-6C51-4B9B-8838-7254064A4E98}.ShippingSingleExe|Win32.Build.0 = ShippingSingleExe|Win32
		{AEB9B15A-6C51-4B9B-8838-7254064A4E98}.Spectator|Win32.ActiveCfg = Spectator|Win32
		{AEB9B15A-6C51-4B9B-8838-7254064A4E98}.Spectator|Win32.Build.0 = Spectator|Win32
		{AEB9B15A-6C51-4B9B-8838-7254064A4E98}.SpectatorDebug|Win32.ActiveCfg = SpectatorDebug|Win32
		{AEB9B15A-6C51-4B9B-8838-7254064A4E98}.SpectatorDebug|Win32.Build.0 = SpectatorDebug|Win32
		{AEB9B15A-6C51-4B9B-8838-7254064A4E98}.SpectatorRelease|Win32.ActiveCfg = SpectatorRelease|Win32
		{AEB9B15A-6C51-4B9B-8838-7254064A4E98}.SpectatorRelease|Win32.Build.0 = SpectatorRelease|Win32
		{AEB9B15A-6C51-4B9B-8838-7254064A4E98}.SpectatorSingleExe|Win32.ActiveCfg = SpectatorSingleExe|Win32
		{AEB9B15A-6C51-4B9B-8838-7254064A4E98}.SpectatorSingleExe|Win32.Build.0 = SpectatorSingleExe|Win32
		{7398874F-AEA0-4A0E-8239-E3A6668A3712}.Debug|Win32.ActiveCfg = Debug|Win32
		{7398874F-AEA0-4A0E-8239-E3A6668A3712}.Debug|Win32.Build.0 = Debug|Win32
		{7398874F-AEA0-4A0E-8239-E3A6668A3712}.Release|Win32.ActiveCfg = Release|Win32
		{7398874F-AEA0-4A0E-8239-E3A6668A3712}.Release|Win32.Build.0 = Release|Win32
		{7398874F-AEA0-4A0E-8239-E3A6668A3712}.ReleaseSingleExe|Win32.ActiveCfg = ReleaseSingleExe|Win32
		{7398874F-AEA0-4A0E-8239-E3A6668A3712}.ReleaseSingleExe|Win32.Build.0 = ReleaseSingleExe|Win32
		{7398874F-AEA0-4A0E-8239-E3A6668A3712}.Shipping|Win32.ActiveCfg = Shipping|Win32
		{7398874F-AEA0-4A0E-8239-E3A6668A3712}.Shipping|Win32.Build.0 = Shipping|Win32
		{7398874F-AEA0-4A0E-8239-E3A6668A3712}.ShippingSingleExe|Win32.ActiveCfg = ShippingSingleExe|Win32
		{7398874F-AEA0-4A0E-8239-E3A6668A3712}.ShippingSingleExe|Win32.Build.0 = ShippingSingleExe|Win32
		{7398874F-AEA0-4A0E-8239-E3A6668A3712}.Spectator|Win32.ActiveCfg = Spectator|Win32
		{7398874F-AEA0-4A0E-8239-E3A6668A3712}.Spectator|Win32.Build.0 = Spectator|Win32
		{7398874F-AEA0-4A0E-8239-E3A6668A3712}.SpectatorDebug|Win32.ActiveCfg = SpectatorDebug|Win32
		{7398874F-AEA0-4A0E-8239-E3A6668A3712}.SpectatorDebug|Win32.Build.0 = SpectatorDebug|Win32
		{7398874F-AEA0-4A0E-8239-E3A6668A3712}.SpectatorRelease|Win32.ActiveCfg = SpectatorRelease|Win32
		{7398874F-AEA0-4A0E-8239-E3A6668A3712}.SpectatorRelease|Win32.Build.0 = SpectatorRelease|Win32
		{7398874F-AEA0-4A0E-8239-E3A6668A3712}.SpectatorSingleExe|Win32.ActiveCfg = SpectatorSingleExe|Win32
		{7398874F-AEA0-4A0E-8239-E3A6668A3712}.SpectatorSingleExe|Win32.Build.0 = SpectatorSingleExe|Win32
	EndGlobalSection
	GlobalSection(SolutionProperties) = preSolution
		HideSolutionNode = FALSE
	EndGlobalSection
EndGlobal
