
Microsoft Visual Studio Solution File, Format Version 10.00
# Visual Studio 2008
Project("{FAE04EC0-301F-11D3-BF4B-00C04F79EFBC}") = "PrimeWorld", "PrimeWorld\PrimeWorld.csproj", "{18E4D3C4-9A0B-448D-97FF-E9EFB86BFBDE}"
EndProject
Global
	GlobalSection(SolutionConfigurationPlatforms) = preSolution
		Debug|Any CPU = Debug|Any CPU
		Release|Any CPU = Release|Any CPU
	EndGlobalSection
	GlobalSection(ProjectConfigurationPlatforms) = postSolution
		{18E4D3C4-9A0B-448D-97FF-E9EFB86BFBDE}.Debug|Any CPU.ActiveCfg = Debug|Any CPU
		{18E4D3C4-9A0B-448D-97FF-E9EFB86BFBDE}.Debug|Any CPU.Build.0 = Debug|Any CPU
		{18E4D3C4-9A0B-448D-97FF-E9EFB86BFBDE}.Release|Any CPU.ActiveCfg = Release|Any CPU
		{18E4D3C4-9A0B-448D-97FF-E9EFB86BFBDE}.Release|Any CPU.Build.0 = Release|Any CPU
	EndGlobalSection
	GlobalSection(SolutionProperties) = preSolution
		HideSolutionNode = FALSE
	EndGlobalSection
EndGlobal
