
Microsoft Visual Studio Solution File, Format Version 10.00
# Visual Studio 2008
Project("{FAE04EC0-301F-11D3-BF4B-00C04F79EFBC}") = "PWLocalizator", "PWLocalizator\PWLocalizator.csproj", "{0510C06B-4C85-4103-85AE-AA457FA2E4AE}"
EndProject
Global
	GlobalSection(SolutionConfigurationPlatforms) = preSolution
		Debug|Any CPU = Debug|Any CPU
		Release|Any CPU = Release|Any CPU
	EndGlobalSection
	GlobalSection(ProjectConfigurationPlatforms) = postSolution
		{0510C06B-4C85-4103-85AE-AA457FA2E4AE}.Debug|Any CPU.ActiveCfg = Debug|Any CPU
		{0510C06B-4C85-4103-85AE-AA457FA2E4AE}.Debug|Any CPU.Build.0 = Debug|Any CPU
		{0510C06B-4C85-4103-85AE-AA457FA2E4AE}.Release|Any CPU.ActiveCfg = Release|Any CPU
		{0510C06B-4C85-4103-85AE-AA457FA2E4AE}.Release|Any CPU.Build.0 = Release|Any CPU
	EndGlobalSection
	GlobalSection(SolutionProperties) = preSolution
		HideSolutionNode = FALSE
	EndGlobalSection
EndGlobal
